// !$*UTF8*$!
{
	archiveVersion = 1;
	classes = {
	};
	objectVersion = 46;
	objects = {

/* Begin PBXBuildFile section */
		2C2433CB1C0E522B00D21771 /* App.cpp in Sources */ = {isa = PBXBuildFile; fileRef = 2C2433CA1C0E522B00D21771 /* App.cpp */; };
		2C2433CD1C0E524500D21771 /* Inflater.cpp in Sources */ = {isa = PBXBuildFile; fileRef = 2C2433CC1C0E524500D21771 /* Inflater.cpp */; };
		2C6512981C0A60F700D295F5 /* Foundation.framework in Frameworks */ = {isa = PBXBuildFile; fileRef = 2C6512971C0A60F700D295F5 /* Foundation.framework */; };
		2C65129A1C0A60F700D295F5 /* CoreGraphics.framework in Frameworks */ = {isa = PBXBuildFile; fileRef = 2C6512991C0A60F700D295F5 /* CoreGraphics.framework */; };
		2C65129C1C0A60F700D295F5 /* UIKit.framework in Frameworks */ = {isa = PBXBuildFile; fileRef = 2C65129B1C0A60F700D295F5 /* UIKit.framework */; };
		2C65129E1C0A60F700D295F5 /* GLKit.framework in Frameworks */ = {isa = PBXBuildFile; fileRef = 2C65129D1C0A60F700D295F5 /* GLKit.framework */; };
		2C6512A01C0A60F700D295F5 /* OpenGLES.framework in Frameworks */ = {isa = PBXBuildFile; fileRef = 2C65129F1C0A60F700D295F5 /* OpenGLES.framework */; };
		2C6512A61C0A60F700D295F5 /* InfoPlist.strings in Resources */ = {isa = PBXBuildFile; fileRef = 2C6512A41C0A60F700D295F5 /* InfoPlist.strings */; };
		2C6512AC1C0A60F700D295F5 /* AppDelegate.m in Sources */ = {isa = PBXBuildFile; fileRef = 2C6512AB1C0A60F700D295F5 /* AppDelegate.m */; };
		2C6512AF1C0A60F800D295F5 /* Main_iPhone.storyboard in Resources */ = {isa = PBXBuildFile; fileRef = 2C6512AD1C0A60F800D295F5 /* Main_iPhone.storyboard */; };
		2C6512B21C0A60F800D295F5 /* Main_iPad.storyboard in Resources */ = {isa = PBXBuildFile; fileRef = 2C6512B01C0A60F800D295F5 /* Main_iPad.storyboard */; };
		2C6512B41C0A60F800D295F5 /* Shader.fsh in Resources */ = {isa = PBXBuildFile; fileRef = 2C6512B31C0A60F800D295F5 /* Shader.fsh */; };
		2C6512B61C0A60F800D295F5 /* Shader.vsh in Resources */ = {isa = PBXBuildFile; fileRef = 2C6512B51C0A60F800D295F5 /* Shader.vsh */; };
		2C6512B91C0A60F800D295F5 /* ViewController.m in Sources */ = {isa = PBXBuildFile; fileRef = 2C6512B81C0A60F800D295F5 /* ViewController.m */; };
		2C6512BB1C0A60F800D295F5 /* Images.xcassets in Resources */ = {isa = PBXBuildFile; fileRef = 2C6512BA1C0A60F800D295F5 /* Images.xcassets */; };
		2C6512C21C0A60F800D295F5 /* XCTest.framework in Frameworks */ = {isa = PBXBuildFile; fileRef = 2C6512C11C0A60F800D295F5 /* XCTest.framework */; };
		2C6512C31C0A60F800D295F5 /* Foundation.framework in Frameworks */ = {isa = PBXBuildFile; fileRef = 2C6512971C0A60F700D295F5 /* Foundation.framework */; };
		2C6512C41C0A60F800D295F5 /* UIKit.framework in Frameworks */ = {isa = PBXBuildFile; fileRef = 2C65129B1C0A60F700D295F5 /* UIKit.framework */; };
		2C6512D91C0A629200D295F5 /* main.mm in Sources */ = {isa = PBXBuildFile; fileRef = 2C6512D81C0A629200D295F5 /* main.mm */; };
/* End PBXBuildFile section */

/* Begin PBXContainerItemProxy section */
		2C6512C51C0A60F800D295F5 /* PBXContainerItemProxy */ = {
			isa = PBXContainerItemProxy;
			containerPortal = 2C65128C1C0A60F700D295F5 /* Project object */;
			proxyType = 1;
			remoteGlobalIDString = 2C6512931C0A60F700D295F5;
			remoteInfo = morda_test;
		};
/* End PBXContainerItemProxy section */

/* Begin PBXFileReference section */
		2C2433CA1C0E522B00D21771 /* App.cpp */ = {isa = PBXFileReference; fileEncoding = 4; lastKnownFileType = sourcecode.cpp.cpp; name = App.cpp; path = ../../src/morda/App.cpp; sourceTree = "<group>"; };
		2C2433CC1C0E524500D21771 /* Inflater.cpp */ = {isa = PBXFileReference; fileEncoding = 4; lastKnownFileType = sourcecode.cpp.cpp; name = Inflater.cpp; path = ../../src/morda/Inflater.cpp; sourceTree = "<group>"; };
		2C6512941C0A60F700D295F5 /* morda_test.app */ = {isa = PBXFileReference; explicitFileType = wrapper.application; includeInIndex = 0; path = morda_test.app; sourceTree = BUILT_PRODUCTS_DIR; };
		2C6512971C0A60F700D295F5 /* Foundation.framework */ = {isa = PBXFileReference; lastKnownFileType = wrapper.framework; name = Foundation.framework; path = System/Library/Frameworks/Foundation.framework; sourceTree = SDKROOT; };
		2C6512991C0A60F700D295F5 /* CoreGraphics.framework */ = {isa = PBXFileReference; lastKnownFileType = wrapper.framework; name = CoreGraphics.framework; path = System/Library/Frameworks/CoreGraphics.framework; sourceTree = SDKROOT; };
		2C65129B1C0A60F700D295F5 /* UIKit.framework */ = {isa = PBXFileReference; lastKnownFileType = wrapper.framework; name = UIKit.framework; path = System/Library/Frameworks/UIKit.framework; sourceTree = SDKROOT; };
		2C65129D1C0A60F700D295F5 /* GLKit.framework */ = {isa = PBXFileReference; lastKnownFileType = wrapper.framework; name = GLKit.framework; path = System/Library/Frameworks/GLKit.framework; sourceTree = SDKROOT; };
		2C65129F1C0A60F700D295F5 /* OpenGLES.framework */ = {isa = PBXFileReference; lastKnownFileType = wrapper.framework; name = OpenGLES.framework; path = System/Library/Frameworks/OpenGLES.framework; sourceTree = SDKROOT; };
		2C6512A31C0A60F700D295F5 /* morda_test-Info.plist */ = {isa = PBXFileReference; lastKnownFileType = text.plist.xml; path = "morda_test-Info.plist"; sourceTree = "<group>"; };
		2C6512A51C0A60F700D295F5 /* en */ = {isa = PBXFileReference; lastKnownFileType = text.plist.strings; name = en; path = en.lproj/InfoPlist.strings; sourceTree = "<group>"; };
		2C6512A91C0A60F700D295F5 /* morda_test-Prefix.pch */ = {isa = PBXFileReference; lastKnownFileType = sourcecode.c.h; path = "morda_test-Prefix.pch"; sourceTree = "<group>"; };
		2C6512AA1C0A60F700D295F5 /* AppDelegate.h */ = {isa = PBXFileReference; lastKnownFileType = sourcecode.c.h; path = AppDelegate.h; sourceTree = "<group>"; };
		2C6512AB1C0A60F700D295F5 /* AppDelegate.m */ = {isa = PBXFileReference; lastKnownFileType = sourcecode.c.objc; path = AppDelegate.m; sourceTree = "<group>"; };
		2C6512AE1C0A60F800D295F5 /* Base */ = {isa = PBXFileReference; lastKnownFileType = file.storyboard; name = Base; path = Base.lproj/Main_iPhone.storyboard; sourceTree = "<group>"; };
		2C6512B11C0A60F800D295F5 /* Base */ = {isa = PBXFileReference; lastKnownFileType = file.storyboard; name = Base; path = Base.lproj/Main_iPad.storyboard; sourceTree = "<group>"; };
		2C6512B31C0A60F800D295F5 /* Shader.fsh */ = {isa = PBXFileReference; lastKnownFileType = sourcecode.glsl; name = Shader.fsh; path = Shaders/Shader.fsh; sourceTree = "<group>"; };
		2C6512B51C0A60F800D295F5 /* Shader.vsh */ = {isa = PBXFileReference; lastKnownFileType = sourcecode.glsl; name = Shader.vsh; path = Shaders/Shader.vsh; sourceTree = "<group>"; };
		2C6512B71C0A60F800D295F5 /* ViewController.h */ = {isa = PBXFileReference; lastKnownFileType = sourcecode.c.h; path = ViewController.h; sourceTree = "<group>"; };
		2C6512B81C0A60F800D295F5 /* ViewController.m */ = {isa = PBXFileReference; lastKnownFileType = sourcecode.c.objc; path = ViewController.m; sourceTree = "<group>"; };
		2C6512BA1C0A60F800D295F5 /* Images.xcassets */ = {isa = PBXFileReference; lastKnownFileType = folder.assetcatalog; path = Images.xcassets; sourceTree = "<group>"; };
		2C6512C01C0A60F800D295F5 /* morda_testTests.xctest */ = {isa = PBXFileReference; explicitFileType = wrapper.cfbundle; includeInIndex = 0; path = morda_testTests.xctest; sourceTree = BUILT_PRODUCTS_DIR; };
		2C6512C11C0A60F800D295F5 /* XCTest.framework */ = {isa = PBXFileReference; lastKnownFileType = wrapper.framework; name = XCTest.framework; path = Library/Frameworks/XCTest.framework; sourceTree = DEVELOPER_DIR; };
		2C6512D81C0A629200D295F5 /* main.mm */ = {isa = PBXFileReference; fileEncoding = 4; lastKnownFileType = sourcecode.cpp.objcpp; name = main.mm; path = ../../src/morda/glue/ios/main.mm; sourceTree = "<group>"; };
/* End PBXFileReference section */

/* Begin PBXFrameworksBuildPhase section */
		2C6512911C0A60F700D295F5 /* Frameworks */ = {
			isa = PBXFrameworksBuildPhase;
			buildActionMask = 2147483647;
			files = (
				2C6512A01C0A60F700D295F5 /* OpenGLES.framework in Frameworks */,
				2C65129A1C0A60F700D295F5 /* CoreGraphics.framework in Frameworks */,
				2C65129C1C0A60F700D295F5 /* UIKit.framework in Frameworks */,
				2C65129E1C0A60F700D295F5 /* GLKit.framework in Frameworks */,
				2C6512981C0A60F700D295F5 /* Foundation.framework in Frameworks */,
			);
			runOnlyForDeploymentPostprocessing = 0;
		};
		2C6512BD1C0A60F800D295F5 /* Frameworks */ = {
			isa = PBXFrameworksBuildPhase;
			buildActionMask = 2147483647;
			files = (
				2C6512C21C0A60F800D295F5 /* XCTest.framework in Frameworks */,
				2C6512C41C0A60F800D295F5 /* UIKit.framework in Frameworks */,
				2C6512C31C0A60F800D295F5 /* Foundation.framework in Frameworks */,
			);
			runOnlyForDeploymentPostprocessing = 0;
		};
/* End PBXFrameworksBuildPhase section */

/* Begin PBXGroup section */
		2C65128B1C0A60F700D295F5 = {
			isa = PBXGroup;
			children = (
				2C6512D71C0A626600D295F5 /* morda */,
				2C6512A11C0A60F700D295F5 /* morda_test */,
				2C6512961C0A60F700D295F5 /* Frameworks */,
				2C6512951C0A60F700D295F5 /* Products */,
			);
			sourceTree = "<group>";
		};
		2C6512951C0A60F700D295F5 /* Products */ = {
			isa = PBXGroup;
			children = (
				2C6512941C0A60F700D295F5 /* morda_test.app */,
				2C6512C01C0A60F800D295F5 /* morda_testTests.xctest */,
			);
			name = Products;
			sourceTree = "<group>";
		};
		2C6512961C0A60F700D295F5 /* Frameworks */ = {
			isa = PBXGroup;
			children = (
				2C6512971C0A60F700D295F5 /* Foundation.framework */,
				2C6512991C0A60F700D295F5 /* CoreGraphics.framework */,
				2C65129B1C0A60F700D295F5 /* UIKit.framework */,
				2C65129D1C0A60F700D295F5 /* GLKit.framework */,
				2C65129F1C0A60F700D295F5 /* OpenGLES.framework */,
				2C6512C11C0A60F800D295F5 /* XCTest.framework */,
			);
			name = Frameworks;
			sourceTree = "<group>";
		};
		2C6512A11C0A60F700D295F5 /* morda_test */ = {
			isa = PBXGroup;
			children = (
				2C6512AA1C0A60F700D295F5 /* AppDelegate.h */,
				2C6512AB1C0A60F700D295F5 /* AppDelegate.m */,
				2C6512AD1C0A60F800D295F5 /* Main_iPhone.storyboard */,
				2C6512B01C0A60F800D295F5 /* Main_iPad.storyboard */,
				2C6512B31C0A60F800D295F5 /* Shader.fsh */,
				2C6512B51C0A60F800D295F5 /* Shader.vsh */,
				2C6512B71C0A60F800D295F5 /* ViewController.h */,
				2C6512B81C0A60F800D295F5 /* ViewController.m */,
				2C6512BA1C0A60F800D295F5 /* Images.xcassets */,
				2C6512A21C0A60F700D295F5 /* Supporting Files */,
			);
			path = morda_test;
			sourceTree = "<group>";
		};
		2C6512A21C0A60F700D295F5 /* Supporting Files */ = {
			isa = PBXGroup;
			children = (
				2C6512A31C0A60F700D295F5 /* morda_test-Info.plist */,
				2C6512A41C0A60F700D295F5 /* InfoPlist.strings */,
				2C6512A91C0A60F700D295F5 /* morda_test-Prefix.pch */,
			);
			name = "Supporting Files";
			sourceTree = "<group>";
		};
		2C6512D71C0A626600D295F5 /* morda */ = {
			isa = PBXGroup;
			children = (
				2C2433CC1C0E524500D21771 /* Inflater.cpp */,
				2C2433CA1C0E522B00D21771 /* App.cpp */,
				2C6512D81C0A629200D295F5 /* main.mm */,
			);
			name = morda;
			sourceTree = "<group>";
		};
/* End PBXGroup section */

/* Begin PBXNativeTarget section */
		2C6512931C0A60F700D295F5 /* morda_test */ = {
			isa = PBXNativeTarget;
			buildConfigurationList = 2C6512D11C0A60F800D295F5 /* Build configuration list for PBXNativeTarget "morda_test" */;
			buildPhases = (
				2C6512901C0A60F700D295F5 /* Sources */,
				2C6512911C0A60F700D295F5 /* Frameworks */,
				2C6512921C0A60F700D295F5 /* Resources */,
			);
			buildRules = (
			);
			dependencies = (
			);
			name = morda_test;
			productName = morda_test;
			productReference = 2C6512941C0A60F700D295F5 /* morda_test.app */;
			productType = "com.apple.product-type.application";
		};
		2C6512BF1C0A60F800D295F5 /* morda_testTests */ = {
			isa = PBXNativeTarget;
			buildConfigurationList = 2C6512D41C0A60F800D295F5 /* Build configuration list for PBXNativeTarget "morda_testTests" */;
			buildPhases = (
				2C6512BC1C0A60F800D295F5 /* Sources */,
				2C6512BD1C0A60F800D295F5 /* Frameworks */,
				2C6512BE1C0A60F800D295F5 /* Resources */,
			);
			buildRules = (
			);
			dependencies = (
				2C6512C61C0A60F800D295F5 /* PBXTargetDependency */,
			);
			name = morda_testTests;
			productName = morda_testTests;
			productReference = 2C6512C01C0A60F800D295F5 /* morda_testTests.xctest */;
			productType = "com.apple.product-type.bundle.unit-test";
		};
/* End PBXNativeTarget section */

/* Begin PBXProject section */
		2C65128C1C0A60F700D295F5 /* Project object */ = {
			isa = PBXProject;
			attributes = {
				LastUpgradeCheck = 0710;
				ORGANIZATIONNAME = org.igagis;
				TargetAttributes = {
					2C6512BF1C0A60F800D295F5 = {
						TestTargetID = 2C6512931C0A60F700D295F5;
					};
				};
			};
			buildConfigurationList = 2C65128F1C0A60F700D295F5 /* Build configuration list for PBXProject "morda_test" */;
			compatibilityVersion = "Xcode 3.2";
			developmentRegion = English;
			hasScannedForEncodings = 0;
			knownRegions = (
				en,
				Base,
			);
			mainGroup = 2C65128B1C0A60F700D295F5;
			productRefGroup = 2C6512951C0A60F700D295F5 /* Products */;
			projectDirPath = "";
			projectRoot = "";
			targets = (
				2C6512931C0A60F700D295F5 /* morda_test */,
				2C6512BF1C0A60F800D295F5 /* morda_testTests */,
			);
		};
/* End PBXProject section */

/* Begin PBXResourcesBuildPhase section */
		2C6512921C0A60F700D295F5 /* Resources */ = {
			isa = PBXResourcesBuildPhase;
			buildActionMask = 2147483647;
			files = (
				2C6512B41C0A60F800D295F5 /* Shader.fsh in Resources */,
				2C6512B21C0A60F800D295F5 /* Main_iPad.storyboard in Resources */,
				2C6512AF1C0A60F800D295F5 /* Main_iPhone.storyboard in Resources */,
				2C6512BB1C0A60F800D295F5 /* Images.xcassets in Resources */,
				2C6512A61C0A60F700D295F5 /* InfoPlist.strings in Resources */,
				2C6512B61C0A60F800D295F5 /* Shader.vsh in Resources */,
			);
			runOnlyForDeploymentPostprocessing = 0;
		};
		2C6512BE1C0A60F800D295F5 /* Resources */ = {
			isa = PBXResourcesBuildPhase;
			buildActionMask = 2147483647;
			files = (
			);
			runOnlyForDeploymentPostprocessing = 0;
		};
/* End PBXResourcesBuildPhase section */

/* Begin PBXSourcesBuildPhase section */
		2C6512901C0A60F700D295F5 /* Sources */ = {
			isa = PBXSourcesBuildPhase;
			buildActionMask = 2147483647;
			files = (
				2C2433CD1C0E524500D21771 /* Inflater.cpp in Sources */,
				2C6512B91C0A60F800D295F5 /* ViewController.m in Sources */,
				2C2433CB1C0E522B00D21771 /* App.cpp in Sources */,
				2C6512D91C0A629200D295F5 /* main.mm in Sources */,
				2C6512AC1C0A60F700D295F5 /* AppDelegate.m in Sources */,
			);
			runOnlyForDeploymentPostprocessing = 0;
		};
		2C6512BC1C0A60F800D295F5 /* Sources */ = {
			isa = PBXSourcesBuildPhase;
			buildActionMask = 2147483647;
			files = (
			);
			runOnlyForDeploymentPostprocessing = 0;
		};
/* End PBXSourcesBuildPhase section */

/* Begin PBXTargetDependency section */
		2C6512C61C0A60F800D295F5 /* PBXTargetDependency */ = {
			isa = PBXTargetDependency;
			target = 2C6512931C0A60F700D295F5 /* morda_test */;
			targetProxy = 2C6512C51C0A60F800D295F5 /* PBXContainerItemProxy */;
		};
/* End PBXTargetDependency section */

/* Begin PBXVariantGroup section */
		2C6512A41C0A60F700D295F5 /* InfoPlist.strings */ = {
			isa = PBXVariantGroup;
			children = (
				2C6512A51C0A60F700D295F5 /* en */,
			);
			name = InfoPlist.strings;
			sourceTree = "<group>";
		};
		2C6512AD1C0A60F800D295F5 /* Main_iPhone.storyboard */ = {
			isa = PBXVariantGroup;
			children = (
				2C6512AE1C0A60F800D295F5 /* Base */,
			);
			name = Main_iPhone.storyboard;
			sourceTree = "<group>";
		};
		2C6512B01C0A60F800D295F5 /* Main_iPad.storyboard */ = {
			isa = PBXVariantGroup;
			children = (
				2C6512B11C0A60F800D295F5 /* Base */,
			);
			name = Main_iPad.storyboard;
			sourceTree = "<group>";
		};
/* End PBXVariantGroup section */

/* Begin XCBuildConfiguration section */
		2C6512CF1C0A60F800D295F5 /* Debug */ = {
			isa = XCBuildConfiguration;
			buildSettings = {
				ALWAYS_SEARCH_USER_PATHS = NO;
				CLANG_CXX_LANGUAGE_STANDARD = "gnu++0x";
				CLANG_CXX_LIBRARY = "libc++";
				CLANG_ENABLE_MODULES = YES;
				CLANG_ENABLE_OBJC_ARC = YES;
				CLANG_WARN_BOOL_CONVERSION = YES;
				CLANG_WARN_CONSTANT_CONVERSION = YES;
				CLANG_WARN_DIRECT_OBJC_ISA_USAGE = YES_ERROR;
				CLANG_WARN_EMPTY_BODY = YES;
				CLANG_WARN_ENUM_CONVERSION = YES;
				CLANG_WARN_INT_CONVERSION = YES;
				CLANG_WARN_OBJC_ROOT_CLASS = YES_ERROR;
				CLANG_WARN__DUPLICATE_METHOD_MATCH = YES;
				"CODE_SIGN_IDENTITY[sdk=iphoneos*]" = "iPhone Developer";
				COPY_PHASE_STRIP = NO;
				ENABLE_TESTABILITY = YES;
				GCC_C_LANGUAGE_STANDARD = gnu99;
				GCC_DYNAMIC_NO_PIC = NO;
				GCC_OPTIMIZATION_LEVEL = 0;
				GCC_PREPROCESSOR_DEFINITIONS = (
					"DEBUG=1",
					"$(inherited)",
				);
				GCC_SYMBOLS_PRIVATE_EXTERN = NO;
				GCC_WARN_64_TO_32_BIT_CONVERSION = YES;
				GCC_WARN_ABOUT_RETURN_TYPE = YES_ERROR;
				GCC_WARN_UNDECLARED_SELECTOR = YES;
				GCC_WARN_UNINITIALIZED_AUTOS = YES_AGGRESSIVE;
				GCC_WARN_UNUSED_FUNCTION = YES;
				GCC_WARN_UNUSED_VARIABLE = YES;
				IPHONEOS_DEPLOYMENT_TARGET = 7.1;
				ONLY_ACTIVE_ARCH = YES;
				SDKROOT = iphoneos;
				TARGETED_DEVICE_FAMILY = "1,2";
			};
			name = Debug;
		};
		2C6512D01C0A60F800D295F5 /* Release */ = {
			isa = XCBuildConfiguration;
			buildSettings = {
				ALWAYS_SEARCH_USER_PATHS = NO;
				CLANG_CXX_LANGUAGE_STANDARD = "gnu++0x";
				CLANG_CXX_LIBRARY = "libc++";
				CLANG_ENABLE_MODULES = YES;
				CLANG_ENABLE_OBJC_ARC = YES;
				CLANG_WARN_BOOL_CONVERSION = YES;
				CLANG_WARN_CONSTANT_CONVERSION = YES;
				CLANG_WARN_DIRECT_OBJC_ISA_USAGE = YES_ERROR;
				CLANG_WARN_EMPTY_BODY = YES;
				CLANG_WARN_ENUM_CONVERSION = YES;
				CLANG_WARN_INT_CONVERSION = YES;
				CLANG_WARN_OBJC_ROOT_CLASS = YES_ERROR;
				CLANG_WARN__DUPLICATE_METHOD_MATCH = YES;
				"CODE_SIGN_IDENTITY[sdk=iphoneos*]" = "iPhone Developer";
				COPY_PHASE_STRIP = YES;
				ENABLE_NS_ASSERTIONS = NO;
				GCC_C_LANGUAGE_STANDARD = gnu99;
				GCC_WARN_64_TO_32_BIT_CONVERSION = YES;
				GCC_WARN_ABOUT_RETURN_TYPE = YES_ERROR;
				GCC_WARN_UNDECLARED_SELECTOR = YES;
				GCC_WARN_UNINITIALIZED_AUTOS = YES_AGGRESSIVE;
				GCC_WARN_UNUSED_FUNCTION = YES;
				GCC_WARN_UNUSED_VARIABLE = YES;
				IPHONEOS_DEPLOYMENT_TARGET = 7.1;
				SDKROOT = iphoneos;
				TARGETED_DEVICE_FAMILY = "1,2";
				VALIDATE_PRODUCT = YES;
			};
			name = Release;
		};
		2C6512D21C0A60F800D295F5 /* Debug */ = {
			isa = XCBuildConfiguration;
			buildSettings = {
				ASSETCATALOG_COMPILER_APPICON_NAME = AppIcon;
				ASSETCATALOG_COMPILER_LAUNCHIMAGE_NAME = LaunchImage;
				GCC_PRECOMPILE_PREFIX_HEADER = YES;
				GCC_PREFIX_HEADER = "morda_test/morda_test-Prefix.pch";
				INFOPLIST_FILE = "morda_test/morda_test-Info.plist";
				PRODUCT_BUNDLE_IDENTIFIER = "org.igagis.${PRODUCT_NAME:rfc1034identifier}";
				PRODUCT_NAME = "$(TARGET_NAME)";
				WRAPPER_EXTENSION = app;
			};
			name = Debug;
		};
		2C6512D31C0A60F800D295F5 /* Release */ = {
			isa = XCBuildConfiguration;
			buildSettings = {
				ASSETCATALOG_COMPILER_APPICON_NAME = AppIcon;
				ASSETCATALOG_COMPILER_LAUNCHIMAGE_NAME = LaunchImage;
				GCC_PRECOMPILE_PREFIX_HEADER = YES;
				GCC_PREFIX_HEADER = "morda_test/morda_test-Prefix.pch";
				INFOPLIST_FILE = "morda_test/morda_test-Info.plist";
				PRODUCT_BUNDLE_IDENTIFIER = "org.igagis.${PRODUCT_NAME:rfc1034identifier}";
				PRODUCT_NAME = "$(TARGET_NAME)";
				WRAPPER_EXTENSION = app;
			};
			name = Release;
		};
		2C6512D51C0A60F800D295F5 /* Debug */ = {
			isa = XCBuildConfiguration;
			buildSettings = {
				BUNDLE_LOADER = "$(BUILT_PRODUCTS_DIR)/morda_test.app/morda_test";
				FRAMEWORK_SEARCH_PATHS = (
					"$(SDKROOT)/Developer/Library/Frameworks",
					"$(inherited)",
					"$(DEVELOPER_FRAMEWORKS_DIR)",
				);
				GCC_PRECOMPILE_PREFIX_HEADER = YES;
				GCC_PREFIX_HEADER = "morda_test/morda_test-Prefix.pch";
				GCC_PREPROCESSOR_DEFINITIONS = (
					"DEBUG=1",
					"$(inherited)",
				);
				INFOPLIST_FILE = "morda_testTests/morda_testTests-Info.plist";
				PRODUCT_NAME = "$(TARGET_NAME)";
				TEST_HOST = "$(BUNDLE_LOADER)";
				WRAPPER_EXTENSION = xctest;
			};
			name = Debug;
		};
		2C6512D61C0A60F800D295F5 /* Release */ = {
			isa = XCBuildConfiguration;
			buildSettings = {
				BUNDLE_LOADER = "$(BUILT_PRODUCTS_DIR)/morda_test.app/morda_test";
				FRAMEWORK_SEARCH_PATHS = (
					"$(SDKROOT)/Developer/Library/Frameworks",
					"$(inherited)",
					"$(DEVELOPER_FRAMEWORKS_DIR)",
				);
				GCC_PRECOMPILE_PREFIX_HEADER = YES;
				GCC_PREFIX_HEADER = "morda_test/morda_test-Prefix.pch";
				INFOPLIST_FILE = "morda_testTests/morda_testTests-Info.plist";
				PRODUCT_NAME = "$(TARGET_NAME)";
				TEST_HOST = "$(BUNDLE_LOADER)";
				WRAPPER_EXTENSION = xctest;
			};
			name = Release;
		};
/* End XCBuildConfiguration section */

/* Begin XCConfigurationList section */
		2C65128F1C0A60F700D295F5 /* Build configuration list for PBXProject "morda_test" */ = {
			isa = XCConfigurationList;
			buildConfigurations = (
				2C6512CF1C0A60F800D295F5 /* Debug */,
				2C6512D01C0A60F800D295F5 /* Release */,
			);
			defaultConfigurationIsVisible = 0;
			defaultConfigurationName = Release;
		};
		2C6512D11C0A60F800D295F5 /* Build configuration list for PBXNativeTarget "morda_test" */ = {
			isa = XCConfigurationList;
			buildConfigurations = (
				2C6512D21C0A60F800D295F5 /* Debug */,
				2C6512D31C0A60F800D295F5 /* Release */,
			);
			defaultConfigurationIsVisible = 0;
			defaultConfigurationName = Release;
		};
		2C6512D41C0A60F800D295F5 /* Build configuration list for PBXNativeTarget "morda_testTests" */ = {
			isa = XCConfigurationList;
			buildConfigurations = (
				2C6512D51C0A60F800D295F5 /* Debug */,
				2C6512D61C0A60F800D295F5 /* Release */,
			);
			defaultConfigurationIsVisible = 0;
			defaultConfigurationName = Release;
		};
/* End XCConfigurationList section */
	};
	rootObject = 2C65128C1C0A60F700D295F5 /* Project object */;
}
