
Microsoft Visual Studio Solution File, Format Version 12.00
# Visual Studio Express 2013 for Windows Desktop
VisualStudioVersion = 12.0.21005.1
MinimumVisualStudioVersion = 10.0.40219.1
Project("{8BC9CEB8-8B4A-11D0-8D11-00A0C91BC942}") = "morda", "morda\morda.vcxproj", "{60B1A3D5-E01C-4D88-9657-E6BE1BA9A66E}"
EndProject
Project("{8BC9CEB8-8B4A-11D0-8D11-00A0C91BC942}") = "stob", "..\..\stob\msvs_solution\stob\stob.vcxproj", "{762457C4-9C2E-4ED3-A7FE-0BC7E0079E01}"
EndProject
Project("{8BC9CEB8-8B4A-11D0-8D11-00A0C91BC942}") = "ting", "..\..\ting\msvs_solution\ting\ting.vcxproj", "{3D4F1751-0F6E-460C-8D66-4A6D3C802E86}"
EndProject
Project("{8BC9CEB8-8B4A-11D0-8D11-00A0C91BC942}") = "glew", "glew\glew.vcxproj", "{9BB6633F-032B-41D5-A6BA-0CFD498851C5}"
EndProject
Global
	GlobalSection(SolutionConfigurationPlatforms) = preSolution
		Debug|Win32 = Debug|Win32
		Release|Win32 = Release|Win32
	EndGlobalSection
	GlobalSection(ProjectConfigurationPlatforms) = postSolution
		{60B1A3D5-E01C-4D88-9657-E6BE1BA9A66E}.Debug|Win32.ActiveCfg = Debug|Win32
		{60B1A3D5-E01C-4D88-9657-E6BE1BA9A66E}.Debug|Win32.Build.0 = Debug|Win32
		{60B1A3D5-E01C-4D88-9657-E6BE1BA9A66E}.Release|Win32.ActiveCfg = Release|Win32
		{60B1A3D5-E01C-4D88-9657-E6BE1BA9A66E}.Release|Win32.Build.0 = Release|Win32
		{762457C4-9C2E-4ED3-A7FE-0BC7E0079E01}.Debug|Win32.ActiveCfg = Debug|Win32
		{762457C4-9C2E-4ED3-A7FE-0BC7E0079E01}.Debug|Win32.Build.0 = Debug|Win32
		{762457C4-9C2E-4ED3-A7FE-0BC7E0079E01}.Release|Win32.ActiveCfg = Release|Win32
		{762457C4-9C2E-4ED3-A7FE-0BC7E0079E01}.Release|Win32.Build.0 = Release|Win32
		{3D4F1751-0F6E-460C-8D66-4A6D3C802E86}.Debug|Win32.ActiveCfg = Debug|Win32
		{3D4F1751-0F6E-460C-8D66-4A6D3C802E86}.Debug|Win32.Build.0 = Debug|Win32
		{3D4F1751-0F6E-460C-8D66-4A6D3C802E86}.Release|Win32.ActiveCfg = Release|Win32
		{3D4F1751-0F6E-460C-8D66-4A6D3C802E86}.Release|Win32.Build.0 = Release|Win32
		{9BB6633F-032B-41D5-A6BA-0CFD498851C5}.Debug|Win32.ActiveCfg = Debug|Win32
		{9BB6633F-032B-41D5-A6BA-0CFD498851C5}.Debug|Win32.Build.0 = Debug|Win32
		{9BB6633F-032B-41D5-A6BA-0CFD498851C5}.Release|Win32.ActiveCfg = Release|Win32
		{9BB6633F-032B-41D5-A6BA-0CFD498851C5}.Release|Win32.Build.0 = Release|Win32
	EndGlobalSection
	GlobalSection(SolutionProperties) = preSolution
		HideSolutionNode = FALSE
	EndGlobalSection
EndGlobal
