// !$*UTF8*$!
{
	archiveVersion = 1;
	classes = {
	};
	objectVersion = 46;
	objects = {

/* Begin PBXBuildFile section */
		086D5B4B0BE9CDAADF5A9235 /* libPods-morda_test.a in Frameworks */ = {isa = PBXBuildFile; fileRef = 967293761C66B4EF58D038F6 /* libPods-morda_test.a */; };
		2C09D3E71D51121300DCE090 /* morda_res in Resources */ = {isa = PBXBuildFile; fileRef = 2C09D3E61D51121300DCE090 /* morda_res */; };
		2C547A781C2F2C1E0079154C /* main.cpp in Sources */ = {isa = PBXBuildFile; fileRef = 2C547A771C2F2C1E0079154C /* main.cpp */; };
		2C547A841C2F4E930079154C /* res in Resources */ = {isa = PBXBuildFile; fileRef = 2C547A831C2F4E930079154C /* res */; };
		2C6512981C0A60F700D295F5 /* Foundation.framework in Frameworks */ = {isa = PBXBuildFile; fileRef = 2C6512971C0A60F700D295F5 /* Foundation.framework */; };
		2C65129A1C0A60F700D295F5 /* CoreGraphics.framework in Frameworks */ = {isa = PBXBuildFile; fileRef = 2C6512991C0A60F700D295F5 /* CoreGraphics.framework */; };
		2C65129C1C0A60F700D295F5 /* UIKit.framework in Frameworks */ = {isa = PBXBuildFile; fileRef = 2C65129B1C0A60F700D295F5 /* UIKit.framework */; };
		2C65129E1C0A60F700D295F5 /* GLKit.framework in Frameworks */ = {isa = PBXBuildFile; fileRef = 2C65129D1C0A60F700D295F5 /* GLKit.framework */; };
		2C6512A01C0A60F700D295F5 /* OpenGLES.framework in Frameworks */ = {isa = PBXBuildFile; fileRef = 2C65129F1C0A60F700D295F5 /* OpenGLES.framework */; };
		2C6512A61C0A60F700D295F5 /* InfoPlist.strings in Resources */ = {isa = PBXBuildFile; fileRef = 2C6512A41C0A60F700D295F5 /* InfoPlist.strings */; };
		2C6512BB1C0A60F800D295F5 /* Images.xcassets in Resources */ = {isa = PBXBuildFile; fileRef = 2C6512BA1C0A60F800D295F5 /* Images.xcassets */; };
		2C6512C31C0A60F800D295F5 /* Foundation.framework in Frameworks */ = {isa = PBXBuildFile; fileRef = 2C6512971C0A60F700D295F5 /* Foundation.framework */; };
		2C6512C41C0A60F800D295F5 /* UIKit.framework in Frameworks */ = {isa = PBXBuildFile; fileRef = 2C65129B1C0A60F700D295F5 /* UIKit.framework */; };
		2C9352871D4FA90E00D58719 /* App.cpp in Sources */ = {isa = PBXBuildFile; fileRef = 2C9352761D4FA90E00D58719 /* App.cpp */; };
		2C93528C1D4FA90E00D58719 /* glue.mm in Sources */ = {isa = PBXBuildFile; fileRef = 2C9352801D4FA90E00D58719 /* glue.mm */; };
		2CB100F11E525A83007D33DA /* OpenGLES2Buffer.cpp in Sources */ = {isa = PBXBuildFile; fileRef = 2CB100D71E525A83007D33DA /* OpenGLES2Buffer.cpp */; };
		2CB100F21E525A83007D33DA /* OpenGLES2Factory.cpp in Sources */ = {isa = PBXBuildFile; fileRef = 2CB100D91E525A83007D33DA /* OpenGLES2Factory.cpp */; };
		2CB100F31E525A83007D33DA /* OpenGLES2FrameBuffer.cpp in Sources */ = {isa = PBXBuildFile; fileRef = 2CB100DB1E525A83007D33DA /* OpenGLES2FrameBuffer.cpp */; };
		2CB100F41E525A83007D33DA /* OpenGLES2IndexBuffer.cpp in Sources */ = {isa = PBXBuildFile; fileRef = 2CB100DD1E525A83007D33DA /* OpenGLES2IndexBuffer.cpp */; };
		2CB100F51E525A83007D33DA /* OpenGLES2Renderer.cpp in Sources */ = {isa = PBXBuildFile; fileRef = 2CB100DF1E525A83007D33DA /* OpenGLES2Renderer.cpp */; };
		2CB100F61E525A83007D33DA /* OpenGLES2Shader.cpp in Sources */ = {isa = PBXBuildFile; fileRef = 2CB100E11E525A83007D33DA /* OpenGLES2Shader.cpp */; };
		2CB100F71E525A83007D33DA /* OpenGLES2ShaderColorPos.cpp in Sources */ = {isa = PBXBuildFile; fileRef = 2CB100E31E525A83007D33DA /* OpenGLES2ShaderColorPos.cpp */; };
		2CB100F81E525A83007D33DA /* OpenGLES2ShaderColorPosTex.cpp in Sources */ = {isa = PBXBuildFile; fileRef = 2CB100E51E525A83007D33DA /* OpenGLES2ShaderColorPosTex.cpp */; };
		2CB100F91E525A83007D33DA /* OpenGLES2ShaderPosClr.cpp in Sources */ = {isa = PBXBuildFile; fileRef = 2CB100E71E525A83007D33DA /* OpenGLES2ShaderPosClr.cpp */; };
		2CB100FA1E525A83007D33DA /* OpenGLES2ShaderPosTex.cpp in Sources */ = {isa = PBXBuildFile; fileRef = 2CB100E91E525A83007D33DA /* OpenGLES2ShaderPosTex.cpp */; };
		2CB100FB1E525A83007D33DA /* OpenGLES2Texture2D.cpp in Sources */ = {isa = PBXBuildFile; fileRef = 2CB100EB1E525A83007D33DA /* OpenGLES2Texture2D.cpp */; };
		2CB100FC1E525A83007D33DA /* OpenGLES2VertexArray.cpp in Sources */ = {isa = PBXBuildFile; fileRef = 2CB100ED1E525A83007D33DA /* OpenGLES2VertexArray.cpp */; };
		2CB100FD1E525A83007D33DA /* OpenGLES2VertexBuffer.cpp in Sources */ = {isa = PBXBuildFile; fileRef = 2CB100EF1E525A83007D33DA /* OpenGLES2VertexBuffer.cpp */; };
		2CF2F7381F37B52F00DA0826 /* TexFont.cpp in Sources */ = {isa = PBXBuildFile; fileRef = 2CF2F6B01F37B52E00DA0826 /* TexFont.cpp */; };
		2CF2F7391F37B52F00DA0826 /* Inflater.cpp in Sources */ = {isa = PBXBuildFile; fileRef = 2CF2F6B21F37B52E00DA0826 /* Inflater.cpp */; };
		2CF2F73A1F37B52F00DA0826 /* Morda.cpp in Sources */ = {isa = PBXBuildFile; fileRef = 2CF2F6B41F37B52E00DA0826 /* Morda.cpp */; };
		2CF2F73B1F37B52F00DA0826 /* Renderer.cpp in Sources */ = {isa = PBXBuildFile; fileRef = 2CF2F6B91F37B52E00DA0826 /* Renderer.cpp */; };
		2CF2F73C1F37B52F00DA0826 /* RenderFactory.cpp in Sources */ = {isa = PBXBuildFile; fileRef = 2CF2F6BB1F37B52E00DA0826 /* RenderFactory.cpp */; };
		2CF2F73D1F37B52F00DA0826 /* Shader.cpp in Sources */ = {isa = PBXBuildFile; fileRef = 2CF2F6BD1F37B52E00DA0826 /* Shader.cpp */; };
		2CF2F73E1F37B52F00DA0826 /* Texture2D.cpp in Sources */ = {isa = PBXBuildFile; fileRef = 2CF2F6C31F37B52E00DA0826 /* Texture2D.cpp */; };
		2CF2F73F1F37B52F00DA0826 /* VertexArray.cpp in Sources */ = {isa = PBXBuildFile; fileRef = 2CF2F6C51F37B52E00DA0826 /* VertexArray.cpp */; };
		2CF2F7401F37B52F00DA0826 /* ResourceManager.cpp in Sources */ = {isa = PBXBuildFile; fileRef = 2CF2F6C81F37B52E00DA0826 /* ResourceManager.cpp */; };
		2CF2F7411F37B52F00DA0826 /* ResCursor.cpp in Sources */ = {isa = PBXBuildFile; fileRef = 2CF2F6CB1F37B52E00DA0826 /* ResCursor.cpp */; };
		2CF2F7421F37B52F00DA0826 /* ResFont.cpp in Sources */ = {isa = PBXBuildFile; fileRef = 2CF2F6CD1F37B52E00DA0826 /* ResFont.cpp */; };
		2CF2F7431F37B52F00DA0826 /* ResGradient.cpp in Sources */ = {isa = PBXBuildFile; fileRef = 2CF2F6CF1F37B52E00DA0826 /* ResGradient.cpp */; };
		2CF2F7441F37B52F00DA0826 /* ResImage.cpp in Sources */ = {isa = PBXBuildFile; fileRef = 2CF2F6D11F37B52E00DA0826 /* ResImage.cpp */; };
		2CF2F7451F37B52F00DA0826 /* ResNinePatch.cpp in Sources */ = {isa = PBXBuildFile; fileRef = 2CF2F6D31F37B52E00DA0826 /* ResNinePatch.cpp */; };
		2CF2F7461F37B52F00DA0826 /* ResSTOB.cpp in Sources */ = {isa = PBXBuildFile; fileRef = 2CF2F6D51F37B52E00DA0826 /* ResSTOB.cpp */; };
		2CF2F7471F37B52F00DA0826 /* ResTexture.cpp in Sources */ = {isa = PBXBuildFile; fileRef = 2CF2F6D71F37B52E00DA0826 /* ResTexture.cpp */; };
		2CF2F7481F37B52F00DA0826 /* Updateable.cpp in Sources */ = {isa = PBXBuildFile; fileRef = 2CF2F6D91F37B52E00DA0826 /* Updateable.cpp */; };
		2CF2F7491F37B52F00DA0826 /* Image.cpp in Sources */ = {isa = PBXBuildFile; fileRef = 2CF2F6DC1F37B52F00DA0826 /* Image.cpp */; };
		2CF2F74A1F37B52F00DA0826 /* ioapi.cpp in Sources */ = {isa = PBXBuildFile; fileRef = 2CF2F6E31F37B52F00DA0826 /* ioapi.cpp */; };
		2CF2F74B1F37B52F00DA0826 /* unzip.cpp in Sources */ = {isa = PBXBuildFile; fileRef = 2CF2F6E51F37B52F00DA0826 /* unzip.cpp */; };
		2CF2F74C1F37B52F00DA0826 /* util.cpp in Sources */ = {isa = PBXBuildFile; fileRef = 2CF2F6E71F37B52F00DA0826 /* util.cpp */; };
		2CF2F74D1F37B52F00DA0826 /* ZipFile.cpp in Sources */ = {isa = PBXBuildFile; fileRef = 2CF2F6E91F37B52F00DA0826 /* ZipFile.cpp */; };
		2CF2F74E1F37B52F00DA0826 /* BlendingWidget.cpp in Sources */ = {isa = PBXBuildFile; fileRef = 2CF2F6ED1F37B52F00DA0826 /* BlendingWidget.cpp */; };
		2CF2F74F1F37B52F00DA0826 /* ColorWidget.cpp in Sources */ = {isa = PBXBuildFile; fileRef = 2CF2F6EF1F37B52F00DA0826 /* ColorWidget.cpp */; };
		2CF2F7501F37B52F00DA0826 /* FractionWidget.cpp in Sources */ = {isa = PBXBuildFile; fileRef = 2CF2F6F11F37B52F00DA0826 /* FractionWidget.cpp */; };
		2CF2F7511F37B52F00DA0826 /* TextWidget.cpp in Sources */ = {isa = PBXBuildFile; fileRef = 2CF2F6F31F37B52F00DA0826 /* TextWidget.cpp */; };
		2CF2F7521F37B52F00DA0826 /* Button.cpp in Sources */ = {isa = PBXBuildFile; fileRef = 2CF2F6F61F37B52F00DA0826 /* Button.cpp */; };
		2CF2F7531F37B52F00DA0826 /* CheckBox.cpp in Sources */ = {isa = PBXBuildFile; fileRef = 2CF2F6F81F37B52F00DA0826 /* CheckBox.cpp */; };
		2CF2F7541F37B52F00DA0826 /* ChoiceButton.cpp in Sources */ = {isa = PBXBuildFile; fileRef = 2CF2F6FA1F37B52F00DA0826 /* ChoiceButton.cpp */; };
		2CF2F7551F37B52F00DA0826 /* ChoiceGroup.cpp in Sources */ = {isa = PBXBuildFile; fileRef = 2CF2F6FC1F37B52F00DA0826 /* ChoiceGroup.cpp */; };
		2CF2F7561F37B52F00DA0826 /* RadioButton.cpp in Sources */ = {isa = PBXBuildFile; fileRef = 2CF2F6FE1F37B52F00DA0826 /* RadioButton.cpp */; };
		2CF2F7571F37B52F00DA0826 /* SimpleButton.cpp in Sources */ = {isa = PBXBuildFile; fileRef = 2CF2F7001F37B52F00DA0826 /* SimpleButton.cpp */; };
		2CF2F7581F37B52F00DA0826 /* Container.cpp in Sources */ = {isa = PBXBuildFile; fileRef = 2CF2F7051F37B52F00DA0826 /* Container.cpp */; };
		2CF2F7591F37B52F00DA0826 /* LinearContainer.cpp in Sources */ = {isa = PBXBuildFile; fileRef = 2CF2F7071F37B52F00DA0826 /* LinearContainer.cpp */; };
		2CF2F75A1F37B52F00DA0826 /* Overlay.cpp in Sources */ = {isa = PBXBuildFile; fileRef = 2CF2F7091F37B52F00DA0826 /* Overlay.cpp */; };
		2CF2F75B1F37B52F00DA0826 /* Pile.cpp in Sources */ = {isa = PBXBuildFile; fileRef = 2CF2F70B1F37B52F00DA0826 /* Pile.cpp */; };
		2CF2F75C1F37B52F00DA0826 /* ScrollArea.cpp in Sources */ = {isa = PBXBuildFile; fileRef = 2CF2F70D1F37B52F00DA0826 /* ScrollArea.cpp */; };
		2CF2F75D1F37B52F00DA0826 /* Table.cpp in Sources */ = {isa = PBXBuildFile; fileRef = 2CF2F70F1F37B52F00DA0826 /* Table.cpp */; };
		2CF2F75E1F37B52F00DA0826 /* TableRow.cpp in Sources */ = {isa = PBXBuildFile; fileRef = 2CF2F7111F37B52F00DA0826 /* TableRow.cpp */; };
		2CF2F75F1F37B52F00DA0826 /* KeyProxy.cpp in Sources */ = {isa = PBXBuildFile; fileRef = 2CF2F7141F37B52F00DA0826 /* KeyProxy.cpp */; };
		2CF2F7601F37B52F00DA0826 /* MouseProxy.cpp in Sources */ = {isa = PBXBuildFile; fileRef = 2CF2F7161F37B52F00DA0826 /* MouseProxy.cpp */; };
		2CF2F7611F37B52F00DA0826 /* ResizeProxy.cpp in Sources */ = {isa = PBXBuildFile; fileRef = 2CF2F7181F37B52F00DA0826 /* ResizeProxy.cpp */; };
		2CF2F7621F37B52F00DA0826 /* Widget.cpp in Sources */ = {isa = PBXBuildFile; fileRef = 2CF2F71A1F37B52F00DA0826 /* Widget.cpp */; };
		2CF2F7631F37B52F00DA0826 /* DropDownSelector.cpp in Sources */ = {isa = PBXBuildFile; fileRef = 2CF2F71C1F37B52F00DA0826 /* DropDownSelector.cpp */; };
		2CF2F7641F37B52F00DA0826 /* ColorLabel.cpp in Sources */ = {isa = PBXBuildFile; fileRef = 2CF2F71F1F37B52F00DA0826 /* ColorLabel.cpp */; };
		2CF2F7651F37B52F00DA0826 /* ImageLabel.cpp in Sources */ = {isa = PBXBuildFile; fileRef = 2CF2F7211F37B52F00DA0826 /* ImageLabel.cpp */; };
		2CF2F7661F37B52F00DA0826 /* TextLabel.cpp in Sources */ = {isa = PBXBuildFile; fileRef = 2CF2F7231F37B52F00DA0826 /* TextLabel.cpp */; };
		2CF2F7671F37B52F00DA0826 /* List.cpp in Sources */ = {isa = PBXBuildFile; fileRef = 2CF2F7251F37B52F00DA0826 /* List.cpp */; };
		2CF2F7681F37B52F00DA0826 /* MouseCursor.cpp in Sources */ = {isa = PBXBuildFile; fileRef = 2CF2F7271F37B52F00DA0826 /* MouseCursor.cpp */; };
		2CF2F7691F37B52F00DA0826 /* NinePatch.cpp in Sources */ = {isa = PBXBuildFile; fileRef = 2CF2F7291F37B52F00DA0826 /* NinePatch.cpp */; };
		2CF2F76A1F37B52F00DA0826 /* Slider.cpp in Sources */ = {isa = PBXBuildFile; fileRef = 2CF2F72C1F37B52F00DA0826 /* Slider.cpp */; };
		2CF2F76B1F37B52F00DA0826 /* TextField.cpp in Sources */ = {isa = PBXBuildFile; fileRef = 2CF2F72E1F37B52F00DA0826 /* TextField.cpp */; };
		2CF2F76C1F37B52F00DA0826 /* TextInputArea.cpp in Sources */ = {isa = PBXBuildFile; fileRef = 2CF2F7301F37B52F00DA0826 /* TextInputArea.cpp */; };
		2CF2F76D1F37B52F00DA0826 /* TextInputLine.cpp in Sources */ = {isa = PBXBuildFile; fileRef = 2CF2F7321F37B52F00DA0826 /* TextInputLine.cpp */; };
		2CF2F76E1F37B52F00DA0826 /* TreeView.cpp in Sources */ = {isa = PBXBuildFile; fileRef = 2CF2F7341F37B52F00DA0826 /* TreeView.cpp */; };
		2CF2F76F1F37B52F00DA0826 /* Window.cpp in Sources */ = {isa = PBXBuildFile; fileRef = 2CF2F7361F37B52F00DA0826 /* Window.cpp */; };
/* End PBXBuildFile section */

/* Begin PBXContainerItemProxy section */
		2C6512C51C0A60F800D295F5 /* PBXContainerItemProxy */ = {
			isa = PBXContainerItemProxy;
			containerPortal = 2C65128C1C0A60F700D295F5 /* Project object */;
			proxyType = 1;
			remoteGlobalIDString = 2C6512931C0A60F700D295F5;
			remoteInfo = morda_test;
		};
/* End PBXContainerItemProxy section */

/* Begin PBXFileReference section */
		0874090BE77D2F5551D0E2EB /* Pods-morda_test.release.xcconfig */ = {isa = PBXFileReference; includeInIndex = 1; lastKnownFileType = text.xcconfig; name = "Pods-morda_test.release.xcconfig"; path = "Pods/Target Support Files/Pods-morda_test/Pods-morda_test.release.xcconfig"; sourceTree = "<group>"; };
		2C09D3E61D51121300DCE090 /* morda_res */ = {isa = PBXFileReference; lastKnownFileType = folder; name = morda_res; path = ../../res/morda_res; sourceTree = "<group>"; };
		2C547A771C2F2C1E0079154C /* main.cpp */ = {isa = PBXFileReference; fileEncoding = 4; lastKnownFileType = sourcecode.cpp.cpp; name = main.cpp; path = ../../tests/app/src/main.cpp; sourceTree = "<group>"; };
		2C547A831C2F4E930079154C /* res */ = {isa = PBXFileReference; lastKnownFileType = folder; name = res; path = ../../tests/app/res; sourceTree = "<group>"; };
		2C6512941C0A60F700D295F5 /* morda_test.app */ = {isa = PBXFileReference; explicitFileType = wrapper.application; includeInIndex = 0; path = morda_test.app; sourceTree = BUILT_PRODUCTS_DIR; };
		2C6512971C0A60F700D295F5 /* Foundation.framework */ = {isa = PBXFileReference; lastKnownFileType = wrapper.framework; name = Foundation.framework; path = System/Library/Frameworks/Foundation.framework; sourceTree = SDKROOT; };
		2C6512991C0A60F700D295F5 /* CoreGraphics.framework */ = {isa = PBXFileReference; lastKnownFileType = wrapper.framework; name = CoreGraphics.framework; path = System/Library/Frameworks/CoreGraphics.framework; sourceTree = SDKROOT; };
		2C65129B1C0A60F700D295F5 /* UIKit.framework */ = {isa = PBXFileReference; lastKnownFileType = wrapper.framework; name = UIKit.framework; path = System/Library/Frameworks/UIKit.framework; sourceTree = SDKROOT; };
		2C65129D1C0A60F700D295F5 /* GLKit.framework */ = {isa = PBXFileReference; lastKnownFileType = wrapper.framework; name = GLKit.framework; path = System/Library/Frameworks/GLKit.framework; sourceTree = SDKROOT; };
		2C65129F1C0A60F700D295F5 /* OpenGLES.framework */ = {isa = PBXFileReference; lastKnownFileType = wrapper.framework; name = OpenGLES.framework; path = System/Library/Frameworks/OpenGLES.framework; sourceTree = SDKROOT; };
		2C6512A31C0A60F700D295F5 /* morda_test-Info.plist */ = {isa = PBXFileReference; lastKnownFileType = text.plist.xml; path = "morda_test-Info.plist"; sourceTree = "<group>"; };
		2C6512A51C0A60F700D295F5 /* en */ = {isa = PBXFileReference; lastKnownFileType = text.plist.strings; name = en; path = en.lproj/InfoPlist.strings; sourceTree = "<group>"; };
		2C6512BA1C0A60F800D295F5 /* Images.xcassets */ = {isa = PBXFileReference; lastKnownFileType = folder.assetcatalog; path = Images.xcassets; sourceTree = "<group>"; };
		2C6512C01C0A60F800D295F5 /* morda_testTests.xctest */ = {isa = PBXFileReference; explicitFileType = wrapper.cfbundle; includeInIndex = 0; path = morda_testTests.xctest; sourceTree = BUILT_PRODUCTS_DIR; };
		2C9352761D4FA90E00D58719 /* App.cpp */ = {isa = PBXFileReference; fileEncoding = 4; lastKnownFileType = sourcecode.cpp.cpp; path = App.cpp; sourceTree = "<group>"; };
		2C9352771D4FA90E00D58719 /* App.hpp */ = {isa = PBXFileReference; fileEncoding = 4; lastKnownFileType = sourcecode.cpp.h; path = App.hpp; sourceTree = "<group>"; };
		2C9352781D4FA90E00D58719 /* AppFactory.hpp */ = {isa = PBXFileReference; fileEncoding = 4; lastKnownFileType = sourcecode.cpp.h; path = AppFactory.hpp; sourceTree = "<group>"; };
		2C9352801D4FA90E00D58719 /* glue.mm */ = {isa = PBXFileReference; fileEncoding = 4; lastKnownFileType = sourcecode.cpp.objcpp; path = glue.mm; sourceTree = "<group>"; };
		2CB100D61E525A83007D33DA /* OpenGLES2_util.hpp */ = {isa = PBXFileReference; fileEncoding = 4; lastKnownFileType = sourcecode.cpp.h; path = OpenGLES2_util.hpp; sourceTree = "<group>"; };
		2CB100D71E525A83007D33DA /* OpenGLES2Buffer.cpp */ = {isa = PBXFileReference; fileEncoding = 4; lastKnownFileType = sourcecode.cpp.cpp; path = OpenGLES2Buffer.cpp; sourceTree = "<group>"; };
		2CB100D81E525A83007D33DA /* OpenGLES2Buffer.hpp */ = {isa = PBXFileReference; fileEncoding = 4; lastKnownFileType = sourcecode.cpp.h; path = OpenGLES2Buffer.hpp; sourceTree = "<group>"; };
		2CB100D91E525A83007D33DA /* OpenGLES2Factory.cpp */ = {isa = PBXFileReference; fileEncoding = 4; lastKnownFileType = sourcecode.cpp.cpp; path = OpenGLES2Factory.cpp; sourceTree = "<group>"; };
		2CB100DA1E525A83007D33DA /* OpenGLES2Factory.hpp */ = {isa = PBXFileReference; fileEncoding = 4; lastKnownFileType = sourcecode.cpp.h; path = OpenGLES2Factory.hpp; sourceTree = "<group>"; };
		2CB100DB1E525A83007D33DA /* OpenGLES2FrameBuffer.cpp */ = {isa = PBXFileReference; fileEncoding = 4; lastKnownFileType = sourcecode.cpp.cpp; path = OpenGLES2FrameBuffer.cpp; sourceTree = "<group>"; };
		2CB100DC1E525A83007D33DA /* OpenGLES2FrameBuffer.hpp */ = {isa = PBXFileReference; fileEncoding = 4; lastKnownFileType = sourcecode.cpp.h; path = OpenGLES2FrameBuffer.hpp; sourceTree = "<group>"; };
		2CB100DD1E525A83007D33DA /* OpenGLES2IndexBuffer.cpp */ = {isa = PBXFileReference; fileEncoding = 4; lastKnownFileType = sourcecode.cpp.cpp; path = OpenGLES2IndexBuffer.cpp; sourceTree = "<group>"; };
		2CB100DE1E525A83007D33DA /* OpenGLES2IndexBuffer.hpp */ = {isa = PBXFileReference; fileEncoding = 4; lastKnownFileType = sourcecode.cpp.h; path = OpenGLES2IndexBuffer.hpp; sourceTree = "<group>"; };
		2CB100DF1E525A83007D33DA /* OpenGLES2Renderer.cpp */ = {isa = PBXFileReference; fileEncoding = 4; lastKnownFileType = sourcecode.cpp.cpp; path = OpenGLES2Renderer.cpp; sourceTree = "<group>"; };
		2CB100E01E525A83007D33DA /* OpenGLES2Renderer.hpp */ = {isa = PBXFileReference; fileEncoding = 4; lastKnownFileType = sourcecode.cpp.h; path = OpenGLES2Renderer.hpp; sourceTree = "<group>"; };
		2CB100E11E525A83007D33DA /* OpenGLES2Shader.cpp */ = {isa = PBXFileReference; fileEncoding = 4; lastKnownFileType = sourcecode.cpp.cpp; path = OpenGLES2Shader.cpp; sourceTree = "<group>"; };
		2CB100E21E525A83007D33DA /* OpenGLES2Shader.hpp */ = {isa = PBXFileReference; fileEncoding = 4; lastKnownFileType = sourcecode.cpp.h; path = OpenGLES2Shader.hpp; sourceTree = "<group>"; };
		2CB100E31E525A83007D33DA /* OpenGLES2ShaderColorPos.cpp */ = {isa = PBXFileReference; fileEncoding = 4; lastKnownFileType = sourcecode.cpp.cpp; path = OpenGLES2ShaderColorPos.cpp; sourceTree = "<group>"; };
		2CB100E41E525A83007D33DA /* OpenGLES2ShaderColorPos.hpp */ = {isa = PBXFileReference; fileEncoding = 4; lastKnownFileType = sourcecode.cpp.h; path = OpenGLES2ShaderColorPos.hpp; sourceTree = "<group>"; };
		2CB100E51E525A83007D33DA /* OpenGLES2ShaderColorPosTex.cpp */ = {isa = PBXFileReference; fileEncoding = 4; lastKnownFileType = sourcecode.cpp.cpp; path = OpenGLES2ShaderColorPosTex.cpp; sourceTree = "<group>"; };
		2CB100E61E525A83007D33DA /* OpenGLES2ShaderColorPosTex.hpp */ = {isa = PBXFileReference; fileEncoding = 4; lastKnownFileType = sourcecode.cpp.h; path = OpenGLES2ShaderColorPosTex.hpp; sourceTree = "<group>"; };
		2CB100E71E525A83007D33DA /* OpenGLES2ShaderPosClr.cpp */ = {isa = PBXFileReference; fileEncoding = 4; lastKnownFileType = sourcecode.cpp.cpp; path = OpenGLES2ShaderPosClr.cpp; sourceTree = "<group>"; };
		2CB100E81E525A83007D33DA /* OpenGLES2ShaderPosClr.hpp */ = {isa = PBXFileReference; fileEncoding = 4; lastKnownFileType = sourcecode.cpp.h; path = OpenGLES2ShaderPosClr.hpp; sourceTree = "<group>"; };
		2CB100E91E525A83007D33DA /* OpenGLES2ShaderPosTex.cpp */ = {isa = PBXFileReference; fileEncoding = 4; lastKnownFileType = sourcecode.cpp.cpp; path = OpenGLES2ShaderPosTex.cpp; sourceTree = "<group>"; };
		2CB100EA1E525A83007D33DA /* OpenGLES2ShaderPosTex.hpp */ = {isa = PBXFileReference; fileEncoding = 4; lastKnownFileType = sourcecode.cpp.h; path = OpenGLES2ShaderPosTex.hpp; sourceTree = "<group>"; };
		2CB100EB1E525A83007D33DA /* OpenGLES2Texture2D.cpp */ = {isa = PBXFileReference; fileEncoding = 4; lastKnownFileType = sourcecode.cpp.cpp; path = OpenGLES2Texture2D.cpp; sourceTree = "<group>"; };
		2CB100EC1E525A83007D33DA /* OpenGLES2Texture2D.hpp */ = {isa = PBXFileReference; fileEncoding = 4; lastKnownFileType = sourcecode.cpp.h; path = OpenGLES2Texture2D.hpp; sourceTree = "<group>"; };
		2CB100ED1E525A83007D33DA /* OpenGLES2VertexArray.cpp */ = {isa = PBXFileReference; fileEncoding = 4; lastKnownFileType = sourcecode.cpp.cpp; path = OpenGLES2VertexArray.cpp; sourceTree = "<group>"; };
		2CB100EE1E525A83007D33DA /* OpenGLES2VertexArray.hpp */ = {isa = PBXFileReference; fileEncoding = 4; lastKnownFileType = sourcecode.cpp.h; path = OpenGLES2VertexArray.hpp; sourceTree = "<group>"; };
		2CB100EF1E525A83007D33DA /* OpenGLES2VertexBuffer.cpp */ = {isa = PBXFileReference; fileEncoding = 4; lastKnownFileType = sourcecode.cpp.cpp; path = OpenGLES2VertexBuffer.cpp; sourceTree = "<group>"; };
		2CB100F01E525A83007D33DA /* OpenGLES2VertexBuffer.hpp */ = {isa = PBXFileReference; fileEncoding = 4; lastKnownFileType = sourcecode.cpp.h; path = OpenGLES2VertexBuffer.hpp; sourceTree = "<group>"; };
		2CF2F6AC1F37B52E00DA0826 /* config.hpp */ = {isa = PBXFileReference; fileEncoding = 4; lastKnownFileType = sourcecode.cpp.h; path = config.hpp; sourceTree = "<group>"; };
		2CF2F6AD1F37B52E00DA0826 /* Exc.hpp */ = {isa = PBXFileReference; fileEncoding = 4; lastKnownFileType = sourcecode.cpp.h; path = Exc.hpp; sourceTree = "<group>"; };
		2CF2F6AF1F37B52E00DA0826 /* Font.hpp */ = {isa = PBXFileReference; fileEncoding = 4; lastKnownFileType = sourcecode.cpp.h; path = Font.hpp; sourceTree = "<group>"; };
		2CF2F6B01F37B52E00DA0826 /* TexFont.cpp */ = {isa = PBXFileReference; fileEncoding = 4; lastKnownFileType = sourcecode.cpp.cpp; path = TexFont.cpp; sourceTree = "<group>"; };
		2CF2F6B11F37B52E00DA0826 /* TexFont.hpp */ = {isa = PBXFileReference; fileEncoding = 4; lastKnownFileType = sourcecode.cpp.h; path = TexFont.hpp; sourceTree = "<group>"; };
		2CF2F6B21F37B52E00DA0826 /* Inflater.cpp */ = {isa = PBXFileReference; fileEncoding = 4; lastKnownFileType = sourcecode.cpp.cpp; path = Inflater.cpp; sourceTree = "<group>"; };
		2CF2F6B31F37B52E00DA0826 /* Inflater.hpp */ = {isa = PBXFileReference; fileEncoding = 4; lastKnownFileType = sourcecode.cpp.h; path = Inflater.hpp; sourceTree = "<group>"; };
		2CF2F6B41F37B52E00DA0826 /* Morda.cpp */ = {isa = PBXFileReference; fileEncoding = 4; lastKnownFileType = sourcecode.cpp.cpp; path = Morda.cpp; sourceTree = "<group>"; };
		2CF2F6B51F37B52E00DA0826 /* Morda.hpp */ = {isa = PBXFileReference; fileEncoding = 4; lastKnownFileType = sourcecode.cpp.h; path = Morda.hpp; sourceTree = "<group>"; };
		2CF2F6B71F37B52E00DA0826 /* FrameBuffer.hpp */ = {isa = PBXFileReference; fileEncoding = 4; lastKnownFileType = sourcecode.cpp.h; path = FrameBuffer.hpp; sourceTree = "<group>"; };
		2CF2F6B81F37B52E00DA0826 /* IndexBuffer.hpp */ = {isa = PBXFileReference; fileEncoding = 4; lastKnownFileType = sourcecode.cpp.h; path = IndexBuffer.hpp; sourceTree = "<group>"; };
		2CF2F6B91F37B52E00DA0826 /* Renderer.cpp */ = {isa = PBXFileReference; fileEncoding = 4; lastKnownFileType = sourcecode.cpp.cpp; path = Renderer.cpp; sourceTree = "<group>"; };
		2CF2F6BA1F37B52E00DA0826 /* Renderer.hpp */ = {isa = PBXFileReference; fileEncoding = 4; lastKnownFileType = sourcecode.cpp.h; path = Renderer.hpp; sourceTree = "<group>"; };
		2CF2F6BB1F37B52E00DA0826 /* RenderFactory.cpp */ = {isa = PBXFileReference; fileEncoding = 4; lastKnownFileType = sourcecode.cpp.cpp; path = RenderFactory.cpp; sourceTree = "<group>"; };
		2CF2F6BC1F37B52E00DA0826 /* RenderFactory.hpp */ = {isa = PBXFileReference; fileEncoding = 4; lastKnownFileType = sourcecode.cpp.h; path = RenderFactory.hpp; sourceTree = "<group>"; };
		2CF2F6BD1F37B52E00DA0826 /* Shader.cpp */ = {isa = PBXFileReference; fileEncoding = 4; lastKnownFileType = sourcecode.cpp.cpp; path = Shader.cpp; sourceTree = "<group>"; };
		2CF2F6BE1F37B52E00DA0826 /* Shader.hpp */ = {isa = PBXFileReference; fileEncoding = 4; lastKnownFileType = sourcecode.cpp.h; path = Shader.hpp; sourceTree = "<group>"; };
		2CF2F6BF1F37B52E00DA0826 /* ShaderColorPos.hpp */ = {isa = PBXFileReference; fileEncoding = 4; lastKnownFileType = sourcecode.cpp.h; path = ShaderColorPos.hpp; sourceTree = "<group>"; };
		2CF2F6C01F37B52E00DA0826 /* ShaderColorPosTex.hpp */ = {isa = PBXFileReference; fileEncoding = 4; lastKnownFileType = sourcecode.cpp.h; path = ShaderColorPosTex.hpp; sourceTree = "<group>"; };
		2CF2F6C11F37B52E00DA0826 /* ShaderPosClr.hpp */ = {isa = PBXFileReference; fileEncoding = 4; lastKnownFileType = sourcecode.cpp.h; path = ShaderPosClr.hpp; sourceTree = "<group>"; };
		2CF2F6C21F37B52E00DA0826 /* ShaderPosTex.hpp */ = {isa = PBXFileReference; fileEncoding = 4; lastKnownFileType = sourcecode.cpp.h; path = ShaderPosTex.hpp; sourceTree = "<group>"; };
		2CF2F6C31F37B52E00DA0826 /* Texture2D.cpp */ = {isa = PBXFileReference; fileEncoding = 4; lastKnownFileType = sourcecode.cpp.cpp; path = Texture2D.cpp; sourceTree = "<group>"; };
		2CF2F6C41F37B52E00DA0826 /* Texture2D.hpp */ = {isa = PBXFileReference; fileEncoding = 4; lastKnownFileType = sourcecode.cpp.h; path = Texture2D.hpp; sourceTree = "<group>"; };
		2CF2F6C51F37B52E00DA0826 /* VertexArray.cpp */ = {isa = PBXFileReference; fileEncoding = 4; lastKnownFileType = sourcecode.cpp.cpp; path = VertexArray.cpp; sourceTree = "<group>"; };
		2CF2F6C61F37B52E00DA0826 /* VertexArray.hpp */ = {isa = PBXFileReference; fileEncoding = 4; lastKnownFileType = sourcecode.cpp.h; path = VertexArray.hpp; sourceTree = "<group>"; };
		2CF2F6C71F37B52E00DA0826 /* VertexBuffer.hpp */ = {isa = PBXFileReference; fileEncoding = 4; lastKnownFileType = sourcecode.cpp.h; path = VertexBuffer.hpp; sourceTree = "<group>"; };
		2CF2F6C81F37B52E00DA0826 /* ResourceManager.cpp */ = {isa = PBXFileReference; fileEncoding = 4; lastKnownFileType = sourcecode.cpp.cpp; path = ResourceManager.cpp; sourceTree = "<group>"; };
		2CF2F6C91F37B52E00DA0826 /* ResourceManager.hpp */ = {isa = PBXFileReference; fileEncoding = 4; lastKnownFileType = sourcecode.cpp.h; path = ResourceManager.hpp; sourceTree = "<group>"; };
		2CF2F6CB1F37B52E00DA0826 /* ResCursor.cpp */ = {isa = PBXFileReference; fileEncoding = 4; lastKnownFileType = sourcecode.cpp.cpp; path = ResCursor.cpp; sourceTree = "<group>"; };
		2CF2F6CC1F37B52E00DA0826 /* ResCursor.hpp */ = {isa = PBXFileReference; fileEncoding = 4; lastKnownFileType = sourcecode.cpp.h; path = ResCursor.hpp; sourceTree = "<group>"; };
		2CF2F6CD1F37B52E00DA0826 /* ResFont.cpp */ = {isa = PBXFileReference; fileEncoding = 4; lastKnownFileType = sourcecode.cpp.cpp; path = ResFont.cpp; sourceTree = "<group>"; };
		2CF2F6CE1F37B52E00DA0826 /* ResFont.hpp */ = {isa = PBXFileReference; fileEncoding = 4; lastKnownFileType = sourcecode.cpp.h; path = ResFont.hpp; sourceTree = "<group>"; };
		2CF2F6CF1F37B52E00DA0826 /* ResGradient.cpp */ = {isa = PBXFileReference; fileEncoding = 4; lastKnownFileType = sourcecode.cpp.cpp; path = ResGradient.cpp; sourceTree = "<group>"; };
		2CF2F6D01F37B52E00DA0826 /* ResGradient.hpp */ = {isa = PBXFileReference; fileEncoding = 4; lastKnownFileType = sourcecode.cpp.h; path = ResGradient.hpp; sourceTree = "<group>"; };
		2CF2F6D11F37B52E00DA0826 /* ResImage.cpp */ = {isa = PBXFileReference; fileEncoding = 4; lastKnownFileType = sourcecode.cpp.cpp; path = ResImage.cpp; sourceTree = "<group>"; };
		2CF2F6D21F37B52E00DA0826 /* ResImage.hpp */ = {isa = PBXFileReference; fileEncoding = 4; lastKnownFileType = sourcecode.cpp.h; path = ResImage.hpp; sourceTree = "<group>"; };
		2CF2F6D31F37B52E00DA0826 /* ResNinePatch.cpp */ = {isa = PBXFileReference; fileEncoding = 4; lastKnownFileType = sourcecode.cpp.cpp; path = ResNinePatch.cpp; sourceTree = "<group>"; };
		2CF2F6D41F37B52E00DA0826 /* ResNinePatch.hpp */ = {isa = PBXFileReference; fileEncoding = 4; lastKnownFileType = sourcecode.cpp.h; path = ResNinePatch.hpp; sourceTree = "<group>"; };
		2CF2F6D51F37B52E00DA0826 /* ResSTOB.cpp */ = {isa = PBXFileReference; fileEncoding = 4; lastKnownFileType = sourcecode.cpp.cpp; path = ResSTOB.cpp; sourceTree = "<group>"; };
		2CF2F6D61F37B52E00DA0826 /* ResSTOB.hpp */ = {isa = PBXFileReference; fileEncoding = 4; lastKnownFileType = sourcecode.cpp.h; path = ResSTOB.hpp; sourceTree = "<group>"; };
		2CF2F6D71F37B52E00DA0826 /* ResTexture.cpp */ = {isa = PBXFileReference; fileEncoding = 4; lastKnownFileType = sourcecode.cpp.cpp; path = ResTexture.cpp; sourceTree = "<group>"; };
		2CF2F6D81F37B52E00DA0826 /* ResTexture.hpp */ = {isa = PBXFileReference; fileEncoding = 4; lastKnownFileType = sourcecode.cpp.h; path = ResTexture.hpp; sourceTree = "<group>"; };
		2CF2F6D91F37B52E00DA0826 /* Updateable.cpp */ = {isa = PBXFileReference; fileEncoding = 4; lastKnownFileType = sourcecode.cpp.cpp; path = Updateable.cpp; sourceTree = "<group>"; };
		2CF2F6DA1F37B52F00DA0826 /* Updateable.hpp */ = {isa = PBXFileReference; fileEncoding = 4; lastKnownFileType = sourcecode.cpp.h; path = Updateable.hpp; sourceTree = "<group>"; };
		2CF2F6DC1F37B52F00DA0826 /* Image.cpp */ = {isa = PBXFileReference; fileEncoding = 4; lastKnownFileType = sourcecode.cpp.cpp; path = Image.cpp; sourceTree = "<group>"; };
		2CF2F6DD1F37B52F00DA0826 /* Image.hpp */ = {isa = PBXFileReference; fileEncoding = 4; lastKnownFileType = sourcecode.cpp.h; path = Image.hpp; sourceTree = "<group>"; };
		2CF2F6DE1F37B52F00DA0826 /* keycodes.hpp */ = {isa = PBXFileReference; fileEncoding = 4; lastKnownFileType = sourcecode.cpp.h; path = keycodes.hpp; sourceTree = "<group>"; };
		2CF2F6DF1F37B52F00DA0826 /* MouseButton.hpp */ = {isa = PBXFileReference; fileEncoding = 4; lastKnownFileType = sourcecode.cpp.h; path = MouseButton.hpp; sourceTree = "<group>"; };
		2CF2F6E01F37B52F00DA0826 /* Sides.hpp */ = {isa = PBXFileReference; fileEncoding = 4; lastKnownFileType = sourcecode.cpp.h; path = Sides.hpp; sourceTree = "<group>"; };
		2CF2F6E21F37B52F00DA0826 /* crypt.h */ = {isa = PBXFileReference; fileEncoding = 4; lastKnownFileType = sourcecode.c.h; path = crypt.h; sourceTree = "<group>"; };
		2CF2F6E31F37B52F00DA0826 /* ioapi.cpp */ = {isa = PBXFileReference; fileEncoding = 4; lastKnownFileType = sourcecode.cpp.cpp; path = ioapi.cpp; sourceTree = "<group>"; };
		2CF2F6E41F37B52F00DA0826 /* ioapi.h */ = {isa = PBXFileReference; fileEncoding = 4; lastKnownFileType = sourcecode.c.h; path = ioapi.h; sourceTree = "<group>"; };
		2CF2F6E51F37B52F00DA0826 /* unzip.cpp */ = {isa = PBXFileReference; fileEncoding = 4; lastKnownFileType = sourcecode.cpp.cpp; path = unzip.cpp; sourceTree = "<group>"; };
		2CF2F6E61F37B52F00DA0826 /* unzip.h */ = {isa = PBXFileReference; fileEncoding = 4; lastKnownFileType = sourcecode.c.h; path = unzip.h; sourceTree = "<group>"; };
		2CF2F6E71F37B52F00DA0826 /* util.cpp */ = {isa = PBXFileReference; fileEncoding = 4; lastKnownFileType = sourcecode.cpp.cpp; path = util.cpp; sourceTree = "<group>"; };
		2CF2F6E81F37B52F00DA0826 /* util.hpp */ = {isa = PBXFileReference; fileEncoding = 4; lastKnownFileType = sourcecode.cpp.h; path = util.hpp; sourceTree = "<group>"; };
		2CF2F6E91F37B52F00DA0826 /* ZipFile.cpp */ = {isa = PBXFileReference; fileEncoding = 4; lastKnownFileType = sourcecode.cpp.cpp; path = ZipFile.cpp; sourceTree = "<group>"; };
		2CF2F6EA1F37B52F00DA0826 /* ZipFile.hpp */ = {isa = PBXFileReference; fileEncoding = 4; lastKnownFileType = sourcecode.cpp.h; path = ZipFile.hpp; sourceTree = "<group>"; };
		2CF2F6ED1F37B52F00DA0826 /* BlendingWidget.cpp */ = {isa = PBXFileReference; fileEncoding = 4; lastKnownFileType = sourcecode.cpp.cpp; path = BlendingWidget.cpp; sourceTree = "<group>"; };
		2CF2F6EE1F37B52F00DA0826 /* BlendingWidget.hpp */ = {isa = PBXFileReference; fileEncoding = 4; lastKnownFileType = sourcecode.cpp.h; path = BlendingWidget.hpp; sourceTree = "<group>"; };
		2CF2F6EF1F37B52F00DA0826 /* ColorWidget.cpp */ = {isa = PBXFileReference; fileEncoding = 4; lastKnownFileType = sourcecode.cpp.cpp; path = ColorWidget.cpp; sourceTree = "<group>"; };
		2CF2F6F01F37B52F00DA0826 /* ColorWidget.hpp */ = {isa = PBXFileReference; fileEncoding = 4; lastKnownFileType = sourcecode.cpp.h; path = ColorWidget.hpp; sourceTree = "<group>"; };
		2CF2F6F11F37B52F00DA0826 /* FractionWidget.cpp */ = {isa = PBXFileReference; fileEncoding = 4; lastKnownFileType = sourcecode.cpp.cpp; path = FractionWidget.cpp; sourceTree = "<group>"; };
		2CF2F6F21F37B52F00DA0826 /* FractionWidget.hpp */ = {isa = PBXFileReference; fileEncoding = 4; lastKnownFileType = sourcecode.cpp.h; path = FractionWidget.hpp; sourceTree = "<group>"; };
		2CF2F6F31F37B52F00DA0826 /* TextWidget.cpp */ = {isa = PBXFileReference; fileEncoding = 4; lastKnownFileType = sourcecode.cpp.cpp; path = TextWidget.cpp; sourceTree = "<group>"; };
		2CF2F6F41F37B52F00DA0826 /* TextWidget.hpp */ = {isa = PBXFileReference; fileEncoding = 4; lastKnownFileType = sourcecode.cpp.h; path = TextWidget.hpp; sourceTree = "<group>"; };
		2CF2F6F61F37B52F00DA0826 /* Button.cpp */ = {isa = PBXFileReference; fileEncoding = 4; lastKnownFileType = sourcecode.cpp.cpp; path = Button.cpp; sourceTree = "<group>"; };
		2CF2F6F71F37B52F00DA0826 /* Button.hpp */ = {isa = PBXFileReference; fileEncoding = 4; lastKnownFileType = sourcecode.cpp.h; path = Button.hpp; sourceTree = "<group>"; };
		2CF2F6F81F37B52F00DA0826 /* CheckBox.cpp */ = {isa = PBXFileReference; fileEncoding = 4; lastKnownFileType = sourcecode.cpp.cpp; path = CheckBox.cpp; sourceTree = "<group>"; };
		2CF2F6F91F37B52F00DA0826 /* CheckBox.hpp */ = {isa = PBXFileReference; fileEncoding = 4; lastKnownFileType = sourcecode.cpp.h; path = CheckBox.hpp; sourceTree = "<group>"; };
		2CF2F6FA1F37B52F00DA0826 /* ChoiceButton.cpp */ = {isa = PBXFileReference; fileEncoding = 4; lastKnownFileType = sourcecode.cpp.cpp; path = ChoiceButton.cpp; sourceTree = "<group>"; };
		2CF2F6FB1F37B52F00DA0826 /* ChoiceButton.hpp */ = {isa = PBXFileReference; fileEncoding = 4; lastKnownFileType = sourcecode.cpp.h; path = ChoiceButton.hpp; sourceTree = "<group>"; };
		2CF2F6FC1F37B52F00DA0826 /* ChoiceGroup.cpp */ = {isa = PBXFileReference; fileEncoding = 4; lastKnownFileType = sourcecode.cpp.cpp; path = ChoiceGroup.cpp; sourceTree = "<group>"; };
		2CF2F6FD1F37B52F00DA0826 /* ChoiceGroup.hpp */ = {isa = PBXFileReference; fileEncoding = 4; lastKnownFileType = sourcecode.cpp.h; path = ChoiceGroup.hpp; sourceTree = "<group>"; };
		2CF2F6FE1F37B52F00DA0826 /* RadioButton.cpp */ = {isa = PBXFileReference; fileEncoding = 4; lastKnownFileType = sourcecode.cpp.cpp; path = RadioButton.cpp; sourceTree = "<group>"; };
		2CF2F6FF1F37B52F00DA0826 /* RadioButton.hpp */ = {isa = PBXFileReference; fileEncoding = 4; lastKnownFileType = sourcecode.cpp.h; path = RadioButton.hpp; sourceTree = "<group>"; };
		2CF2F7001F37B52F00DA0826 /* SimpleButton.cpp */ = {isa = PBXFileReference; fileEncoding = 4; lastKnownFileType = sourcecode.cpp.cpp; path = SimpleButton.cpp; sourceTree = "<group>"; };
		2CF2F7011F37B52F00DA0826 /* SimpleButton.hpp */ = {isa = PBXFileReference; fileEncoding = 4; lastKnownFileType = sourcecode.cpp.h; path = SimpleButton.hpp; sourceTree = "<group>"; };
		2CF2F7031F37B52F00DA0826 /* CharInputWidget.hpp */ = {isa = PBXFileReference; fileEncoding = 4; lastKnownFileType = sourcecode.cpp.h; path = CharInputWidget.hpp; sourceTree = "<group>"; };
		2CF2F7051F37B52F00DA0826 /* Container.cpp */ = {isa = PBXFileReference; fileEncoding = 4; lastKnownFileType = sourcecode.cpp.cpp; path = Container.cpp; sourceTree = "<group>"; };
		2CF2F7061F37B52F00DA0826 /* Container.hpp */ = {isa = PBXFileReference; fileEncoding = 4; lastKnownFileType = sourcecode.cpp.h; path = Container.hpp; sourceTree = "<group>"; };
		2CF2F7071F37B52F00DA0826 /* LinearContainer.cpp */ = {isa = PBXFileReference; fileEncoding = 4; lastKnownFileType = sourcecode.cpp.cpp; path = LinearContainer.cpp; sourceTree = "<group>"; };
		2CF2F7081F37B52F00DA0826 /* LinearContainer.hpp */ = {isa = PBXFileReference; fileEncoding = 4; lastKnownFileType = sourcecode.cpp.h; path = LinearContainer.hpp; sourceTree = "<group>"; };
		2CF2F7091F37B52F00DA0826 /* Overlay.cpp */ = {isa = PBXFileReference; fileEncoding = 4; lastKnownFileType = sourcecode.cpp.cpp; path = Overlay.cpp; sourceTree = "<group>"; };
		2CF2F70A1F37B52F00DA0826 /* Overlay.hpp */ = {isa = PBXFileReference; fileEncoding = 4; lastKnownFileType = sourcecode.cpp.h; path = Overlay.hpp; sourceTree = "<group>"; };
		2CF2F70B1F37B52F00DA0826 /* Pile.cpp */ = {isa = PBXFileReference; fileEncoding = 4; lastKnownFileType = sourcecode.cpp.cpp; path = Pile.cpp; sourceTree = "<group>"; };
		2CF2F70C1F37B52F00DA0826 /* Pile.hpp */ = {isa = PBXFileReference; fileEncoding = 4; lastKnownFileType = sourcecode.cpp.h; path = Pile.hpp; sourceTree = "<group>"; };
		2CF2F70D1F37B52F00DA0826 /* ScrollArea.cpp */ = {isa = PBXFileReference; fileEncoding = 4; lastKnownFileType = sourcecode.cpp.cpp; path = ScrollArea.cpp; sourceTree = "<group>"; };
		2CF2F70E1F37B52F00DA0826 /* ScrollArea.hpp */ = {isa = PBXFileReference; fileEncoding = 4; lastKnownFileType = sourcecode.cpp.h; path = ScrollArea.hpp; sourceTree = "<group>"; };
		2CF2F70F1F37B52F00DA0826 /* Table.cpp */ = {isa = PBXFileReference; fileEncoding = 4; lastKnownFileType = sourcecode.cpp.cpp; path = Table.cpp; sourceTree = "<group>"; };
		2CF2F7101F37B52F00DA0826 /* Table.hpp */ = {isa = PBXFileReference; fileEncoding = 4; lastKnownFileType = sourcecode.cpp.h; path = Table.hpp; sourceTree = "<group>"; };
		2CF2F7111F37B52F00DA0826 /* TableRow.cpp */ = {isa = PBXFileReference; fileEncoding = 4; lastKnownFileType = sourcecode.cpp.cpp; path = TableRow.cpp; sourceTree = "<group>"; };
		2CF2F7121F37B52F00DA0826 /* TableRow.hpp */ = {isa = PBXFileReference; fileEncoding = 4; lastKnownFileType = sourcecode.cpp.h; path = TableRow.hpp; sourceTree = "<group>"; };
		2CF2F7141F37B52F00DA0826 /* KeyProxy.cpp */ = {isa = PBXFileReference; fileEncoding = 4; lastKnownFileType = sourcecode.cpp.cpp; path = KeyProxy.cpp; sourceTree = "<group>"; };
		2CF2F7151F37B52F00DA0826 /* KeyProxy.hpp */ = {isa = PBXFileReference; fileEncoding = 4; lastKnownFileType = sourcecode.cpp.h; path = KeyProxy.hpp; sourceTree = "<group>"; };
		2CF2F7161F37B52F00DA0826 /* MouseProxy.cpp */ = {isa = PBXFileReference; fileEncoding = 4; lastKnownFileType = sourcecode.cpp.cpp; path = MouseProxy.cpp; sourceTree = "<group>"; };
		2CF2F7171F37B52F00DA0826 /* MouseProxy.hpp */ = {isa = PBXFileReference; fileEncoding = 4; lastKnownFileType = sourcecode.cpp.h; path = MouseProxy.hpp; sourceTree = "<group>"; };
		2CF2F7181F37B52F00DA0826 /* ResizeProxy.cpp */ = {isa = PBXFileReference; fileEncoding = 4; lastKnownFileType = sourcecode.cpp.cpp; path = ResizeProxy.cpp; sourceTree = "<group>"; };
		2CF2F7191F37B52F00DA0826 /* ResizeProxy.hpp */ = {isa = PBXFileReference; fileEncoding = 4; lastKnownFileType = sourcecode.cpp.h; path = ResizeProxy.hpp; sourceTree = "<group>"; };
		2CF2F71A1F37B52F00DA0826 /* Widget.cpp */ = {isa = PBXFileReference; fileEncoding = 4; lastKnownFileType = sourcecode.cpp.cpp; path = Widget.cpp; sourceTree = "<group>"; };
		2CF2F71B1F37B52F00DA0826 /* Widget.hpp */ = {isa = PBXFileReference; fileEncoding = 4; lastKnownFileType = sourcecode.cpp.h; path = Widget.hpp; sourceTree = "<group>"; };
		2CF2F71C1F37B52F00DA0826 /* DropDownSelector.cpp */ = {isa = PBXFileReference; fileEncoding = 4; lastKnownFileType = sourcecode.cpp.cpp; path = DropDownSelector.cpp; sourceTree = "<group>"; };
		2CF2F71D1F37B52F00DA0826 /* DropDownSelector.hpp */ = {isa = PBXFileReference; fileEncoding = 4; lastKnownFileType = sourcecode.cpp.h; path = DropDownSelector.hpp; sourceTree = "<group>"; };
		2CF2F71F1F37B52F00DA0826 /* ColorLabel.cpp */ = {isa = PBXFileReference; fileEncoding = 4; lastKnownFileType = sourcecode.cpp.cpp; path = ColorLabel.cpp; sourceTree = "<group>"; };
		2CF2F7201F37B52F00DA0826 /* ColorLabel.hpp */ = {isa = PBXFileReference; fileEncoding = 4; lastKnownFileType = sourcecode.cpp.h; path = ColorLabel.hpp; sourceTree = "<group>"; };
		2CF2F7211F37B52F00DA0826 /* ImageLabel.cpp */ = {isa = PBXFileReference; fileEncoding = 4; lastKnownFileType = sourcecode.cpp.cpp; path = ImageLabel.cpp; sourceTree = "<group>"; };
		2CF2F7221F37B52F00DA0826 /* ImageLabel.hpp */ = {isa = PBXFileReference; fileEncoding = 4; lastKnownFileType = sourcecode.cpp.h; path = ImageLabel.hpp; sourceTree = "<group>"; };
		2CF2F7231F37B52F00DA0826 /* TextLabel.cpp */ = {isa = PBXFileReference; fileEncoding = 4; lastKnownFileType = sourcecode.cpp.cpp; path = TextLabel.cpp; sourceTree = "<group>"; };
		2CF2F7241F37B52F00DA0826 /* TextLabel.hpp */ = {isa = PBXFileReference; fileEncoding = 4; lastKnownFileType = sourcecode.cpp.h; path = TextLabel.hpp; sourceTree = "<group>"; };
		2CF2F7251F37B52F00DA0826 /* List.cpp */ = {isa = PBXFileReference; fileEncoding = 4; lastKnownFileType = sourcecode.cpp.cpp; path = List.cpp; sourceTree = "<group>"; };
		2CF2F7261F37B52F00DA0826 /* List.hpp */ = {isa = PBXFileReference; fileEncoding = 4; lastKnownFileType = sourcecode.cpp.h; path = List.hpp; sourceTree = "<group>"; };
		2CF2F7271F37B52F00DA0826 /* MouseCursor.cpp */ = {isa = PBXFileReference; fileEncoding = 4; lastKnownFileType = sourcecode.cpp.cpp; path = MouseCursor.cpp; sourceTree = "<group>"; };
		2CF2F7281F37B52F00DA0826 /* MouseCursor.hpp */ = {isa = PBXFileReference; fileEncoding = 4; lastKnownFileType = sourcecode.cpp.h; path = MouseCursor.hpp; sourceTree = "<group>"; };
		2CF2F7291F37B52F00DA0826 /* NinePatch.cpp */ = {isa = PBXFileReference; fileEncoding = 4; lastKnownFileType = sourcecode.cpp.cpp; path = NinePatch.cpp; sourceTree = "<group>"; };
		2CF2F72A1F37B52F00DA0826 /* NinePatch.hpp */ = {isa = PBXFileReference; fileEncoding = 4; lastKnownFileType = sourcecode.cpp.h; path = NinePatch.hpp; sourceTree = "<group>"; };
		2CF2F72C1F37B52F00DA0826 /* Slider.cpp */ = {isa = PBXFileReference; fileEncoding = 4; lastKnownFileType = sourcecode.cpp.cpp; path = Slider.cpp; sourceTree = "<group>"; };
		2CF2F72D1F37B52F00DA0826 /* Slider.hpp */ = {isa = PBXFileReference; fileEncoding = 4; lastKnownFileType = sourcecode.cpp.h; path = Slider.hpp; sourceTree = "<group>"; };
		2CF2F72E1F37B52F00DA0826 /* TextField.cpp */ = {isa = PBXFileReference; fileEncoding = 4; lastKnownFileType = sourcecode.cpp.cpp; path = TextField.cpp; sourceTree = "<group>"; };
		2CF2F72F1F37B52F00DA0826 /* TextField.hpp */ = {isa = PBXFileReference; fileEncoding = 4; lastKnownFileType = sourcecode.cpp.h; path = TextField.hpp; sourceTree = "<group>"; };
		2CF2F7301F37B52F00DA0826 /* TextInputArea.cpp */ = {isa = PBXFileReference; fileEncoding = 4; lastKnownFileType = sourcecode.cpp.cpp; path = TextInputArea.cpp; sourceTree = "<group>"; };
		2CF2F7311F37B52F00DA0826 /* TextInputArea.hpp */ = {isa = PBXFileReference; fileEncoding = 4; lastKnownFileType = sourcecode.cpp.h; path = TextInputArea.hpp; sourceTree = "<group>"; };
		2CF2F7321F37B52F00DA0826 /* TextInputLine.cpp */ = {isa = PBXFileReference; fileEncoding = 4; lastKnownFileType = sourcecode.cpp.cpp; path = TextInputLine.cpp; sourceTree = "<group>"; };
		2CF2F7331F37B52F00DA0826 /* TextInputLine.hpp */ = {isa = PBXFileReference; fileEncoding = 4; lastKnownFileType = sourcecode.cpp.h; path = TextInputLine.hpp; sourceTree = "<group>"; };
		2CF2F7341F37B52F00DA0826 /* TreeView.cpp */ = {isa = PBXFileReference; fileEncoding = 4; lastKnownFileType = sourcecode.cpp.cpp; path = TreeView.cpp; sourceTree = "<group>"; };
		2CF2F7351F37B52F00DA0826 /* TreeView.hpp */ = {isa = PBXFileReference; fileEncoding = 4; lastKnownFileType = sourcecode.cpp.h; path = TreeView.hpp; sourceTree = "<group>"; };
		2CF2F7361F37B52F00DA0826 /* Window.cpp */ = {isa = PBXFileReference; fileEncoding = 4; lastKnownFileType = sourcecode.cpp.cpp; path = Window.cpp; sourceTree = "<group>"; };
		2CF2F7371F37B52F00DA0826 /* Window.hpp */ = {isa = PBXFileReference; fileEncoding = 4; lastKnownFileType = sourcecode.cpp.h; path = Window.hpp; sourceTree = "<group>"; };
		967293761C66B4EF58D038F6 /* libPods-morda_test.a */ = {isa = PBXFileReference; explicitFileType = archive.ar; includeInIndex = 0; path = "libPods-morda_test.a"; sourceTree = BUILT_PRODUCTS_DIR; };
		BD9938C87FEF8F2061DB3891 /* Pods-morda_test.debug.xcconfig */ = {isa = PBXFileReference; includeInIndex = 1; lastKnownFileType = text.xcconfig; name = "Pods-morda_test.debug.xcconfig"; path = "Pods/Target Support Files/Pods-morda_test/Pods-morda_test.debug.xcconfig"; sourceTree = "<group>"; };
/* End PBXFileReference section */

/* Begin PBXFrameworksBuildPhase section */
		2C6512911C0A60F700D295F5 /* Frameworks */ = {
			isa = PBXFrameworksBuildPhase;
			buildActionMask = 2147483647;
			files = (
				2C6512A01C0A60F700D295F5 /* OpenGLES.framework in Frameworks */,
				2C65129A1C0A60F700D295F5 /* CoreGraphics.framework in Frameworks */,
				2C65129C1C0A60F700D295F5 /* UIKit.framework in Frameworks */,
				2C65129E1C0A60F700D295F5 /* GLKit.framework in Frameworks */,
				2C6512981C0A60F700D295F5 /* Foundation.framework in Frameworks */,
				086D5B4B0BE9CDAADF5A9235 /* libPods-morda_test.a in Frameworks */,
			);
			runOnlyForDeploymentPostprocessing = 0;
		};
		2C6512BD1C0A60F800D295F5 /* Frameworks */ = {
			isa = PBXFrameworksBuildPhase;
			buildActionMask = 2147483647;
			files = (
				2C6512C41C0A60F800D295F5 /* UIKit.framework in Frameworks */,
				2C6512C31C0A60F800D295F5 /* Foundation.framework in Frameworks */,
			);
			runOnlyForDeploymentPostprocessing = 0;
		};
/* End PBXFrameworksBuildPhase section */

/* Begin PBXGroup section */
		2C65128B1C0A60F700D295F5 = {
			isa = PBXGroup;
			children = (
				2C6512A11C0A60F700D295F5 /* morda_test */,
				2C6512961C0A60F700D295F5 /* Frameworks */,
				2C6512951C0A60F700D295F5 /* Products */,
				9159E506000EE6739E81F6BD /* Pods */,
			);
			sourceTree = "<group>";
		};
		2C6512951C0A60F700D295F5 /* Products */ = {
			isa = PBXGroup;
			children = (
				2C6512941C0A60F700D295F5 /* morda_test.app */,
				2C6512C01C0A60F800D295F5 /* morda_testTests.xctest */,
			);
			name = Products;
			sourceTree = "<group>";
		};
		2C6512961C0A60F700D295F5 /* Frameworks */ = {
			isa = PBXGroup;
			children = (
				2C6512971C0A60F700D295F5 /* Foundation.framework */,
				2C6512991C0A60F700D295F5 /* CoreGraphics.framework */,
				2C65129B1C0A60F700D295F5 /* UIKit.framework */,
				2C65129D1C0A60F700D295F5 /* GLKit.framework */,
				2C65129F1C0A60F700D295F5 /* OpenGLES.framework */,
				967293761C66B4EF58D038F6 /* libPods-morda_test.a */,
			);
			name = Frameworks;
			sourceTree = "<group>";
		};
		2C6512A11C0A60F700D295F5 /* morda_test */ = {
			isa = PBXGroup;
			children = (
				2CF2F6AB1F37B52E00DA0826 /* morda */,
				2CB100D51E525A83007D33DA /* mordaren */,
				2C9352751D4FA90E00D58719 /* mordavokne */,
				2C09D3E61D51121300DCE090 /* morda_res */,
				2C547A831C2F4E930079154C /* res */,
				2C547A771C2F2C1E0079154C /* main.cpp */,
				2C6512BA1C0A60F800D295F5 /* Images.xcassets */,
				2C6512A21C0A60F700D295F5 /* Supporting Files */,
			);
			path = morda_test;
			sourceTree = "<group>";
		};
		2C6512A21C0A60F700D295F5 /* Supporting Files */ = {
			isa = PBXGroup;
			children = (
				2C6512A31C0A60F700D295F5 /* morda_test-Info.plist */,
				2C6512A41C0A60F700D295F5 /* InfoPlist.strings */,
			);
			name = "Supporting Files";
			sourceTree = "<group>";
		};
		2C9352751D4FA90E00D58719 /* mordavokne */ = {
			isa = PBXGroup;
			children = (
				2C9352761D4FA90E00D58719 /* App.cpp */,
				2C9352771D4FA90E00D58719 /* App.hpp */,
				2C9352781D4FA90E00D58719 /* AppFactory.hpp */,
				2C9352791D4FA90E00D58719 /* glue */,
			);
			name = mordavokne;
			path = ../../tests/app/src/mordavokne;
			sourceTree = "<group>";
		};
		2C9352791D4FA90E00D58719 /* glue */ = {
			isa = PBXGroup;
			children = (
				2C93527F1D4FA90E00D58719 /* ios */,
			);
			path = glue;
			sourceTree = "<group>";
		};
		2C93527F1D4FA90E00D58719 /* ios */ = {
			isa = PBXGroup;
			children = (
				2C9352801D4FA90E00D58719 /* glue.mm */,
			);
			path = ios;
			sourceTree = "<group>";
		};
		2CB100D51E525A83007D33DA /* mordaren */ = {
			isa = PBXGroup;
			children = (
				2CB100D61E525A83007D33DA /* OpenGLES2_util.hpp */,
				2CB100D71E525A83007D33DA /* OpenGLES2Buffer.cpp */,
				2CB100D81E525A83007D33DA /* OpenGLES2Buffer.hpp */,
				2CB100D91E525A83007D33DA /* OpenGLES2Factory.cpp */,
				2CB100DA1E525A83007D33DA /* OpenGLES2Factory.hpp */,
				2CB100DB1E525A83007D33DA /* OpenGLES2FrameBuffer.cpp */,
				2CB100DC1E525A83007D33DA /* OpenGLES2FrameBuffer.hpp */,
				2CB100DD1E525A83007D33DA /* OpenGLES2IndexBuffer.cpp */,
				2CB100DE1E525A83007D33DA /* OpenGLES2IndexBuffer.hpp */,
				2CB100DF1E525A83007D33DA /* OpenGLES2Renderer.cpp */,
				2CB100E01E525A83007D33DA /* OpenGLES2Renderer.hpp */,
				2CB100E11E525A83007D33DA /* OpenGLES2Shader.cpp */,
				2CB100E21E525A83007D33DA /* OpenGLES2Shader.hpp */,
				2CB100E31E525A83007D33DA /* OpenGLES2ShaderColorPos.cpp */,
				2CB100E41E525A83007D33DA /* OpenGLES2ShaderColorPos.hpp */,
				2CB100E51E525A83007D33DA /* OpenGLES2ShaderColorPosTex.cpp */,
				2CB100E61E525A83007D33DA /* OpenGLES2ShaderColorPosTex.hpp */,
				2CB100E71E525A83007D33DA /* OpenGLES2ShaderPosClr.cpp */,
				2CB100E81E525A83007D33DA /* OpenGLES2ShaderPosClr.hpp */,
				2CB100E91E525A83007D33DA /* OpenGLES2ShaderPosTex.cpp */,
				2CB100EA1E525A83007D33DA /* OpenGLES2ShaderPosTex.hpp */,
				2CB100EB1E525A83007D33DA /* OpenGLES2Texture2D.cpp */,
				2CB100EC1E525A83007D33DA /* OpenGLES2Texture2D.hpp */,
				2CB100ED1E525A83007D33DA /* OpenGLES2VertexArray.cpp */,
				2CB100EE1E525A83007D33DA /* OpenGLES2VertexArray.hpp */,
				2CB100EF1E525A83007D33DA /* OpenGLES2VertexBuffer.cpp */,
				2CB100F01E525A83007D33DA /* OpenGLES2VertexBuffer.hpp */,
			);
			name = mordaren;
			path = ../../tests/app/src/opengles2/mordaren;
			sourceTree = "<group>";
		};
		2CF2F6AB1F37B52E00DA0826 /* morda */ = {
			isa = PBXGroup;
			children = (
				2CF2F6AC1F37B52E00DA0826 /* config.hpp */,
				2CF2F6AD1F37B52E00DA0826 /* Exc.hpp */,
				2CF2F6AE1F37B52E00DA0826 /* fonts */,
				2CF2F6B21F37B52E00DA0826 /* Inflater.cpp */,
				2CF2F6B31F37B52E00DA0826 /* Inflater.hpp */,
				2CF2F6B41F37B52E00DA0826 /* Morda.cpp */,
				2CF2F6B51F37B52E00DA0826 /* Morda.hpp */,
				2CF2F6B61F37B52E00DA0826 /* render */,
				2CF2F6C81F37B52E00DA0826 /* ResourceManager.cpp */,
				2CF2F6C91F37B52E00DA0826 /* ResourceManager.hpp */,
				2CF2F6CA1F37B52E00DA0826 /* resources */,
				2CF2F6D91F37B52E00DA0826 /* Updateable.cpp */,
				2CF2F6DA1F37B52F00DA0826 /* Updateable.hpp */,
				2CF2F6DB1F37B52F00DA0826 /* util */,
				2CF2F6EB1F37B52F00DA0826 /* widgets */,
			);
			name = morda;
			path = ../../src/morda;
			sourceTree = "<group>";
		};
		2CF2F6AE1F37B52E00DA0826 /* fonts */ = {
			isa = PBXGroup;
			children = (
				2CF2F6AF1F37B52E00DA0826 /* Font.hpp */,
				2CF2F6B01F37B52E00DA0826 /* TexFont.cpp */,
				2CF2F6B11F37B52E00DA0826 /* TexFont.hpp */,
			);
			path = fonts;
			sourceTree = "<group>";
		};
		2CF2F6B61F37B52E00DA0826 /* render */ = {
			isa = PBXGroup;
			children = (
				2CF2F6B71F37B52E00DA0826 /* FrameBuffer.hpp */,
				2CF2F6B81F37B52E00DA0826 /* IndexBuffer.hpp */,
				2CF2F6B91F37B52E00DA0826 /* Renderer.cpp */,
				2CF2F6BA1F37B52E00DA0826 /* Renderer.hpp */,
				2CF2F6BB1F37B52E00DA0826 /* RenderFactory.cpp */,
				2CF2F6BC1F37B52E00DA0826 /* RenderFactory.hpp */,
				2CF2F6BD1F37B52E00DA0826 /* Shader.cpp */,
				2CF2F6BE1F37B52E00DA0826 /* Shader.hpp */,
				2CF2F6BF1F37B52E00DA0826 /* ShaderColorPos.hpp */,
				2CF2F6C01F37B52E00DA0826 /* ShaderColorPosTex.hpp */,
				2CF2F6C11F37B52E00DA0826 /* ShaderPosClr.hpp */,
				2CF2F6C21F37B52E00DA0826 /* ShaderPosTex.hpp */,
				2CF2F6C31F37B52E00DA0826 /* Texture2D.cpp */,
				2CF2F6C41F37B52E00DA0826 /* Texture2D.hpp */,
				2CF2F6C51F37B52E00DA0826 /* VertexArray.cpp */,
				2CF2F6C61F37B52E00DA0826 /* VertexArray.hpp */,
				2CF2F6C71F37B52E00DA0826 /* VertexBuffer.hpp */,
			);
			path = render;
			sourceTree = "<group>";
		};
		2CF2F6CA1F37B52E00DA0826 /* resources */ = {
			isa = PBXGroup;
			children = (
				2CF2F6CB1F37B52E00DA0826 /* ResCursor.cpp */,
				2CF2F6CC1F37B52E00DA0826 /* ResCursor.hpp */,
				2CF2F6CD1F37B52E00DA0826 /* ResFont.cpp */,
				2CF2F6CE1F37B52E00DA0826 /* ResFont.hpp */,
				2CF2F6CF1F37B52E00DA0826 /* ResGradient.cpp */,
				2CF2F6D01F37B52E00DA0826 /* ResGradient.hpp */,
				2CF2F6D11F37B52E00DA0826 /* ResImage.cpp */,
				2CF2F6D21F37B52E00DA0826 /* ResImage.hpp */,
				2CF2F6D31F37B52E00DA0826 /* ResNinePatch.cpp */,
				2CF2F6D41F37B52E00DA0826 /* ResNinePatch.hpp */,
				2CF2F6D51F37B52E00DA0826 /* ResSTOB.cpp */,
				2CF2F6D61F37B52E00DA0826 /* ResSTOB.hpp */,
				2CF2F6D71F37B52E00DA0826 /* ResTexture.cpp */,
				2CF2F6D81F37B52E00DA0826 /* ResTexture.hpp */,
			);
			path = resources;
			sourceTree = "<group>";
		};
		2CF2F6DB1F37B52F00DA0826 /* util */ = {
			isa = PBXGroup;
			children = (
				2CF2F6DC1F37B52F00DA0826 /* Image.cpp */,
				2CF2F6DD1F37B52F00DA0826 /* Image.hpp */,
				2CF2F6DE1F37B52F00DA0826 /* keycodes.hpp */,
				2CF2F6DF1F37B52F00DA0826 /* MouseButton.hpp */,
				2CF2F6E01F37B52F00DA0826 /* Sides.hpp */,
				2CF2F6E11F37B52F00DA0826 /* unzip */,
				2CF2F6E71F37B52F00DA0826 /* util.cpp */,
				2CF2F6E81F37B52F00DA0826 /* util.hpp */,
				2CF2F6E91F37B52F00DA0826 /* ZipFile.cpp */,
				2CF2F6EA1F37B52F00DA0826 /* ZipFile.hpp */,
			);
			path = util;
			sourceTree = "<group>";
		};
		2CF2F6E11F37B52F00DA0826 /* unzip */ = {
			isa = PBXGroup;
			children = (
				2CF2F6E21F37B52F00DA0826 /* crypt.h */,
				2CF2F6E31F37B52F00DA0826 /* ioapi.cpp */,
				2CF2F6E41F37B52F00DA0826 /* ioapi.h */,
				2CF2F6E51F37B52F00DA0826 /* unzip.cpp */,
				2CF2F6E61F37B52F00DA0826 /* unzip.h */,
			);
			path = unzip;
			sourceTree = "<group>";
		};
		2CF2F6EB1F37B52F00DA0826 /* widgets */ = {
			isa = PBXGroup;
			children = (
				2CF2F6EC1F37B52F00DA0826 /* base */,
				2CF2F6F51F37B52F00DA0826 /* button */,
				2CF2F7021F37B52F00DA0826 /* core */,
				2CF2F71C1F37B52F00DA0826 /* DropDownSelector.cpp */,
				2CF2F71D1F37B52F00DA0826 /* DropDownSelector.hpp */,
				2CF2F71E1F37B52F00DA0826 /* label */,
				2CF2F7251F37B52F00DA0826 /* List.cpp */,
				2CF2F7261F37B52F00DA0826 /* List.hpp */,
				2CF2F7271F37B52F00DA0826 /* MouseCursor.cpp */,
				2CF2F7281F37B52F00DA0826 /* MouseCursor.hpp */,
				2CF2F7291F37B52F00DA0826 /* NinePatch.cpp */,
				2CF2F72A1F37B52F00DA0826 /* NinePatch.hpp */,
				2CF2F72B1F37B52F00DA0826 /* slider */,
				2CF2F72E1F37B52F00DA0826 /* TextField.cpp */,
				2CF2F72F1F37B52F00DA0826 /* TextField.hpp */,
				2CF2F7301F37B52F00DA0826 /* TextInputArea.cpp */,
				2CF2F7311F37B52F00DA0826 /* TextInputArea.hpp */,
				2CF2F7321F37B52F00DA0826 /* TextInputLine.cpp */,
				2CF2F7331F37B52F00DA0826 /* TextInputLine.hpp */,
				2CF2F7341F37B52F00DA0826 /* TreeView.cpp */,
				2CF2F7351F37B52F00DA0826 /* TreeView.hpp */,
				2CF2F7361F37B52F00DA0826 /* Window.cpp */,
				2CF2F7371F37B52F00DA0826 /* Window.hpp */,
			);
			path = widgets;
			sourceTree = "<group>";
		};
		2CF2F6EC1F37B52F00DA0826 /* base */ = {
			isa = PBXGroup;
			children = (
				2CF2F6ED1F37B52F00DA0826 /* BlendingWidget.cpp */,
				2CF2F6EE1F37B52F00DA0826 /* BlendingWidget.hpp */,
				2CF2F6EF1F37B52F00DA0826 /* ColorWidget.cpp */,
				2CF2F6F01F37B52F00DA0826 /* ColorWidget.hpp */,
				2CF2F6F11F37B52F00DA0826 /* FractionWidget.cpp */,
				2CF2F6F21F37B52F00DA0826 /* FractionWidget.hpp */,
				2CF2F6F31F37B52F00DA0826 /* TextWidget.cpp */,
				2CF2F6F41F37B52F00DA0826 /* TextWidget.hpp */,
			);
			path = base;
			sourceTree = "<group>";
		};
		2CF2F6F51F37B52F00DA0826 /* button */ = {
			isa = PBXGroup;
			children = (
				2CF2F6F61F37B52F00DA0826 /* Button.cpp */,
				2CF2F6F71F37B52F00DA0826 /* Button.hpp */,
				2CF2F6F81F37B52F00DA0826 /* CheckBox.cpp */,
				2CF2F6F91F37B52F00DA0826 /* CheckBox.hpp */,
				2CF2F6FA1F37B52F00DA0826 /* ChoiceButton.cpp */,
				2CF2F6FB1F37B52F00DA0826 /* ChoiceButton.hpp */,
				2CF2F6FC1F37B52F00DA0826 /* ChoiceGroup.cpp */,
				2CF2F6FD1F37B52F00DA0826 /* ChoiceGroup.hpp */,
				2CF2F6FE1F37B52F00DA0826 /* RadioButton.cpp */,
				2CF2F6FF1F37B52F00DA0826 /* RadioButton.hpp */,
				2CF2F7001F37B52F00DA0826 /* SimpleButton.cpp */,
				2CF2F7011F37B52F00DA0826 /* SimpleButton.hpp */,
			);
			path = button;
			sourceTree = "<group>";
		};
		2CF2F7021F37B52F00DA0826 /* core */ = {
			isa = PBXGroup;
			children = (
				2CF2F7031F37B52F00DA0826 /* CharInputWidget.hpp */,
				2CF2F7041F37B52F00DA0826 /* container */,
				2CF2F7131F37B52F00DA0826 /* proxy */,
				2CF2F71A1F37B52F00DA0826 /* Widget.cpp */,
				2CF2F71B1F37B52F00DA0826 /* Widget.hpp */,
			);
			path = core;
			sourceTree = "<group>";
		};
		2CF2F7041F37B52F00DA0826 /* container */ = {
			isa = PBXGroup;
			children = (
				2CF2F7051F37B52F00DA0826 /* Container.cpp */,
				2CF2F7061F37B52F00DA0826 /* Container.hpp */,
				2CF2F7071F37B52F00DA0826 /* LinearContainer.cpp */,
				2CF2F7081F37B52F00DA0826 /* LinearContainer.hpp */,
				2CF2F7091F37B52F00DA0826 /* Overlay.cpp */,
				2CF2F70A1F37B52F00DA0826 /* Overlay.hpp */,
				2CF2F70B1F37B52F00DA0826 /* Pile.cpp */,
				2CF2F70C1F37B52F00DA0826 /* Pile.hpp */,
				2CF2F70D1F37B52F00DA0826 /* ScrollArea.cpp */,
				2CF2F70E1F37B52F00DA0826 /* ScrollArea.hpp */,
				2CF2F70F1F37B52F00DA0826 /* Table.cpp */,
				2CF2F7101F37B52F00DA0826 /* Table.hpp */,
				2CF2F7111F37B52F00DA0826 /* TableRow.cpp */,
				2CF2F7121F37B52F00DA0826 /* TableRow.hpp */,
			);
			path = container;
			sourceTree = "<group>";
		};
		2CF2F7131F37B52F00DA0826 /* proxy */ = {
			isa = PBXGroup;
			children = (
				2CF2F7141F37B52F00DA0826 /* KeyProxy.cpp */,
				2CF2F7151F37B52F00DA0826 /* KeyProxy.hpp */,
				2CF2F7161F37B52F00DA0826 /* MouseProxy.cpp */,
				2CF2F7171F37B52F00DA0826 /* MouseProxy.hpp */,
				2CF2F7181F37B52F00DA0826 /* ResizeProxy.cpp */,
				2CF2F7191F37B52F00DA0826 /* ResizeProxy.hpp */,
			);
			path = proxy;
			sourceTree = "<group>";
		};
		2CF2F71E1F37B52F00DA0826 /* label */ = {
			isa = PBXGroup;
			children = (
				2CF2F71F1F37B52F00DA0826 /* ColorLabel.cpp */,
				2CF2F7201F37B52F00DA0826 /* ColorLabel.hpp */,
				2CF2F7211F37B52F00DA0826 /* ImageLabel.cpp */,
				2CF2F7221F37B52F00DA0826 /* ImageLabel.hpp */,
				2CF2F7231F37B52F00DA0826 /* TextLabel.cpp */,
				2CF2F7241F37B52F00DA0826 /* TextLabel.hpp */,
			);
			path = label;
			sourceTree = "<group>";
		};
		2CF2F72B1F37B52F00DA0826 /* slider */ = {
			isa = PBXGroup;
			children = (
				2CF2F72C1F37B52F00DA0826 /* Slider.cpp */,
				2CF2F72D1F37B52F00DA0826 /* Slider.hpp */,
			);
			path = slider;
			sourceTree = "<group>";
		};
		9159E506000EE6739E81F6BD /* Pods */ = {
			isa = PBXGroup;
			children = (
				BD9938C87FEF8F2061DB3891 /* Pods-morda_test.debug.xcconfig */,
				0874090BE77D2F5551D0E2EB /* Pods-morda_test.release.xcconfig */,
			);
			name = Pods;
			sourceTree = "<group>";
		};
/* End PBXGroup section */

/* Begin PBXNativeTarget section */
		2C6512931C0A60F700D295F5 /* morda_test */ = {
			isa = PBXNativeTarget;
			buildConfigurationList = 2C6512D11C0A60F800D295F5 /* Build configuration list for PBXNativeTarget "morda_test" */;
			buildPhases = (
				F22B00F0D8B8746D93E68AAA /* [CP] Check Pods Manifest.lock */,
				2C6512901C0A60F700D295F5 /* Sources */,
				2C6512911C0A60F700D295F5 /* Frameworks */,
				2C6512921C0A60F700D295F5 /* Resources */,
				DBDA6EA64039FDBD09841E4A /* [CP] Embed Pods Frameworks */,
				3B945CDFD6CDB84BFD634679 /* [CP] Copy Pods Resources */,
			);
			buildRules = (
			);
			dependencies = (
			);
			name = morda_test;
			productName = morda_test;
			productReference = 2C6512941C0A60F700D295F5 /* morda_test.app */;
			productType = "com.apple.product-type.application";
		};
		2C6512BF1C0A60F800D295F5 /* morda_testTests */ = {
			isa = PBXNativeTarget;
			buildConfigurationList = 2C6512D41C0A60F800D295F5 /* Build configuration list for PBXNativeTarget "morda_testTests" */;
			buildPhases = (
				2C6512BC1C0A60F800D295F5 /* Sources */,
				2C6512BD1C0A60F800D295F5 /* Frameworks */,
				2C6512BE1C0A60F800D295F5 /* Resources */,
			);
			buildRules = (
			);
			dependencies = (
				2C6512C61C0A60F800D295F5 /* PBXTargetDependency */,
			);
			name = morda_testTests;
			productName = morda_testTests;
			productReference = 2C6512C01C0A60F800D295F5 /* morda_testTests.xctest */;
			productType = "com.apple.product-type.bundle.unit-test";
		};
/* End PBXNativeTarget section */

/* Begin PBXProject section */
		2C65128C1C0A60F700D295F5 /* Project object */ = {
			isa = PBXProject;
			attributes = {
				LastUpgradeCheck = 0820;
				ORGANIZATIONNAME = org.igagis;
				TargetAttributes = {
					2C6512BF1C0A60F800D295F5 = {
						TestTargetID = 2C6512931C0A60F700D295F5;
					};
				};
			};
			buildConfigurationList = 2C65128F1C0A60F700D295F5 /* Build configuration list for PBXProject "morda_test" */;
			compatibilityVersion = "Xcode 3.2";
			developmentRegion = English;
			hasScannedForEncodings = 0;
			knownRegions = (
				en,
				Base,
			);
			mainGroup = 2C65128B1C0A60F700D295F5;
			productRefGroup = 2C6512951C0A60F700D295F5 /* Products */;
			projectDirPath = "";
			projectRoot = "";
			targets = (
				2C6512931C0A60F700D295F5 /* morda_test */,
				2C6512BF1C0A60F800D295F5 /* morda_testTests */,
			);
		};
/* End PBXProject section */

/* Begin PBXResourcesBuildPhase section */
		2C6512921C0A60F700D295F5 /* Resources */ = {
			isa = PBXResourcesBuildPhase;
			buildActionMask = 2147483647;
			files = (
				2C6512BB1C0A60F800D295F5 /* Images.xcassets in Resources */,
				2C09D3E71D51121300DCE090 /* morda_res in Resources */,
				2C6512A61C0A60F700D295F5 /* InfoPlist.strings in Resources */,
				2C547A841C2F4E930079154C /* res in Resources */,
			);
			runOnlyForDeploymentPostprocessing = 0;
		};
		2C6512BE1C0A60F800D295F5 /* Resources */ = {
			isa = PBXResourcesBuildPhase;
			buildActionMask = 2147483647;
			files = (
			);
			runOnlyForDeploymentPostprocessing = 0;
		};
/* End PBXResourcesBuildPhase section */

/* Begin PBXShellScriptBuildPhase section */
		3B945CDFD6CDB84BFD634679 /* [CP] Copy Pods Resources */ = {
			isa = PBXShellScriptBuildPhase;
			buildActionMask = 2147483647;
			files = (
			);
			inputPaths = (
			);
			name = "[CP] Copy Pods Resources";
			outputPaths = (
			);
			runOnlyForDeploymentPostprocessing = 0;
			shellPath = /bin/sh;
			shellScript = "\"${SRCROOT}/Pods/Target Support Files/Pods-morda_test/Pods-morda_test-resources.sh\"\n";
			showEnvVarsInLog = 0;
		};
		DBDA6EA64039FDBD09841E4A /* [CP] Embed Pods Frameworks */ = {
			isa = PBXShellScriptBuildPhase;
			buildActionMask = 2147483647;
			files = (
			);
			inputPaths = (
			);
			name = "[CP] Embed Pods Frameworks";
			outputPaths = (
			);
			runOnlyForDeploymentPostprocessing = 0;
			shellPath = /bin/sh;
			shellScript = "\"${SRCROOT}/Pods/Target Support Files/Pods-morda_test/Pods-morda_test-frameworks.sh\"\n";
			showEnvVarsInLog = 0;
		};
		F22B00F0D8B8746D93E68AAA /* [CP] Check Pods Manifest.lock */ = {
			isa = PBXShellScriptBuildPhase;
			buildActionMask = 2147483647;
			files = (
			);
			inputPaths = (
			);
			name = "[CP] Check Pods Manifest.lock";
			outputPaths = (
			);
			runOnlyForDeploymentPostprocessing = 0;
			shellPath = /bin/sh;
			shellScript = "diff \"${PODS_ROOT}/../Podfile.lock\" \"${PODS_ROOT}/Manifest.lock\" > /dev/null\nif [[ $? != 0 ]] ; then\n    cat << EOM\nerror: The sandbox is not in sync with the Podfile.lock. Run 'pod install' or update your CocoaPods installation.\nEOM\n    exit 1\nfi\n";
			showEnvVarsInLog = 0;
		};
/* End PBXShellScriptBuildPhase section */

/* Begin PBXSourcesBuildPhase section */
		2C6512901C0A60F700D295F5 /* Sources */ = {
			isa = PBXSourcesBuildPhase;
			buildActionMask = 2147483647;
			files = (
				2CF2F7511F37B52F00DA0826 /* TextWidget.cpp in Sources */,
				2CF2F7431F37B52F00DA0826 /* ResGradient.cpp in Sources */,
				2CF2F74D1F37B52F00DA0826 /* ZipFile.cpp in Sources */,
				2CB100F91E525A83007D33DA /* OpenGLES2ShaderPosClr.cpp in Sources */,
				2CF2F74F1F37B52F00DA0826 /* ColorWidget.cpp in Sources */,
				2CB100FC1E525A83007D33DA /* OpenGLES2VertexArray.cpp in Sources */,
				2CF2F7581F37B52F00DA0826 /* Container.cpp in Sources */,
				2CF2F76A1F37B52F00DA0826 /* Slider.cpp in Sources */,
				2CF2F76C1F37B52F00DA0826 /* TextInputArea.cpp in Sources */,
				2CF2F7461F37B52F00DA0826 /* ResSTOB.cpp in Sources */,
				2CF2F76E1F37B52F00DA0826 /* TreeView.cpp in Sources */,
				2CF2F7571F37B52F00DA0826 /* SimpleButton.cpp in Sources */,
				2CF2F74C1F37B52F00DA0826 /* util.cpp in Sources */,
				2CF2F7591F37B52F00DA0826 /* LinearContainer.cpp in Sources */,
				2CB100F41E525A83007D33DA /* OpenGLES2IndexBuffer.cpp in Sources */,
				2CF2F75C1F37B52F00DA0826 /* ScrollArea.cpp in Sources */,
				2CF2F7421F37B52F00DA0826 /* ResFont.cpp in Sources */,
				2CF2F7651F37B52F00DA0826 /* ImageLabel.cpp in Sources */,
				2CB100F71E525A83007D33DA /* OpenGLES2ShaderColorPos.cpp in Sources */,
				2CB100FD1E525A83007D33DA /* OpenGLES2VertexBuffer.cpp in Sources */,
				2CF2F7601F37B52F00DA0826 /* MouseProxy.cpp in Sources */,
				2CF2F75A1F37B52F00DA0826 /* Overlay.cpp in Sources */,
				2CF2F7401F37B52F00DA0826 /* ResourceManager.cpp in Sources */,
				2CB100FB1E525A83007D33DA /* OpenGLES2Texture2D.cpp in Sources */,
				2CF2F7671F37B52F00DA0826 /* List.cpp in Sources */,
				2CB100F51E525A83007D33DA /* OpenGLES2Renderer.cpp in Sources */,
				2CF2F7381F37B52F00DA0826 /* TexFont.cpp in Sources */,
				2CF2F7661F37B52F00DA0826 /* TextLabel.cpp in Sources */,
				2CF2F7551F37B52F00DA0826 /* ChoiceGroup.cpp in Sources */,
				2C93528C1D4FA90E00D58719 /* glue.mm in Sources */,
				2CF2F7491F37B52F00DA0826 /* Image.cpp in Sources */,
				2CF2F7681F37B52F00DA0826 /* MouseCursor.cpp in Sources */,
				2CF2F75D1F37B52F00DA0826 /* Table.cpp in Sources */,
				2CF2F7501F37B52F00DA0826 /* FractionWidget.cpp in Sources */,
				2CF2F7631F37B52F00DA0826 /* DropDownSelector.cpp in Sources */,
				2CF2F7441F37B52F00DA0826 /* ResImage.cpp in Sources */,
				2CF2F7531F37B52F00DA0826 /* CheckBox.cpp in Sources */,
				2CB100F61E525A83007D33DA /* OpenGLES2Shader.cpp in Sources */,
				2CB100F21E525A83007D33DA /* OpenGLES2Factory.cpp in Sources */,
				2CF2F73A1F37B52F00DA0826 /* Morda.cpp in Sources */,
				2CF2F7521F37B52F00DA0826 /* Button.cpp in Sources */,
				2CF2F7481F37B52F00DA0826 /* Updateable.cpp in Sources */,
				2CB100FA1E525A83007D33DA /* OpenGLES2ShaderPosTex.cpp in Sources */,
				2CF2F73F1F37B52F00DA0826 /* VertexArray.cpp in Sources */,
				2CF2F7541F37B52F00DA0826 /* ChoiceButton.cpp in Sources */,
				2CF2F75E1F37B52F00DA0826 /* TableRow.cpp in Sources */,
				2CF2F7621F37B52F00DA0826 /* Widget.cpp in Sources */,
				2CF2F7691F37B52F00DA0826 /* NinePatch.cpp in Sources */,
				2CF2F76D1F37B52F00DA0826 /* TextInputLine.cpp in Sources */,
				2CB100F81E525A83007D33DA /* OpenGLES2ShaderColorPosTex.cpp in Sources */,
				2C9352871D4FA90E00D58719 /* App.cpp in Sources */,
				2CF2F7611F37B52F00DA0826 /* ResizeProxy.cpp in Sources */,
				2CF2F7391F37B52F00DA0826 /* Inflater.cpp in Sources */,
				2CF2F74B1F37B52F00DA0826 /* unzip.cpp in Sources */,
				2CF2F7451F37B52F00DA0826 /* ResNinePatch.cpp in Sources */,
				2CF2F73B1F37B52F00DA0826 /* Renderer.cpp in Sources */,
				2C547A781C2F2C1E0079154C /* main.cpp in Sources */,
				2CF2F7411F37B52F00DA0826 /* ResCursor.cpp in Sources */,
				2CF2F7471F37B52F00DA0826 /* ResTexture.cpp in Sources */,
				2CF2F73D1F37B52F00DA0826 /* Shader.cpp in Sources */,
				2CB100F31E525A83007D33DA /* OpenGLES2FrameBuffer.cpp in Sources */,
				2CF2F7641F37B52F00DA0826 /* ColorLabel.cpp in Sources */,
				2CF2F75F1F37B52F00DA0826 /* KeyProxy.cpp in Sources */,
				2CF2F73C1F37B52F00DA0826 /* RenderFactory.cpp in Sources */,
				2CF2F73E1F37B52F00DA0826 /* Texture2D.cpp in Sources */,
				2CB100F11E525A83007D33DA /* OpenGLES2Buffer.cpp in Sources */,
				2CF2F76B1F37B52F00DA0826 /* TextField.cpp in Sources */,
				2CF2F76F1F37B52F00DA0826 /* Window.cpp in Sources */,
				2CF2F74E1F37B52F00DA0826 /* BlendingWidget.cpp in Sources */,
				2CF2F74A1F37B52F00DA0826 /* ioapi.cpp in Sources */,
				2CF2F7561F37B52F00DA0826 /* RadioButton.cpp in Sources */,
				2CF2F75B1F37B52F00DA0826 /* Pile.cpp in Sources */,
			);
			runOnlyForDeploymentPostprocessing = 0;
		};
		2C6512BC1C0A60F800D295F5 /* Sources */ = {
			isa = PBXSourcesBuildPhase;
			buildActionMask = 2147483647;
			files = (
			);
			runOnlyForDeploymentPostprocessing = 0;
		};
/* End PBXSourcesBuildPhase section */

/* Begin PBXTargetDependency section */
		2C6512C61C0A60F800D295F5 /* PBXTargetDependency */ = {
			isa = PBXTargetDependency;
			target = 2C6512931C0A60F700D295F5 /* morda_test */;
			targetProxy = 2C6512C51C0A60F800D295F5 /* PBXContainerItemProxy */;
		};
/* End PBXTargetDependency section */

/* Begin PBXVariantGroup section */
		2C6512A41C0A60F700D295F5 /* InfoPlist.strings */ = {
			isa = PBXVariantGroup;
			children = (
				2C6512A51C0A60F700D295F5 /* en */,
			);
			name = InfoPlist.strings;
			sourceTree = "<group>";
		};
/* End PBXVariantGroup section */

/* Begin XCBuildConfiguration section */
		2C6512CF1C0A60F800D295F5 /* Debug */ = {
			isa = XCBuildConfiguration;
			buildSettings = {
				ALWAYS_SEARCH_USER_PATHS = NO;
				CLANG_CXX_LANGUAGE_STANDARD = "gnu++0x";
				CLANG_CXX_LIBRARY = "libc++";
				CLANG_ENABLE_MODULES = YES;
				CLANG_ENABLE_OBJC_ARC = NO;
				CLANG_WARN_BOOL_CONVERSION = YES;
				CLANG_WARN_CONSTANT_CONVERSION = YES;
				CLANG_WARN_DIRECT_OBJC_ISA_USAGE = YES_ERROR;
				CLANG_WARN_EMPTY_BODY = YES;
				CLANG_WARN_ENUM_CONVERSION = YES;
				CLANG_WARN_INFINITE_RECURSION = YES;
				CLANG_WARN_INT_CONVERSION = YES;
				CLANG_WARN_OBJC_ROOT_CLASS = YES_ERROR;
				CLANG_WARN_SUSPICIOUS_MOVE = YES;
				CLANG_WARN_UNREACHABLE_CODE = YES;
				CLANG_WARN__DUPLICATE_METHOD_MATCH = YES;
				"CODE_SIGN_IDENTITY[sdk=iphoneos*]" = "iPhone Developer";
				COPY_PHASE_STRIP = NO;
				ENABLE_STRICT_OBJC_MSGSEND = YES;
				ENABLE_TESTABILITY = YES;
				GCC_C_LANGUAGE_STANDARD = gnu99;
				GCC_DYNAMIC_NO_PIC = YES;
				GCC_NO_COMMON_BLOCKS = YES;
				GCC_OPTIMIZATION_LEVEL = 0;
				GCC_PREPROCESSOR_DEFINITIONS = (
					"DEBUG=1",
					"$(inherited)",
				);
				GCC_SYMBOLS_PRIVATE_EXTERN = NO;
				GCC_WARN_64_TO_32_BIT_CONVERSION = YES;
				GCC_WARN_ABOUT_RETURN_TYPE = YES_ERROR;
				GCC_WARN_UNDECLARED_SELECTOR = YES;
				GCC_WARN_UNINITIALIZED_AUTOS = YES_AGGRESSIVE;
				GCC_WARN_UNUSED_FUNCTION = YES;
				GCC_WARN_UNUSED_VARIABLE = YES;
				IPHONEOS_DEPLOYMENT_TARGET = 8.0;
				LD_NO_PIE = NO;
				ONLY_ACTIVE_ARCH = YES;
				SDKROOT = iphoneos;
				TARGETED_DEVICE_FAMILY = "1,2";
			};
			name = Debug;
		};
		2C6512D01C0A60F800D295F5 /* Release */ = {
			isa = XCBuildConfiguration;
			buildSettings = {
				ALWAYS_SEARCH_USER_PATHS = NO;
				CLANG_CXX_LANGUAGE_STANDARD = "gnu++0x";
				CLANG_CXX_LIBRARY = "libc++";
				CLANG_ENABLE_MODULES = YES;
				CLANG_ENABLE_OBJC_ARC = NO;
				CLANG_WARN_BOOL_CONVERSION = YES;
				CLANG_WARN_CONSTANT_CONVERSION = YES;
				CLANG_WARN_DIRECT_OBJC_ISA_USAGE = YES_ERROR;
				CLANG_WARN_EMPTY_BODY = YES;
				CLANG_WARN_ENUM_CONVERSION = YES;
				CLANG_WARN_INFINITE_RECURSION = YES;
				CLANG_WARN_INT_CONVERSION = YES;
				CLANG_WARN_OBJC_ROOT_CLASS = YES_ERROR;
				CLANG_WARN_SUSPICIOUS_MOVE = YES;
				CLANG_WARN_UNREACHABLE_CODE = YES;
				CLANG_WARN__DUPLICATE_METHOD_MATCH = YES;
				"CODE_SIGN_IDENTITY[sdk=iphoneos*]" = "iPhone Developer";
				COPY_PHASE_STRIP = YES;
				ENABLE_NS_ASSERTIONS = NO;
				ENABLE_STRICT_OBJC_MSGSEND = YES;
				GCC_C_LANGUAGE_STANDARD = gnu99;
				GCC_DYNAMIC_NO_PIC = YES;
				GCC_NO_COMMON_BLOCKS = YES;
				GCC_WARN_64_TO_32_BIT_CONVERSION = YES;
				GCC_WARN_ABOUT_RETURN_TYPE = YES_ERROR;
				GCC_WARN_UNDECLARED_SELECTOR = YES;
				GCC_WARN_UNINITIALIZED_AUTOS = YES_AGGRESSIVE;
				GCC_WARN_UNUSED_FUNCTION = YES;
				GCC_WARN_UNUSED_VARIABLE = YES;
				IPHONEOS_DEPLOYMENT_TARGET = 8.0;
				LD_NO_PIE = NO;
				SDKROOT = iphoneos;
				TARGETED_DEVICE_FAMILY = "1,2";
				VALIDATE_PRODUCT = YES;
			};
			name = Release;
		};
		2C6512D21C0A60F800D295F5 /* Debug */ = {
			isa = XCBuildConfiguration;
			baseConfigurationReference = BD9938C87FEF8F2061DB3891 /* Pods-morda_test.debug.xcconfig */;
			buildSettings = {
				ASSETCATALOG_COMPILER_APPICON_NAME = AppIcon;
				ASSETCATALOG_COMPILER_LAUNCHIMAGE_NAME = LaunchImage;
				CLANG_ENABLE_OBJC_ARC = NO;
				GCC_PRECOMPILE_PREFIX_HEADER = YES;
				GCC_PREFIX_HEADER = "morda_test/morda_test-Prefix.pch";
				HEADER_SEARCH_PATHS = (
					"\"$(PODS_ROOT)/freetype/include\"",
					"$(inherited)",
					"\"${PODS_ROOT}/Headers/Public\"",
					"\"${PODS_ROOT}/Headers/Public/freetype\"",
					"\"${PODS_ROOT}/Headers/Public/libcairo\"",
					"\"${PODS_ROOT}/Headers/Public/libjpeg\"",
					"\"${PODS_ROOT}/Headers/Public/libkolme\"",
					"\"${PODS_ROOT}/Headers/Public/libnitki\"",
					"\"${PODS_ROOT}/Headers/Public/libpapki\"",
					"\"${PODS_ROOT}/Headers/Public/libpixman\"",
					"\"${PODS_ROOT}/Headers/Public/libpng_igagis\"",
					"\"${PODS_ROOT}/Headers/Public/libpogodi\"",
					"\"${PODS_ROOT}/Headers/Public/libstob\"",
					"\"${PODS_ROOT}/Headers/Public/libsvgdom\"",
					"\"${PODS_ROOT}/Headers/Public/libsvgren\"",
					"\"${PODS_ROOT}/Headers/Public/libunikod\"",
					"\"${PODS_ROOT}/Headers/Public/libutki\"",
					"\"${PODS_ROOT}/Headers/Public/pugixml\"",
					../src,
				);
				INFOPLIST_FILE = "morda_test/morda_test-Info.plist";
				OTHER_LDFLAGS = (
					"$(inherited)",
					"-ObjC",
					"-l\"freetype\"",
					"-l\"libcairo\"",
					"-l\"libjpeg\"",
					"-l\"libnitki\"",
					"-l\"libpapki\"",
					"-l\"libpixman\"",
					"-l\"libpng_igagis\"",
					"-l\"libpogodi\"",
					"-l\"libstob\"",
					"-l\"libsvgdom\"",
					"-l\"libsvgren\"",
					"-l\"pugixml\"",
					"-l\"z\"",
				);
				PRODUCT_BUNDLE_IDENTIFIER = "org.igagis.${PRODUCT_NAME:rfc1034identifier}";
				PRODUCT_NAME = "$(TARGET_NAME)";
				WRAPPER_EXTENSION = app;
			};
			name = Debug;
		};
		2C6512D31C0A60F800D295F5 /* Release */ = {
			isa = XCBuildConfiguration;
			baseConfigurationReference = 0874090BE77D2F5551D0E2EB /* Pods-morda_test.release.xcconfig */;
			buildSettings = {
				ASSETCATALOG_COMPILER_APPICON_NAME = AppIcon;
				ASSETCATALOG_COMPILER_LAUNCHIMAGE_NAME = LaunchImage;
				CLANG_ENABLE_OBJC_ARC = NO;
				GCC_PRECOMPILE_PREFIX_HEADER = YES;
				GCC_PREFIX_HEADER = "morda_test/morda_test-Prefix.pch";
				HEADER_SEARCH_PATHS = (
					"\"$(PODS_ROOT)/freetype/include\"",
					"$(inherited)",
					"\"${PODS_ROOT}/Headers/Public\"",
					"\"${PODS_ROOT}/Headers/Public/freetype\"",
					"\"${PODS_ROOT}/Headers/Public/libcairo\"",
					"\"${PODS_ROOT}/Headers/Public/libjpeg\"",
					"\"${PODS_ROOT}/Headers/Public/libkolme\"",
					"\"${PODS_ROOT}/Headers/Public/libnitki\"",
					"\"${PODS_ROOT}/Headers/Public/libpapki\"",
					"\"${PODS_ROOT}/Headers/Public/libpixman\"",
					"\"${PODS_ROOT}/Headers/Public/libpng_igagis\"",
					"\"${PODS_ROOT}/Headers/Public/libpogodi\"",
					"\"${PODS_ROOT}/Headers/Public/libstob\"",
					"\"${PODS_ROOT}/Headers/Public/libsvgdom\"",
					"\"${PODS_ROOT}/Headers/Public/libsvgren\"",
					"\"${PODS_ROOT}/Headers/Public/libunikod\"",
					"\"${PODS_ROOT}/Headers/Public/libutki\"",
					"\"${PODS_ROOT}/Headers/Public/pugixml\"",
					../src,
				);
				INFOPLIST_FILE = "morda_test/morda_test-Info.plist";
				OTHER_LDFLAGS = (
					"$(inherited)",
					"-ObjC",
					"-l\"freetype\"",
					"-l\"libcairo\"",
					"-l\"libjpeg\"",
					"-l\"libnitki\"",
					"-l\"libpapki\"",
					"-l\"libpixman\"",
					"-l\"libpng_igagis\"",
					"-l\"libpogodi\"",
					"-l\"libstob\"",
					"-l\"libsvgdom\"",
					"-l\"libsvgren\"",
					"-l\"pugixml\"",
					"-l\"z\"",
				);
				PRODUCT_BUNDLE_IDENTIFIER = "org.igagis.${PRODUCT_NAME:rfc1034identifier}";
				PRODUCT_NAME = "$(TARGET_NAME)";
				WRAPPER_EXTENSION = app;
			};
			name = Release;
		};
		2C6512D51C0A60F800D295F5 /* Debug */ = {
			isa = XCBuildConfiguration;
			buildSettings = {
				BUNDLE_LOADER = "$(BUILT_PRODUCTS_DIR)/morda_test.app/morda_test";
				FRAMEWORK_SEARCH_PATHS = (
					"$(SDKROOT)/Developer/Library/Frameworks",
					"$(inherited)",
					"$(DEVELOPER_FRAMEWORKS_DIR)",
				);
				GCC_PRECOMPILE_PREFIX_HEADER = YES;
				GCC_PREFIX_HEADER = "morda_test/morda_test-Prefix.pch";
				GCC_PREPROCESSOR_DEFINITIONS = (
					"DEBUG=1",
					"$(inherited)",
				);
				INFOPLIST_FILE = "morda_testTests/morda_testTests-Info.plist";
				PRODUCT_NAME = "$(TARGET_NAME)";
				TEST_HOST = "$(BUNDLE_LOADER)";
				WRAPPER_EXTENSION = xctest;
			};
			name = Debug;
		};
		2C6512D61C0A60F800D295F5 /* Release */ = {
			isa = XCBuildConfiguration;
			buildSettings = {
				BUNDLE_LOADER = "$(BUILT_PRODUCTS_DIR)/morda_test.app/morda_test";
				FRAMEWORK_SEARCH_PATHS = (
					"$(SDKROOT)/Developer/Library/Frameworks",
					"$(inherited)",
					"$(DEVELOPER_FRAMEWORKS_DIR)",
				);
				GCC_PRECOMPILE_PREFIX_HEADER = YES;
				GCC_PREFIX_HEADER = "morda_test/morda_test-Prefix.pch";
				INFOPLIST_FILE = "morda_testTests/morda_testTests-Info.plist";
				PRODUCT_NAME = "$(TARGET_NAME)";
				TEST_HOST = "$(BUNDLE_LOADER)";
				WRAPPER_EXTENSION = xctest;
			};
			name = Release;
		};
/* End XCBuildConfiguration section */

/* Begin XCConfigurationList section */
		2C65128F1C0A60F700D295F5 /* Build configuration list for PBXProject "morda_test" */ = {
			isa = XCConfigurationList;
			buildConfigurations = (
				2C6512CF1C0A60F800D295F5 /* Debug */,
				2C6512D01C0A60F800D295F5 /* Release */,
			);
			defaultConfigurationIsVisible = 0;
			defaultConfigurationName = Release;
		};
		2C6512D11C0A60F800D295F5 /* Build configuration list for PBXNativeTarget "morda_test" */ = {
			isa = XCConfigurationList;
			buildConfigurations = (
				2C6512D21C0A60F800D295F5 /* Debug */,
				2C6512D31C0A60F800D295F5 /* Release */,
			);
			defaultConfigurationIsVisible = 0;
			defaultConfigurationName = Release;
		};
		2C6512D41C0A60F800D295F5 /* Build configuration list for PBXNativeTarget "morda_testTests" */ = {
			isa = XCConfigurationList;
			buildConfigurations = (
				2C6512D51C0A60F800D295F5 /* Debug */,
				2C6512D61C0A60F800D295F5 /* Release */,
			);
			defaultConfigurationIsVisible = 0;
			defaultConfigurationName = Release;
		};
/* End XCConfigurationList section */
	};
	rootObject = 2C65128C1C0A60F700D295F5 /* Project object */;
}
