// !$*UTF8*$!
{
	archiveVersion = 1;
	classes = {
	};
	objectVersion = 46;
	objects = {

/* Begin PBXBuildFile section */
		086D5B4B0BE9CDAADF5A9235 /* libPods-morda_test.a in Frameworks */ = {isa = PBXBuildFile; fileRef = 967293761C66B4EF58D038F6 /* libPods-morda_test.a */; };
		2C547A781C2F2C1E0079154C /* main.cpp in Sources */ = {isa = PBXBuildFile; fileRef = 2C547A771C2F2C1E0079154C /* main.cpp */; };
		2C547A841C2F4E930079154C /* res in Resources */ = {isa = PBXBuildFile; fileRef = 2C547A831C2F4E930079154C /* res */; };
		2C6512981C0A60F700D295F5 /* Foundation.framework in Frameworks */ = {isa = PBXBuildFile; fileRef = 2C6512971C0A60F700D295F5 /* Foundation.framework */; };
		2C65129A1C0A60F700D295F5 /* CoreGraphics.framework in Frameworks */ = {isa = PBXBuildFile; fileRef = 2C6512991C0A60F700D295F5 /* CoreGraphics.framework */; };
		2C65129C1C0A60F700D295F5 /* UIKit.framework in Frameworks */ = {isa = PBXBuildFile; fileRef = 2C65129B1C0A60F700D295F5 /* UIKit.framework */; };
		2C65129E1C0A60F700D295F5 /* GLKit.framework in Frameworks */ = {isa = PBXBuildFile; fileRef = 2C65129D1C0A60F700D295F5 /* GLKit.framework */; };
		2C6512A01C0A60F700D295F5 /* OpenGLES.framework in Frameworks */ = {isa = PBXBuildFile; fileRef = 2C65129F1C0A60F700D295F5 /* OpenGLES.framework */; };
		2C6512A61C0A60F700D295F5 /* InfoPlist.strings in Resources */ = {isa = PBXBuildFile; fileRef = 2C6512A41C0A60F700D295F5 /* InfoPlist.strings */; };
		2C6512B41C0A60F800D295F5 /* Shader.fsh in Resources */ = {isa = PBXBuildFile; fileRef = 2C6512B31C0A60F800D295F5 /* Shader.fsh */; };
		2C6512B61C0A60F800D295F5 /* Shader.vsh in Resources */ = {isa = PBXBuildFile; fileRef = 2C6512B51C0A60F800D295F5 /* Shader.vsh */; };
		2C6512BB1C0A60F800D295F5 /* Images.xcassets in Resources */ = {isa = PBXBuildFile; fileRef = 2C6512BA1C0A60F800D295F5 /* Images.xcassets */; };
		2C6512C21C0A60F800D295F5 /* XCTest.framework in Frameworks */ = {isa = PBXBuildFile; fileRef = 2C6512C11C0A60F800D295F5 /* XCTest.framework */; };
		2C6512C31C0A60F800D295F5 /* Foundation.framework in Frameworks */ = {isa = PBXBuildFile; fileRef = 2C6512971C0A60F700D295F5 /* Foundation.framework */; };
		2C6512C41C0A60F800D295F5 /* UIKit.framework in Frameworks */ = {isa = PBXBuildFile; fileRef = 2C65129B1C0A60F700D295F5 /* UIKit.framework */; };
		2CB332B51D42B2CC0000400C /* App.cpp in Sources */ = {isa = PBXBuildFile; fileRef = 2CB332161D42B2CC0000400C /* App.cpp */; };
		2CB332B61D42B2CC0000400C /* TexFont.cpp in Sources */ = {isa = PBXBuildFile; fileRef = 2CB3321D1D42B2CC0000400C /* TexFont.cpp */; };
		2CB332BD1D42B2CC0000400C /* main.cpp in Sources */ = {isa = PBXBuildFile; fileRef = 2CB3322A1D42B2CC0000400C /* main.cpp */; };
		2CB332BF1D42B2CC0000400C /* Inflater.cpp in Sources */ = {isa = PBXBuildFile; fileRef = 2CB3322D1D42B2CC0000400C /* Inflater.cpp */; };
		2CB332C01D42B2CC0000400C /* FrameBuffer.cpp in Sources */ = {isa = PBXBuildFile; fileRef = 2CB332301D42B2CC0000400C /* FrameBuffer.cpp */; };
		2CB332C11D42B2CC0000400C /* Render.cpp in Sources */ = {isa = PBXBuildFile; fileRef = 2CB332321D42B2CC0000400C /* Render.cpp */; };
		2CB332C41D42B2CC0000400C /* Shader.cpp in Sources */ = {isa = PBXBuildFile; fileRef = 2CB332361D42B2CC0000400C /* Shader.cpp */; };
		2CB332C51D42B2CC0000400C /* Texture2D.cpp in Sources */ = {isa = PBXBuildFile; fileRef = 2CB332381D42B2CC0000400C /* Texture2D.cpp */; };
		2CB332C61D42B2CC0000400C /* ResourceManager.cpp in Sources */ = {isa = PBXBuildFile; fileRef = 2CB3323A1D42B2CC0000400C /* ResourceManager.cpp */; };
		2CB332C71D42B2CC0000400C /* ResFont.cpp in Sources */ = {isa = PBXBuildFile; fileRef = 2CB3323D1D42B2CC0000400C /* ResFont.cpp */; };
		2CB332C81D42B2CC0000400C /* ResGradient.cpp in Sources */ = {isa = PBXBuildFile; fileRef = 2CB3323F1D42B2CC0000400C /* ResGradient.cpp */; };
		2CB332C91D42B2CC0000400C /* ResImage.cpp in Sources */ = {isa = PBXBuildFile; fileRef = 2CB332411D42B2CC0000400C /* ResImage.cpp */; };
		2CB332CA1D42B2CC0000400C /* ResNinePatch.cpp in Sources */ = {isa = PBXBuildFile; fileRef = 2CB332431D42B2CC0000400C /* ResNinePatch.cpp */; };
		2CB332CB1D42B2CC0000400C /* ResSTOB.cpp in Sources */ = {isa = PBXBuildFile; fileRef = 2CB332451D42B2CC0000400C /* ResSTOB.cpp */; };
		2CB332CC1D42B2CC0000400C /* ResTexture.cpp in Sources */ = {isa = PBXBuildFile; fileRef = 2CB332471D42B2CC0000400C /* ResTexture.cpp */; };
		2CB332CD1D42B2CC0000400C /* ClrPosShader.cpp in Sources */ = {isa = PBXBuildFile; fileRef = 2CB3324A1D42B2CC0000400C /* ClrPosShader.cpp */; };
		2CB332CE1D42B2CC0000400C /* ColorPosShader.cpp in Sources */ = {isa = PBXBuildFile; fileRef = 2CB3324C1D42B2CC0000400C /* ColorPosShader.cpp */; };
		2CB332CF1D42B2CC0000400C /* ColorPosTexShader.cpp in Sources */ = {isa = PBXBuildFile; fileRef = 2CB3324E1D42B2CC0000400C /* ColorPosTexShader.cpp */; };
		2CB332D01D42B2CC0000400C /* PosShader.cpp in Sources */ = {isa = PBXBuildFile; fileRef = 2CB332511D42B2CC0000400C /* PosShader.cpp */; };
		2CB332D11D42B2CC0000400C /* PosTexShader.cpp in Sources */ = {isa = PBXBuildFile; fileRef = 2CB332531D42B2CC0000400C /* PosTexShader.cpp */; };
		2CB332D21D42B2CC0000400C /* SimpleBlurPosTexShader.cpp in Sources */ = {isa = PBXBuildFile; fileRef = 2CB332551D42B2CC0000400C /* SimpleBlurPosTexShader.cpp */; };
		2CB332D31D42B2CC0000400C /* SimpleGrayscalePosTexShader.cpp in Sources */ = {isa = PBXBuildFile; fileRef = 2CB332571D42B2CC0000400C /* SimpleGrayscalePosTexShader.cpp */; };
		2CB332D41D42B2CC0000400C /* Updateable.cpp in Sources */ = {isa = PBXBuildFile; fileRef = 2CB332591D42B2CC0000400C /* Updateable.cpp */; };
		2CB332D51D42B2CC0000400C /* Image.cpp in Sources */ = {isa = PBXBuildFile; fileRef = 2CB3325C1D42B2CC0000400C /* Image.cpp */; };
		2CB332D61D42B2CC0000400C /* ioapi.cpp in Sources */ = {isa = PBXBuildFile; fileRef = 2CB332621D42B2CC0000400C /* ioapi.cpp */; };
		2CB332D71D42B2CC0000400C /* unzip.cpp in Sources */ = {isa = PBXBuildFile; fileRef = 2CB332641D42B2CC0000400C /* unzip.cpp */; };
		2CB332D81D42B2CC0000400C /* util.cpp in Sources */ = {isa = PBXBuildFile; fileRef = 2CB332661D42B2CC0000400C /* util.cpp */; };
		2CB332D91D42B2CC0000400C /* ZipFile.cpp in Sources */ = {isa = PBXBuildFile; fileRef = 2CB332681D42B2CC0000400C /* ZipFile.cpp */; };
		2CB332DA1D42B2CC0000400C /* BlendWidget.cpp in Sources */ = {isa = PBXBuildFile; fileRef = 2CB3326B1D42B2CC0000400C /* BlendWidget.cpp */; };
		2CB332DB1D42B2CC0000400C /* Button.cpp in Sources */ = {isa = PBXBuildFile; fileRef = 2CB3326E1D42B2CC0000400C /* Button.cpp */; };
		2CB332DC1D42B2CC0000400C /* CheckBox.cpp in Sources */ = {isa = PBXBuildFile; fileRef = 2CB332701D42B2CC0000400C /* CheckBox.cpp */; };
		2CB332DD1D42B2CC0000400C /* ChoiceButton.cpp in Sources */ = {isa = PBXBuildFile; fileRef = 2CB332721D42B2CC0000400C /* ChoiceButton.cpp */; };
		2CB332DE1D42B2CC0000400C /* ChoiceGroup.cpp in Sources */ = {isa = PBXBuildFile; fileRef = 2CB332741D42B2CC0000400C /* ChoiceGroup.cpp */; };
		2CB332DF1D42B2CC0000400C /* RadioButton.cpp in Sources */ = {isa = PBXBuildFile; fileRef = 2CB332761D42B2CC0000400C /* RadioButton.cpp */; };
		2CB332E01D42B2CC0000400C /* SimpleButton.cpp in Sources */ = {isa = PBXBuildFile; fileRef = 2CB332781D42B2CC0000400C /* SimpleButton.cpp */; };
		2CB332E11D42B2CC0000400C /* ColorWidget.cpp in Sources */ = {isa = PBXBuildFile; fileRef = 2CB3327A1D42B2CC0000400C /* ColorWidget.cpp */; };
		2CB332E21D42B2CC0000400C /* Container.cpp in Sources */ = {isa = PBXBuildFile; fileRef = 2CB3327F1D42B2CC0000400C /* Container.cpp */; };
		2CB332E31D42B2CC0000400C /* Frame.cpp in Sources */ = {isa = PBXBuildFile; fileRef = 2CB332811D42B2CC0000400C /* Frame.cpp */; };
		2CB332E41D42B2CC0000400C /* LinearArea.cpp in Sources */ = {isa = PBXBuildFile; fileRef = 2CB332831D42B2CC0000400C /* LinearArea.cpp */; };
		2CB332E51D42B2CC0000400C /* Margins.cpp in Sources */ = {isa = PBXBuildFile; fileRef = 2CB332851D42B2CC0000400C /* Margins.cpp */; };
		2CB332E61D42B2CC0000400C /* Overlay.cpp in Sources */ = {isa = PBXBuildFile; fileRef = 2CB332871D42B2CC0000400C /* Overlay.cpp */; };
		2CB332E71D42B2CC0000400C /* ScrollArea.cpp in Sources */ = {isa = PBXBuildFile; fileRef = 2CB332891D42B2CC0000400C /* ScrollArea.cpp */; };
		2CB332E81D42B2CC0000400C /* Table.cpp in Sources */ = {isa = PBXBuildFile; fileRef = 2CB3328B1D42B2CC0000400C /* Table.cpp */; };
		2CB332E91D42B2CC0000400C /* TableRow.cpp in Sources */ = {isa = PBXBuildFile; fileRef = 2CB3328D1D42B2CC0000400C /* TableRow.cpp */; };
		2CB332EA1D42B2CC0000400C /* MouseProxy.cpp in Sources */ = {isa = PBXBuildFile; fileRef = 2CB332911D42B2CC0000400C /* MouseProxy.cpp */; };
		2CB332EB1D42B2CC0000400C /* ResizeProxy.cpp in Sources */ = {isa = PBXBuildFile; fileRef = 2CB332931D42B2CC0000400C /* ResizeProxy.cpp */; };
		2CB332EC1D42B2CC0000400C /* Widget.cpp in Sources */ = {isa = PBXBuildFile; fileRef = 2CB332951D42B2CC0000400C /* Widget.cpp */; };
		2CB332ED1D42B2CC0000400C /* DropDownSelector.cpp in Sources */ = {isa = PBXBuildFile; fileRef = 2CB332971D42B2CC0000400C /* DropDownSelector.cpp */; };
		2CB332EE1D42B2CC0000400C /* BlurGlass.cpp in Sources */ = {isa = PBXBuildFile; fileRef = 2CB3329A1D42B2CC0000400C /* BlurGlass.cpp */; };
		2CB332EF1D42B2CC0000400C /* ColorLabel.cpp in Sources */ = {isa = PBXBuildFile; fileRef = 2CB3329C1D42B2CC0000400C /* ColorLabel.cpp */; };
		2CB332F01D42B2CC0000400C /* GreyscaleGlass.cpp in Sources */ = {isa = PBXBuildFile; fileRef = 2CB3329E1D42B2CC0000400C /* GreyscaleGlass.cpp */; };
		2CB332F11D42B2CC0000400C /* ImageLabel.cpp in Sources */ = {isa = PBXBuildFile; fileRef = 2CB332A01D42B2CC0000400C /* ImageLabel.cpp */; };
		2CB332F21D42B2CC0000400C /* TextLabel.cpp in Sources */ = {isa = PBXBuildFile; fileRef = 2CB332A21D42B2CC0000400C /* TextLabel.cpp */; };
		2CB332F31D42B2CC0000400C /* List.cpp in Sources */ = {isa = PBXBuildFile; fileRef = 2CB332A41D42B2CC0000400C /* List.cpp */; };
		2CB332F41D42B2CC0000400C /* NinePatch.cpp in Sources */ = {isa = PBXBuildFile; fileRef = 2CB332A61D42B2CC0000400C /* NinePatch.cpp */; };
		2CB332F51D42B2CC0000400C /* Slider.cpp in Sources */ = {isa = PBXBuildFile; fileRef = 2CB332A91D42B2CC0000400C /* Slider.cpp */; };
		2CB332F61D42B2CC0000400C /* TextField.cpp in Sources */ = {isa = PBXBuildFile; fileRef = 2CB332AB1D42B2CC0000400C /* TextField.cpp */; };
		2CB332F71D42B2CC0000400C /* TextInput.cpp in Sources */ = {isa = PBXBuildFile; fileRef = 2CB332AD1D42B2CC0000400C /* TextInput.cpp */; };
		2CB332F81D42B2CC0000400C /* TextWidget.cpp in Sources */ = {isa = PBXBuildFile; fileRef = 2CB332AF1D42B2CC0000400C /* TextWidget.cpp */; };
		2CB332F91D42B2CC0000400C /* TreeView.cpp in Sources */ = {isa = PBXBuildFile; fileRef = 2CB332B11D42B2CC0000400C /* TreeView.cpp */; };
		2CB332FA1D42B2CC0000400C /* Window.cpp in Sources */ = {isa = PBXBuildFile; fileRef = 2CB332B31D42B2CC0000400C /* Window.cpp */; };
		2CB332FC1D42B39A0000400C /* main.mm in Sources */ = {isa = PBXBuildFile; fileRef = 2CB332FB1D42B39A0000400C /* main.mm */; };
		2CC8807C1D3AE2BB00CFCA50 /* morda_res in Resources */ = {isa = PBXBuildFile; fileRef = 2CC8807B1D3AE2BB00CFCA50 /* morda_res */; };
/* End PBXBuildFile section */

/* Begin PBXContainerItemProxy section */
		2C6512C51C0A60F800D295F5 /* PBXContainerItemProxy */ = {
			isa = PBXContainerItemProxy;
			containerPortal = 2C65128C1C0A60F700D295F5 /* Project object */;
			proxyType = 1;
			remoteGlobalIDString = 2C6512931C0A60F700D295F5;
			remoteInfo = morda_test;
		};
/* End PBXContainerItemProxy section */

/* Begin PBXFileReference section */
		0874090BE77D2F5551D0E2EB /* Pods-morda_test.release.xcconfig */ = {isa = PBXFileReference; includeInIndex = 1; lastKnownFileType = text.xcconfig; name = "Pods-morda_test.release.xcconfig"; path = "Pods/Target Support Files/Pods-morda_test/Pods-morda_test.release.xcconfig"; sourceTree = "<group>"; };
		092CF4F2F5A713FD722963EA /* Pods.release.xcconfig */ = {isa = PBXFileReference; includeInIndex = 1; lastKnownFileType = text.xcconfig; name = Pods.release.xcconfig; path = "Pods/Target Support Files/Pods/Pods.release.xcconfig"; sourceTree = "<group>"; };
		2C547A771C2F2C1E0079154C /* main.cpp */ = {isa = PBXFileReference; fileEncoding = 4; lastKnownFileType = sourcecode.cpp.cpp; name = main.cpp; path = ../../tests/app/src/main.cpp; sourceTree = "<group>"; };
		2C547A831C2F4E930079154C /* res */ = {isa = PBXFileReference; lastKnownFileType = folder; name = res; path = ../../tests/app/res; sourceTree = "<group>"; };
		2C6512941C0A60F700D295F5 /* morda_test.app */ = {isa = PBXFileReference; explicitFileType = wrapper.application; includeInIndex = 0; path = morda_test.app; sourceTree = BUILT_PRODUCTS_DIR; };
		2C6512971C0A60F700D295F5 /* Foundation.framework */ = {isa = PBXFileReference; lastKnownFileType = wrapper.framework; name = Foundation.framework; path = System/Library/Frameworks/Foundation.framework; sourceTree = SDKROOT; };
		2C6512991C0A60F700D295F5 /* CoreGraphics.framework */ = {isa = PBXFileReference; lastKnownFileType = wrapper.framework; name = CoreGraphics.framework; path = System/Library/Frameworks/CoreGraphics.framework; sourceTree = SDKROOT; };
		2C65129B1C0A60F700D295F5 /* UIKit.framework */ = {isa = PBXFileReference; lastKnownFileType = wrapper.framework; name = UIKit.framework; path = System/Library/Frameworks/UIKit.framework; sourceTree = SDKROOT; };
		2C65129D1C0A60F700D295F5 /* GLKit.framework */ = {isa = PBXFileReference; lastKnownFileType = wrapper.framework; name = GLKit.framework; path = System/Library/Frameworks/GLKit.framework; sourceTree = SDKROOT; };
		2C65129F1C0A60F700D295F5 /* OpenGLES.framework */ = {isa = PBXFileReference; lastKnownFileType = wrapper.framework; name = OpenGLES.framework; path = System/Library/Frameworks/OpenGLES.framework; sourceTree = SDKROOT; };
		2C6512A31C0A60F700D295F5 /* morda_test-Info.plist */ = {isa = PBXFileReference; lastKnownFileType = text.plist.xml; path = "morda_test-Info.plist"; sourceTree = "<group>"; };
		2C6512A51C0A60F700D295F5 /* en */ = {isa = PBXFileReference; lastKnownFileType = text.plist.strings; name = en; path = en.lproj/InfoPlist.strings; sourceTree = "<group>"; };
		2C6512A91C0A60F700D295F5 /* morda_test-Prefix.pch */ = {isa = PBXFileReference; lastKnownFileType = sourcecode.c.h; path = "morda_test-Prefix.pch"; sourceTree = "<group>"; };
		2C6512B31C0A60F800D295F5 /* Shader.fsh */ = {isa = PBXFileReference; lastKnownFileType = sourcecode.glsl; name = Shader.fsh; path = Shaders/Shader.fsh; sourceTree = "<group>"; };
		2C6512B51C0A60F800D295F5 /* Shader.vsh */ = {isa = PBXFileReference; lastKnownFileType = sourcecode.glsl; name = Shader.vsh; path = Shaders/Shader.vsh; sourceTree = "<group>"; };
		2C6512BA1C0A60F800D295F5 /* Images.xcassets */ = {isa = PBXFileReference; lastKnownFileType = folder.assetcatalog; path = Images.xcassets; sourceTree = "<group>"; };
		2C6512C01C0A60F800D295F5 /* morda_testTests.xctest */ = {isa = PBXFileReference; explicitFileType = wrapper.cfbundle; includeInIndex = 0; path = morda_testTests.xctest; sourceTree = BUILT_PRODUCTS_DIR; };
		2C6512C11C0A60F800D295F5 /* XCTest.framework */ = {isa = PBXFileReference; lastKnownFileType = wrapper.framework; name = XCTest.framework; path = Library/Frameworks/XCTest.framework; sourceTree = DEVELOPER_DIR; };
		2CB332161D42B2CC0000400C /* App.cpp */ = {isa = PBXFileReference; fileEncoding = 4; lastKnownFileType = sourcecode.cpp.cpp; path = App.cpp; sourceTree = "<group>"; };
		2CB332171D42B2CC0000400C /* App.hpp */ = {isa = PBXFileReference; fileEncoding = 4; lastKnownFileType = sourcecode.cpp.h; path = App.hpp; sourceTree = "<group>"; };
		2CB332181D42B2CC0000400C /* AppFactory.hpp */ = {isa = PBXFileReference; fileEncoding = 4; lastKnownFileType = sourcecode.cpp.h; path = AppFactory.hpp; sourceTree = "<group>"; };
		2CB332191D42B2CC0000400C /* config.hpp */ = {isa = PBXFileReference; fileEncoding = 4; lastKnownFileType = sourcecode.cpp.h; path = config.hpp; sourceTree = "<group>"; };
		2CB3321A1D42B2CC0000400C /* Exc.hpp */ = {isa = PBXFileReference; fileEncoding = 4; lastKnownFileType = sourcecode.cpp.h; path = Exc.hpp; sourceTree = "<group>"; };
		2CB3321C1D42B2CC0000400C /* Font.hpp */ = {isa = PBXFileReference; fileEncoding = 4; lastKnownFileType = sourcecode.cpp.h; path = Font.hpp; sourceTree = "<group>"; };
		2CB3321D1D42B2CC0000400C /* TexFont.cpp */ = {isa = PBXFileReference; fileEncoding = 4; lastKnownFileType = sourcecode.cpp.cpp; path = TexFont.cpp; sourceTree = "<group>"; };
		2CB3321E1D42B2CC0000400C /* TexFont.hpp */ = {isa = PBXFileReference; fileEncoding = 4; lastKnownFileType = sourcecode.cpp.h; path = TexFont.hpp; sourceTree = "<group>"; };
		2CB3322A1D42B2CC0000400C /* main.cpp */ = {isa = PBXFileReference; fileEncoding = 4; lastKnownFileType = sourcecode.cpp.cpp; path = main.cpp; sourceTree = "<group>"; };
		2CB3322D1D42B2CC0000400C /* Inflater.cpp */ = {isa = PBXFileReference; fileEncoding = 4; lastKnownFileType = sourcecode.cpp.cpp; path = Inflater.cpp; sourceTree = "<group>"; };
		2CB3322E1D42B2CC0000400C /* Inflater.hpp */ = {isa = PBXFileReference; fileEncoding = 4; lastKnownFileType = sourcecode.cpp.h; path = Inflater.hpp; sourceTree = "<group>"; };
		2CB332301D42B2CC0000400C /* FrameBuffer.cpp */ = {isa = PBXFileReference; fileEncoding = 4; lastKnownFileType = sourcecode.cpp.cpp; path = FrameBuffer.cpp; sourceTree = "<group>"; };
		2CB332311D42B2CC0000400C /* FrameBuffer.hpp */ = {isa = PBXFileReference; fileEncoding = 4; lastKnownFileType = sourcecode.cpp.h; path = FrameBuffer.hpp; sourceTree = "<group>"; };
		2CB332321D42B2CC0000400C /* Render.cpp */ = {isa = PBXFileReference; fileEncoding = 4; lastKnownFileType = sourcecode.cpp.cpp; path = Render.cpp; sourceTree = "<group>"; };
		2CB332331D42B2CC0000400C /* Render.hpp */ = {isa = PBXFileReference; fileEncoding = 4; lastKnownFileType = sourcecode.cpp.h; path = Render.hpp; sourceTree = "<group>"; };
		2CB332361D42B2CC0000400C /* Shader.cpp */ = {isa = PBXFileReference; fileEncoding = 4; lastKnownFileType = sourcecode.cpp.cpp; path = Shader.cpp; sourceTree = "<group>"; };
		2CB332371D42B2CC0000400C /* Shader.hpp */ = {isa = PBXFileReference; fileEncoding = 4; lastKnownFileType = sourcecode.cpp.h; path = Shader.hpp; sourceTree = "<group>"; };
		2CB332381D42B2CC0000400C /* Texture2D.cpp */ = {isa = PBXFileReference; fileEncoding = 4; lastKnownFileType = sourcecode.cpp.cpp; path = Texture2D.cpp; sourceTree = "<group>"; };
		2CB332391D42B2CC0000400C /* Texture2D.hpp */ = {isa = PBXFileReference; fileEncoding = 4; lastKnownFileType = sourcecode.cpp.h; path = Texture2D.hpp; sourceTree = "<group>"; };
		2CB3323A1D42B2CC0000400C /* ResourceManager.cpp */ = {isa = PBXFileReference; fileEncoding = 4; lastKnownFileType = sourcecode.cpp.cpp; path = ResourceManager.cpp; sourceTree = "<group>"; };
		2CB3323B1D42B2CC0000400C /* ResourceManager.hpp */ = {isa = PBXFileReference; fileEncoding = 4; lastKnownFileType = sourcecode.cpp.h; path = ResourceManager.hpp; sourceTree = "<group>"; };
		2CB3323D1D42B2CC0000400C /* ResFont.cpp */ = {isa = PBXFileReference; fileEncoding = 4; lastKnownFileType = sourcecode.cpp.cpp; path = ResFont.cpp; sourceTree = "<group>"; };
		2CB3323E1D42B2CC0000400C /* ResFont.hpp */ = {isa = PBXFileReference; fileEncoding = 4; lastKnownFileType = sourcecode.cpp.h; path = ResFont.hpp; sourceTree = "<group>"; };
		2CB3323F1D42B2CC0000400C /* ResGradient.cpp */ = {isa = PBXFileReference; fileEncoding = 4; lastKnownFileType = sourcecode.cpp.cpp; path = ResGradient.cpp; sourceTree = "<group>"; };
		2CB332401D42B2CC0000400C /* ResGradient.hpp */ = {isa = PBXFileReference; fileEncoding = 4; lastKnownFileType = sourcecode.cpp.h; path = ResGradient.hpp; sourceTree = "<group>"; };
		2CB332411D42B2CC0000400C /* ResImage.cpp */ = {isa = PBXFileReference; fileEncoding = 4; lastKnownFileType = sourcecode.cpp.cpp; path = ResImage.cpp; sourceTree = "<group>"; };
		2CB332421D42B2CC0000400C /* ResImage.hpp */ = {isa = PBXFileReference; fileEncoding = 4; lastKnownFileType = sourcecode.cpp.h; path = ResImage.hpp; sourceTree = "<group>"; };
		2CB332431D42B2CC0000400C /* ResNinePatch.cpp */ = {isa = PBXFileReference; fileEncoding = 4; lastKnownFileType = sourcecode.cpp.cpp; path = ResNinePatch.cpp; sourceTree = "<group>"; };
		2CB332441D42B2CC0000400C /* ResNinePatch.hpp */ = {isa = PBXFileReference; fileEncoding = 4; lastKnownFileType = sourcecode.cpp.h; path = ResNinePatch.hpp; sourceTree = "<group>"; };
		2CB332451D42B2CC0000400C /* ResSTOB.cpp */ = {isa = PBXFileReference; fileEncoding = 4; lastKnownFileType = sourcecode.cpp.cpp; path = ResSTOB.cpp; sourceTree = "<group>"; };
		2CB332461D42B2CC0000400C /* ResSTOB.hpp */ = {isa = PBXFileReference; fileEncoding = 4; lastKnownFileType = sourcecode.cpp.h; path = ResSTOB.hpp; sourceTree = "<group>"; };
		2CB332471D42B2CC0000400C /* ResTexture.cpp */ = {isa = PBXFileReference; fileEncoding = 4; lastKnownFileType = sourcecode.cpp.cpp; path = ResTexture.cpp; sourceTree = "<group>"; };
		2CB332481D42B2CC0000400C /* ResTexture.hpp */ = {isa = PBXFileReference; fileEncoding = 4; lastKnownFileType = sourcecode.cpp.h; path = ResTexture.hpp; sourceTree = "<group>"; };
		2CB3324A1D42B2CC0000400C /* ClrPosShader.cpp */ = {isa = PBXFileReference; fileEncoding = 4; lastKnownFileType = sourcecode.cpp.cpp; path = ClrPosShader.cpp; sourceTree = "<group>"; };
		2CB3324B1D42B2CC0000400C /* ClrPosShader.hpp */ = {isa = PBXFileReference; fileEncoding = 4; lastKnownFileType = sourcecode.cpp.h; path = ClrPosShader.hpp; sourceTree = "<group>"; };
		2CB3324C1D42B2CC0000400C /* ColorPosShader.cpp */ = {isa = PBXFileReference; fileEncoding = 4; lastKnownFileType = sourcecode.cpp.cpp; path = ColorPosShader.cpp; sourceTree = "<group>"; };
		2CB3324D1D42B2CC0000400C /* ColorPosShader.hpp */ = {isa = PBXFileReference; fileEncoding = 4; lastKnownFileType = sourcecode.cpp.h; path = ColorPosShader.hpp; sourceTree = "<group>"; };
		2CB3324E1D42B2CC0000400C /* ColorPosTexShader.cpp */ = {isa = PBXFileReference; fileEncoding = 4; lastKnownFileType = sourcecode.cpp.cpp; path = ColorPosTexShader.cpp; sourceTree = "<group>"; };
		2CB3324F1D42B2CC0000400C /* ColorPosTexShader.hpp */ = {isa = PBXFileReference; fileEncoding = 4; lastKnownFileType = sourcecode.cpp.h; path = ColorPosTexShader.hpp; sourceTree = "<group>"; };
		2CB332501D42B2CC0000400C /* ColorShader.hpp */ = {isa = PBXFileReference; fileEncoding = 4; lastKnownFileType = sourcecode.cpp.h; path = ColorShader.hpp; sourceTree = "<group>"; };
		2CB332511D42B2CC0000400C /* PosShader.cpp */ = {isa = PBXFileReference; fileEncoding = 4; lastKnownFileType = sourcecode.cpp.cpp; path = PosShader.cpp; sourceTree = "<group>"; };
		2CB332521D42B2CC0000400C /* PosShader.hpp */ = {isa = PBXFileReference; fileEncoding = 4; lastKnownFileType = sourcecode.cpp.h; path = PosShader.hpp; sourceTree = "<group>"; };
		2CB332531D42B2CC0000400C /* PosTexShader.cpp */ = {isa = PBXFileReference; fileEncoding = 4; lastKnownFileType = sourcecode.cpp.cpp; path = PosTexShader.cpp; sourceTree = "<group>"; };
		2CB332541D42B2CC0000400C /* PosTexShader.hpp */ = {isa = PBXFileReference; fileEncoding = 4; lastKnownFileType = sourcecode.cpp.h; path = PosTexShader.hpp; sourceTree = "<group>"; };
		2CB332551D42B2CC0000400C /* SimpleBlurPosTexShader.cpp */ = {isa = PBXFileReference; fileEncoding = 4; lastKnownFileType = sourcecode.cpp.cpp; path = SimpleBlurPosTexShader.cpp; sourceTree = "<group>"; };
		2CB332561D42B2CC0000400C /* SimpleBlurPosTexShader.hpp */ = {isa = PBXFileReference; fileEncoding = 4; lastKnownFileType = sourcecode.cpp.h; path = SimpleBlurPosTexShader.hpp; sourceTree = "<group>"; };
		2CB332571D42B2CC0000400C /* SimpleGrayscalePosTexShader.cpp */ = {isa = PBXFileReference; fileEncoding = 4; lastKnownFileType = sourcecode.cpp.cpp; path = SimpleGrayscalePosTexShader.cpp; sourceTree = "<group>"; };
		2CB332581D42B2CC0000400C /* SimpleGrayscalePosTexShader.hpp */ = {isa = PBXFileReference; fileEncoding = 4; lastKnownFileType = sourcecode.cpp.h; path = SimpleGrayscalePosTexShader.hpp; sourceTree = "<group>"; };
		2CB332591D42B2CC0000400C /* Updateable.cpp */ = {isa = PBXFileReference; fileEncoding = 4; lastKnownFileType = sourcecode.cpp.cpp; path = Updateable.cpp; sourceTree = "<group>"; };
		2CB3325A1D42B2CC0000400C /* Updateable.hpp */ = {isa = PBXFileReference; fileEncoding = 4; lastKnownFileType = sourcecode.cpp.h; path = Updateable.hpp; sourceTree = "<group>"; };
		2CB3325C1D42B2CC0000400C /* Image.cpp */ = {isa = PBXFileReference; fileEncoding = 4; lastKnownFileType = sourcecode.cpp.cpp; path = Image.cpp; sourceTree = "<group>"; };
		2CB3325D1D42B2CC0000400C /* Image.hpp */ = {isa = PBXFileReference; fileEncoding = 4; lastKnownFileType = sourcecode.cpp.h; path = Image.hpp; sourceTree = "<group>"; };
		2CB3325E1D42B2CC0000400C /* keycodes.hpp */ = {isa = PBXFileReference; fileEncoding = 4; lastKnownFileType = sourcecode.cpp.h; path = keycodes.hpp; sourceTree = "<group>"; };
		2CB3325F1D42B2CC0000400C /* Sides.hpp */ = {isa = PBXFileReference; fileEncoding = 4; lastKnownFileType = sourcecode.cpp.h; path = Sides.hpp; sourceTree = "<group>"; };
		2CB332611D42B2CC0000400C /* crypt.h */ = {isa = PBXFileReference; fileEncoding = 4; lastKnownFileType = sourcecode.c.h; path = crypt.h; sourceTree = "<group>"; };
		2CB332621D42B2CC0000400C /* ioapi.cpp */ = {isa = PBXFileReference; fileEncoding = 4; lastKnownFileType = sourcecode.cpp.cpp; path = ioapi.cpp; sourceTree = "<group>"; };
		2CB332631D42B2CC0000400C /* ioapi.h */ = {isa = PBXFileReference; fileEncoding = 4; lastKnownFileType = sourcecode.c.h; path = ioapi.h; sourceTree = "<group>"; };
		2CB332641D42B2CC0000400C /* unzip.cpp */ = {isa = PBXFileReference; fileEncoding = 4; lastKnownFileType = sourcecode.cpp.cpp; path = unzip.cpp; sourceTree = "<group>"; };
		2CB332651D42B2CC0000400C /* unzip.h */ = {isa = PBXFileReference; fileEncoding = 4; lastKnownFileType = sourcecode.c.h; path = unzip.h; sourceTree = "<group>"; };
		2CB332661D42B2CC0000400C /* util.cpp */ = {isa = PBXFileReference; fileEncoding = 4; lastKnownFileType = sourcecode.cpp.cpp; path = util.cpp; sourceTree = "<group>"; };
		2CB332671D42B2CC0000400C /* util.hpp */ = {isa = PBXFileReference; fileEncoding = 4; lastKnownFileType = sourcecode.cpp.h; path = util.hpp; sourceTree = "<group>"; };
		2CB332681D42B2CC0000400C /* ZipFile.cpp */ = {isa = PBXFileReference; fileEncoding = 4; lastKnownFileType = sourcecode.cpp.cpp; path = ZipFile.cpp; sourceTree = "<group>"; };
		2CB332691D42B2CC0000400C /* ZipFile.hpp */ = {isa = PBXFileReference; fileEncoding = 4; lastKnownFileType = sourcecode.cpp.h; path = ZipFile.hpp; sourceTree = "<group>"; };
		2CB3326B1D42B2CC0000400C /* BlendWidget.cpp */ = {isa = PBXFileReference; fileEncoding = 4; lastKnownFileType = sourcecode.cpp.cpp; path = BlendWidget.cpp; sourceTree = "<group>"; };
		2CB3326C1D42B2CC0000400C /* BlendWidget.hpp */ = {isa = PBXFileReference; fileEncoding = 4; lastKnownFileType = sourcecode.cpp.h; path = BlendWidget.hpp; sourceTree = "<group>"; };
		2CB3326E1D42B2CC0000400C /* Button.cpp */ = {isa = PBXFileReference; fileEncoding = 4; lastKnownFileType = sourcecode.cpp.cpp; path = Button.cpp; sourceTree = "<group>"; };
		2CB3326F1D42B2CC0000400C /* Button.hpp */ = {isa = PBXFileReference; fileEncoding = 4; lastKnownFileType = sourcecode.cpp.h; path = Button.hpp; sourceTree = "<group>"; };
		2CB332701D42B2CC0000400C /* CheckBox.cpp */ = {isa = PBXFileReference; fileEncoding = 4; lastKnownFileType = sourcecode.cpp.cpp; path = CheckBox.cpp; sourceTree = "<group>"; };
		2CB332711D42B2CC0000400C /* CheckBox.hpp */ = {isa = PBXFileReference; fileEncoding = 4; lastKnownFileType = sourcecode.cpp.h; path = CheckBox.hpp; sourceTree = "<group>"; };
		2CB332721D42B2CC0000400C /* ChoiceButton.cpp */ = {isa = PBXFileReference; fileEncoding = 4; lastKnownFileType = sourcecode.cpp.cpp; path = ChoiceButton.cpp; sourceTree = "<group>"; };
		2CB332731D42B2CC0000400C /* ChoiceButton.hpp */ = {isa = PBXFileReference; fileEncoding = 4; lastKnownFileType = sourcecode.cpp.h; path = ChoiceButton.hpp; sourceTree = "<group>"; };
		2CB332741D42B2CC0000400C /* ChoiceGroup.cpp */ = {isa = PBXFileReference; fileEncoding = 4; lastKnownFileType = sourcecode.cpp.cpp; path = ChoiceGroup.cpp; sourceTree = "<group>"; };
		2CB332751D42B2CC0000400C /* ChoiceGroup.hpp */ = {isa = PBXFileReference; fileEncoding = 4; lastKnownFileType = sourcecode.cpp.h; path = ChoiceGroup.hpp; sourceTree = "<group>"; };
		2CB332761D42B2CC0000400C /* RadioButton.cpp */ = {isa = PBXFileReference; fileEncoding = 4; lastKnownFileType = sourcecode.cpp.cpp; path = RadioButton.cpp; sourceTree = "<group>"; };
		2CB332771D42B2CC0000400C /* RadioButton.hpp */ = {isa = PBXFileReference; fileEncoding = 4; lastKnownFileType = sourcecode.cpp.h; path = RadioButton.hpp; sourceTree = "<group>"; };
		2CB332781D42B2CC0000400C /* SimpleButton.cpp */ = {isa = PBXFileReference; fileEncoding = 4; lastKnownFileType = sourcecode.cpp.cpp; path = SimpleButton.cpp; sourceTree = "<group>"; };
		2CB332791D42B2CC0000400C /* SimpleButton.hpp */ = {isa = PBXFileReference; fileEncoding = 4; lastKnownFileType = sourcecode.cpp.h; path = SimpleButton.hpp; sourceTree = "<group>"; };
		2CB3327A1D42B2CC0000400C /* ColorWidget.cpp */ = {isa = PBXFileReference; fileEncoding = 4; lastKnownFileType = sourcecode.cpp.cpp; path = ColorWidget.cpp; sourceTree = "<group>"; };
		2CB3327B1D42B2CC0000400C /* ColorWidget.hpp */ = {isa = PBXFileReference; fileEncoding = 4; lastKnownFileType = sourcecode.cpp.h; path = ColorWidget.hpp; sourceTree = "<group>"; };
		2CB3327D1D42B2CC0000400C /* CharInputWidget.hpp */ = {isa = PBXFileReference; fileEncoding = 4; lastKnownFileType = sourcecode.cpp.h; path = CharInputWidget.hpp; sourceTree = "<group>"; };
		2CB3327F1D42B2CC0000400C /* Container.cpp */ = {isa = PBXFileReference; fileEncoding = 4; lastKnownFileType = sourcecode.cpp.cpp; path = Container.cpp; sourceTree = "<group>"; };
		2CB332801D42B2CC0000400C /* Container.hpp */ = {isa = PBXFileReference; fileEncoding = 4; lastKnownFileType = sourcecode.cpp.h; path = Container.hpp; sourceTree = "<group>"; };
		2CB332811D42B2CC0000400C /* Frame.cpp */ = {isa = PBXFileReference; fileEncoding = 4; lastKnownFileType = sourcecode.cpp.cpp; path = Frame.cpp; sourceTree = "<group>"; };
		2CB332821D42B2CC0000400C /* Frame.hpp */ = {isa = PBXFileReference; fileEncoding = 4; lastKnownFileType = sourcecode.cpp.h; path = Frame.hpp; sourceTree = "<group>"; };
		2CB332831D42B2CC0000400C /* LinearArea.cpp */ = {isa = PBXFileReference; fileEncoding = 4; lastKnownFileType = sourcecode.cpp.cpp; path = LinearArea.cpp; sourceTree = "<group>"; };
		2CB332841D42B2CC0000400C /* LinearArea.hpp */ = {isa = PBXFileReference; fileEncoding = 4; lastKnownFileType = sourcecode.cpp.h; path = LinearArea.hpp; sourceTree = "<group>"; };
		2CB332851D42B2CC0000400C /* Margins.cpp */ = {isa = PBXFileReference; fileEncoding = 4; lastKnownFileType = sourcecode.cpp.cpp; path = Margins.cpp; sourceTree = "<group>"; };
		2CB332861D42B2CC0000400C /* Margins.hpp */ = {isa = PBXFileReference; fileEncoding = 4; lastKnownFileType = sourcecode.cpp.h; path = Margins.hpp; sourceTree = "<group>"; };
		2CB332871D42B2CC0000400C /* Overlay.cpp */ = {isa = PBXFileReference; fileEncoding = 4; lastKnownFileType = sourcecode.cpp.cpp; path = Overlay.cpp; sourceTree = "<group>"; };
		2CB332881D42B2CC0000400C /* Overlay.hpp */ = {isa = PBXFileReference; fileEncoding = 4; lastKnownFileType = sourcecode.cpp.h; path = Overlay.hpp; sourceTree = "<group>"; };
		2CB332891D42B2CC0000400C /* ScrollArea.cpp */ = {isa = PBXFileReference; fileEncoding = 4; lastKnownFileType = sourcecode.cpp.cpp; path = ScrollArea.cpp; sourceTree = "<group>"; };
		2CB3328A1D42B2CC0000400C /* ScrollArea.hpp */ = {isa = PBXFileReference; fileEncoding = 4; lastKnownFileType = sourcecode.cpp.h; path = ScrollArea.hpp; sourceTree = "<group>"; };
		2CB3328B1D42B2CC0000400C /* Table.cpp */ = {isa = PBXFileReference; fileEncoding = 4; lastKnownFileType = sourcecode.cpp.cpp; path = Table.cpp; sourceTree = "<group>"; };
		2CB3328C1D42B2CC0000400C /* Table.hpp */ = {isa = PBXFileReference; fileEncoding = 4; lastKnownFileType = sourcecode.cpp.h; path = Table.hpp; sourceTree = "<group>"; };
		2CB3328D1D42B2CC0000400C /* TableRow.cpp */ = {isa = PBXFileReference; fileEncoding = 4; lastKnownFileType = sourcecode.cpp.cpp; path = TableRow.cpp; sourceTree = "<group>"; };
		2CB3328E1D42B2CC0000400C /* TableRow.hpp */ = {isa = PBXFileReference; fileEncoding = 4; lastKnownFileType = sourcecode.cpp.h; path = TableRow.hpp; sourceTree = "<group>"; };
		2CB332901D42B2CC0000400C /* KeyProxy.hpp */ = {isa = PBXFileReference; fileEncoding = 4; lastKnownFileType = sourcecode.cpp.h; path = KeyProxy.hpp; sourceTree = "<group>"; };
		2CB332911D42B2CC0000400C /* MouseProxy.cpp */ = {isa = PBXFileReference; fileEncoding = 4; lastKnownFileType = sourcecode.cpp.cpp; path = MouseProxy.cpp; sourceTree = "<group>"; };
		2CB332921D42B2CC0000400C /* MouseProxy.hpp */ = {isa = PBXFileReference; fileEncoding = 4; lastKnownFileType = sourcecode.cpp.h; path = MouseProxy.hpp; sourceTree = "<group>"; };
		2CB332931D42B2CC0000400C /* ResizeProxy.cpp */ = {isa = PBXFileReference; fileEncoding = 4; lastKnownFileType = sourcecode.cpp.cpp; path = ResizeProxy.cpp; sourceTree = "<group>"; };
		2CB332941D42B2CC0000400C /* ResizeProxy.hpp */ = {isa = PBXFileReference; fileEncoding = 4; lastKnownFileType = sourcecode.cpp.h; path = ResizeProxy.hpp; sourceTree = "<group>"; };
		2CB332951D42B2CC0000400C /* Widget.cpp */ = {isa = PBXFileReference; fileEncoding = 4; lastKnownFileType = sourcecode.cpp.cpp; path = Widget.cpp; sourceTree = "<group>"; };
		2CB332961D42B2CC0000400C /* Widget.hpp */ = {isa = PBXFileReference; fileEncoding = 4; lastKnownFileType = sourcecode.cpp.h; path = Widget.hpp; sourceTree = "<group>"; };
		2CB332971D42B2CC0000400C /* DropDownSelector.cpp */ = {isa = PBXFileReference; fileEncoding = 4; lastKnownFileType = sourcecode.cpp.cpp; path = DropDownSelector.cpp; sourceTree = "<group>"; };
		2CB332981D42B2CC0000400C /* DropDownSelector.hpp */ = {isa = PBXFileReference; fileEncoding = 4; lastKnownFileType = sourcecode.cpp.h; path = DropDownSelector.hpp; sourceTree = "<group>"; };
		2CB3329A1D42B2CC0000400C /* BlurGlass.cpp */ = {isa = PBXFileReference; fileEncoding = 4; lastKnownFileType = sourcecode.cpp.cpp; path = BlurGlass.cpp; sourceTree = "<group>"; };
		2CB3329B1D42B2CC0000400C /* BlurGlass.hpp */ = {isa = PBXFileReference; fileEncoding = 4; lastKnownFileType = sourcecode.cpp.h; path = BlurGlass.hpp; sourceTree = "<group>"; };
		2CB3329C1D42B2CC0000400C /* ColorLabel.cpp */ = {isa = PBXFileReference; fileEncoding = 4; lastKnownFileType = sourcecode.cpp.cpp; path = ColorLabel.cpp; sourceTree = "<group>"; };
		2CB3329D1D42B2CC0000400C /* ColorLabel.hpp */ = {isa = PBXFileReference; fileEncoding = 4; lastKnownFileType = sourcecode.cpp.h; path = ColorLabel.hpp; sourceTree = "<group>"; };
		2CB3329E1D42B2CC0000400C /* GreyscaleGlass.cpp */ = {isa = PBXFileReference; fileEncoding = 4; lastKnownFileType = sourcecode.cpp.cpp; path = GreyscaleGlass.cpp; sourceTree = "<group>"; };
		2CB3329F1D42B2CC0000400C /* GreyscaleGlass.hpp */ = {isa = PBXFileReference; fileEncoding = 4; lastKnownFileType = sourcecode.cpp.h; path = GreyscaleGlass.hpp; sourceTree = "<group>"; };
		2CB332A01D42B2CC0000400C /* ImageLabel.cpp */ = {isa = PBXFileReference; fileEncoding = 4; lastKnownFileType = sourcecode.cpp.cpp; path = ImageLabel.cpp; sourceTree = "<group>"; };
		2CB332A11D42B2CC0000400C /* ImageLabel.hpp */ = {isa = PBXFileReference; fileEncoding = 4; lastKnownFileType = sourcecode.cpp.h; path = ImageLabel.hpp; sourceTree = "<group>"; };
		2CB332A21D42B2CC0000400C /* TextLabel.cpp */ = {isa = PBXFileReference; fileEncoding = 4; lastKnownFileType = sourcecode.cpp.cpp; path = TextLabel.cpp; sourceTree = "<group>"; };
		2CB332A31D42B2CC0000400C /* TextLabel.hpp */ = {isa = PBXFileReference; fileEncoding = 4; lastKnownFileType = sourcecode.cpp.h; path = TextLabel.hpp; sourceTree = "<group>"; };
		2CB332A41D42B2CC0000400C /* List.cpp */ = {isa = PBXFileReference; fileEncoding = 4; lastKnownFileType = sourcecode.cpp.cpp; path = List.cpp; sourceTree = "<group>"; };
		2CB332A51D42B2CC0000400C /* List.hpp */ = {isa = PBXFileReference; fileEncoding = 4; lastKnownFileType = sourcecode.cpp.h; path = List.hpp; sourceTree = "<group>"; };
		2CB332A61D42B2CC0000400C /* NinePatch.cpp */ = {isa = PBXFileReference; fileEncoding = 4; lastKnownFileType = sourcecode.cpp.cpp; path = NinePatch.cpp; sourceTree = "<group>"; };
		2CB332A71D42B2CC0000400C /* NinePatch.hpp */ = {isa = PBXFileReference; fileEncoding = 4; lastKnownFileType = sourcecode.cpp.h; path = NinePatch.hpp; sourceTree = "<group>"; };
		2CB332A91D42B2CC0000400C /* Slider.cpp */ = {isa = PBXFileReference; fileEncoding = 4; lastKnownFileType = sourcecode.cpp.cpp; path = Slider.cpp; sourceTree = "<group>"; };
		2CB332AA1D42B2CC0000400C /* Slider.hpp */ = {isa = PBXFileReference; fileEncoding = 4; lastKnownFileType = sourcecode.cpp.h; path = Slider.hpp; sourceTree = "<group>"; };
		2CB332AB1D42B2CC0000400C /* TextField.cpp */ = {isa = PBXFileReference; fileEncoding = 4; lastKnownFileType = sourcecode.cpp.cpp; path = TextField.cpp; sourceTree = "<group>"; };
		2CB332AC1D42B2CC0000400C /* TextField.hpp */ = {isa = PBXFileReference; fileEncoding = 4; lastKnownFileType = sourcecode.cpp.h; path = TextField.hpp; sourceTree = "<group>"; };
		2CB332AD1D42B2CC0000400C /* TextInput.cpp */ = {isa = PBXFileReference; fileEncoding = 4; lastKnownFileType = sourcecode.cpp.cpp; path = TextInput.cpp; sourceTree = "<group>"; };
		2CB332AE1D42B2CC0000400C /* TextInput.hpp */ = {isa = PBXFileReference; fileEncoding = 4; lastKnownFileType = sourcecode.cpp.h; path = TextInput.hpp; sourceTree = "<group>"; };
		2CB332AF1D42B2CC0000400C /* TextWidget.cpp */ = {isa = PBXFileReference; fileEncoding = 4; lastKnownFileType = sourcecode.cpp.cpp; path = TextWidget.cpp; sourceTree = "<group>"; };
		2CB332B01D42B2CC0000400C /* TextWidget.hpp */ = {isa = PBXFileReference; fileEncoding = 4; lastKnownFileType = sourcecode.cpp.h; path = TextWidget.hpp; sourceTree = "<group>"; };
		2CB332B11D42B2CC0000400C /* TreeView.cpp */ = {isa = PBXFileReference; fileEncoding = 4; lastKnownFileType = sourcecode.cpp.cpp; path = TreeView.cpp; sourceTree = "<group>"; };
		2CB332B21D42B2CC0000400C /* TreeView.hpp */ = {isa = PBXFileReference; fileEncoding = 4; lastKnownFileType = sourcecode.cpp.h; path = TreeView.hpp; sourceTree = "<group>"; };
		2CB332B31D42B2CC0000400C /* Window.cpp */ = {isa = PBXFileReference; fileEncoding = 4; lastKnownFileType = sourcecode.cpp.cpp; path = Window.cpp; sourceTree = "<group>"; };
		2CB332B41D42B2CC0000400C /* Window.hpp */ = {isa = PBXFileReference; fileEncoding = 4; lastKnownFileType = sourcecode.cpp.h; path = Window.hpp; sourceTree = "<group>"; };
		2CB332FB1D42B39A0000400C /* main.mm */ = {isa = PBXFileReference; fileEncoding = 4; lastKnownFileType = sourcecode.cpp.objcpp; path = main.mm; sourceTree = "<group>"; };
		2CC8807B1D3AE2BB00CFCA50 /* morda_res */ = {isa = PBXFileReference; lastKnownFileType = folder; name = morda_res; path = ../../morda_res; sourceTree = "<group>"; };
		88E415AE30DEBB436F57FDE6 /* libPods.a */ = {isa = PBXFileReference; explicitFileType = archive.ar; includeInIndex = 0; path = libPods.a; sourceTree = BUILT_PRODUCTS_DIR; };
		957ADA57ADC66A3BC19FCC35 /* Pods.debug.xcconfig */ = {isa = PBXFileReference; includeInIndex = 1; lastKnownFileType = text.xcconfig; name = Pods.debug.xcconfig; path = "Pods/Target Support Files/Pods/Pods.debug.xcconfig"; sourceTree = "<group>"; };
		967293761C66B4EF58D038F6 /* libPods-morda_test.a */ = {isa = PBXFileReference; explicitFileType = archive.ar; includeInIndex = 0; path = "libPods-morda_test.a"; sourceTree = BUILT_PRODUCTS_DIR; };
		BD9938C87FEF8F2061DB3891 /* Pods-morda_test.debug.xcconfig */ = {isa = PBXFileReference; includeInIndex = 1; lastKnownFileType = text.xcconfig; name = "Pods-morda_test.debug.xcconfig"; path = "Pods/Target Support Files/Pods-morda_test/Pods-morda_test.debug.xcconfig"; sourceTree = "<group>"; };
/* End PBXFileReference section */

/* Begin PBXFrameworksBuildPhase section */
		2C6512911C0A60F700D295F5 /* Frameworks */ = {
			isa = PBXFrameworksBuildPhase;
			buildActionMask = 2147483647;
			files = (
				2C6512A01C0A60F700D295F5 /* OpenGLES.framework in Frameworks */,
				2C65129A1C0A60F700D295F5 /* CoreGraphics.framework in Frameworks */,
				2C65129C1C0A60F700D295F5 /* UIKit.framework in Frameworks */,
				2C65129E1C0A60F700D295F5 /* GLKit.framework in Frameworks */,
				2C6512981C0A60F700D295F5 /* Foundation.framework in Frameworks */,
				086D5B4B0BE9CDAADF5A9235 /* libPods-morda_test.a in Frameworks */,
			);
			runOnlyForDeploymentPostprocessing = 0;
		};
		2C6512BD1C0A60F800D295F5 /* Frameworks */ = {
			isa = PBXFrameworksBuildPhase;
			buildActionMask = 2147483647;
			files = (
				2C6512C21C0A60F800D295F5 /* XCTest.framework in Frameworks */,
				2C6512C41C0A60F800D295F5 /* UIKit.framework in Frameworks */,
				2C6512C31C0A60F800D295F5 /* Foundation.framework in Frameworks */,
			);
			runOnlyForDeploymentPostprocessing = 0;
		};
/* End PBXFrameworksBuildPhase section */

/* Begin PBXGroup section */
		2C65128B1C0A60F700D295F5 = {
			isa = PBXGroup;
			children = (
				2CB332151D42B2CC0000400C /* morda */,
				2C6512A11C0A60F700D295F5 /* morda_test */,
				2C6512961C0A60F700D295F5 /* Frameworks */,
				2C6512951C0A60F700D295F5 /* Products */,
				9159E506000EE6739E81F6BD /* Pods */,
			);
			sourceTree = "<group>";
		};
		2C6512951C0A60F700D295F5 /* Products */ = {
			isa = PBXGroup;
			children = (
				2C6512941C0A60F700D295F5 /* morda_test.app */,
				2C6512C01C0A60F800D295F5 /* morda_testTests.xctest */,
			);
			name = Products;
			sourceTree = "<group>";
		};
		2C6512961C0A60F700D295F5 /* Frameworks */ = {
			isa = PBXGroup;
			children = (
				2C6512971C0A60F700D295F5 /* Foundation.framework */,
				2C6512991C0A60F700D295F5 /* CoreGraphics.framework */,
				2C65129B1C0A60F700D295F5 /* UIKit.framework */,
				2C65129D1C0A60F700D295F5 /* GLKit.framework */,
				2C65129F1C0A60F700D295F5 /* OpenGLES.framework */,
				2C6512C11C0A60F800D295F5 /* XCTest.framework */,
				88E415AE30DEBB436F57FDE6 /* libPods.a */,
				967293761C66B4EF58D038F6 /* libPods-morda_test.a */,
			);
			name = Frameworks;
			sourceTree = "<group>";
		};
		2C6512A11C0A60F700D295F5 /* morda_test */ = {
			isa = PBXGroup;
			children = (
				2CC8807B1D3AE2BB00CFCA50 /* morda_res */,
				2C547A831C2F4E930079154C /* res */,
				2C547A771C2F2C1E0079154C /* main.cpp */,
				2C6512B31C0A60F800D295F5 /* Shader.fsh */,
				2C6512B51C0A60F800D295F5 /* Shader.vsh */,
				2C6512BA1C0A60F800D295F5 /* Images.xcassets */,
				2C6512A21C0A60F700D295F5 /* Supporting Files */,
			);
			path = morda_test;
			sourceTree = "<group>";
		};
		2C6512A21C0A60F700D295F5 /* Supporting Files */ = {
			isa = PBXGroup;
			children = (
				2C6512A31C0A60F700D295F5 /* morda_test-Info.plist */,
				2C6512A41C0A60F700D295F5 /* InfoPlist.strings */,
				2C6512A91C0A60F700D295F5 /* morda_test-Prefix.pch */,
			);
			name = "Supporting Files";
			sourceTree = "<group>";
		};
		2CB332151D42B2CC0000400C /* morda */ = {
			isa = PBXGroup;
			children = (
				2CB332161D42B2CC0000400C /* App.cpp */,
				2CB332171D42B2CC0000400C /* App.hpp */,
				2CB332181D42B2CC0000400C /* AppFactory.hpp */,
				2CB332191D42B2CC0000400C /* config.hpp */,
				2CB3321A1D42B2CC0000400C /* Exc.hpp */,
				2CB3321B1D42B2CC0000400C /* fonts */,
				2CB3321F1D42B2CC0000400C /* glue */,
				2CB3322D1D42B2CC0000400C /* Inflater.cpp */,
				2CB3322E1D42B2CC0000400C /* Inflater.hpp */,
				2CB3322F1D42B2CC0000400C /* render */,
				2CB3323A1D42B2CC0000400C /* ResourceManager.cpp */,
				2CB3323B1D42B2CC0000400C /* ResourceManager.hpp */,
				2CB3323C1D42B2CC0000400C /* resources */,
				2CB332491D42B2CC0000400C /* shaders */,
				2CB332591D42B2CC0000400C /* Updateable.cpp */,
				2CB3325A1D42B2CC0000400C /* Updateable.hpp */,
				2CB3325B1D42B2CC0000400C /* util */,
				2CB3326A1D42B2CC0000400C /* widgets */,
			);
			name = morda;
			path = ../src/morda;
			sourceTree = "<group>";
		};
		2CB3321B1D42B2CC0000400C /* fonts */ = {
			isa = PBXGroup;
			children = (
				2CB3321C1D42B2CC0000400C /* Font.hpp */,
				2CB3321D1D42B2CC0000400C /* TexFont.cpp */,
				2CB3321E1D42B2CC0000400C /* TexFont.hpp */,
			);
			path = fonts;
			sourceTree = "<group>";
		};
		2CB3321F1D42B2CC0000400C /* glue */ = {
			isa = PBXGroup;
			children = (
				2CB332241D42B2CC0000400C /* ios */,
				2CB3322A1D42B2CC0000400C /* main.cpp */,
			);
			path = glue;
			sourceTree = "<group>";
		};
		2CB332241D42B2CC0000400C /* ios */ = {
			isa = PBXGroup;
			children = (
				2CB332FB1D42B39A0000400C /* main.mm */,
			);
			path = ios;
			sourceTree = "<group>";
		};
		2CB3322F1D42B2CC0000400C /* render */ = {
			isa = PBXGroup;
			children = (
				2CB332301D42B2CC0000400C /* FrameBuffer.cpp */,
				2CB332311D42B2CC0000400C /* FrameBuffer.hpp */,
				2CB332321D42B2CC0000400C /* Render.cpp */,
				2CB332331D42B2CC0000400C /* Render.hpp */,
				2CB332361D42B2CC0000400C /* Shader.cpp */,
				2CB332371D42B2CC0000400C /* Shader.hpp */,
				2CB332381D42B2CC0000400C /* Texture2D.cpp */,
				2CB332391D42B2CC0000400C /* Texture2D.hpp */,
			);
			path = render;
			sourceTree = "<group>";
		};
		2CB3323C1D42B2CC0000400C /* resources */ = {
			isa = PBXGroup;
			children = (
				2CB3323D1D42B2CC0000400C /* ResFont.cpp */,
				2CB3323E1D42B2CC0000400C /* ResFont.hpp */,
				2CB3323F1D42B2CC0000400C /* ResGradient.cpp */,
				2CB332401D42B2CC0000400C /* ResGradient.hpp */,
				2CB332411D42B2CC0000400C /* ResImage.cpp */,
				2CB332421D42B2CC0000400C /* ResImage.hpp */,
				2CB332431D42B2CC0000400C /* ResNinePatch.cpp */,
				2CB332441D42B2CC0000400C /* ResNinePatch.hpp */,
				2CB332451D42B2CC0000400C /* ResSTOB.cpp */,
				2CB332461D42B2CC0000400C /* ResSTOB.hpp */,
				2CB332471D42B2CC0000400C /* ResTexture.cpp */,
				2CB332481D42B2CC0000400C /* ResTexture.hpp */,
			);
			path = resources;
			sourceTree = "<group>";
		};
		2CB332491D42B2CC0000400C /* shaders */ = {
			isa = PBXGroup;
			children = (
				2CB3324A1D42B2CC0000400C /* ClrPosShader.cpp */,
				2CB3324B1D42B2CC0000400C /* ClrPosShader.hpp */,
				2CB3324C1D42B2CC0000400C /* ColorPosShader.cpp */,
				2CB3324D1D42B2CC0000400C /* ColorPosShader.hpp */,
				2CB3324E1D42B2CC0000400C /* ColorPosTexShader.cpp */,
				2CB3324F1D42B2CC0000400C /* ColorPosTexShader.hpp */,
				2CB332501D42B2CC0000400C /* ColorShader.hpp */,
				2CB332511D42B2CC0000400C /* PosShader.cpp */,
				2CB332521D42B2CC0000400C /* PosShader.hpp */,
				2CB332531D42B2CC0000400C /* PosTexShader.cpp */,
				2CB332541D42B2CC0000400C /* PosTexShader.hpp */,
				2CB332551D42B2CC0000400C /* SimpleBlurPosTexShader.cpp */,
				2CB332561D42B2CC0000400C /* SimpleBlurPosTexShader.hpp */,
				2CB332571D42B2CC0000400C /* SimpleGrayscalePosTexShader.cpp */,
				2CB332581D42B2CC0000400C /* SimpleGrayscalePosTexShader.hpp */,
			);
			path = shaders;
			sourceTree = "<group>";
		};
		2CB3325B1D42B2CC0000400C /* util */ = {
			isa = PBXGroup;
			children = (
				2CB3325C1D42B2CC0000400C /* Image.cpp */,
				2CB3325D1D42B2CC0000400C /* Image.hpp */,
				2CB3325E1D42B2CC0000400C /* keycodes.hpp */,
				2CB3325F1D42B2CC0000400C /* Sides.hpp */,
				2CB332601D42B2CC0000400C /* unzip */,
				2CB332661D42B2CC0000400C /* util.cpp */,
				2CB332671D42B2CC0000400C /* util.hpp */,
				2CB332681D42B2CC0000400C /* ZipFile.cpp */,
				2CB332691D42B2CC0000400C /* ZipFile.hpp */,
			);
			path = util;
			sourceTree = "<group>";
		};
		2CB332601D42B2CC0000400C /* unzip */ = {
			isa = PBXGroup;
			children = (
				2CB332611D42B2CC0000400C /* crypt.h */,
				2CB332621D42B2CC0000400C /* ioapi.cpp */,
				2CB332631D42B2CC0000400C /* ioapi.h */,
				2CB332641D42B2CC0000400C /* unzip.cpp */,
				2CB332651D42B2CC0000400C /* unzip.h */,
			);
			path = unzip;
			sourceTree = "<group>";
		};
		2CB3326A1D42B2CC0000400C /* widgets */ = {
			isa = PBXGroup;
			children = (
				2CB3326B1D42B2CC0000400C /* BlendWidget.cpp */,
				2CB3326C1D42B2CC0000400C /* BlendWidget.hpp */,
				2CB3326D1D42B2CC0000400C /* button */,
				2CB3327A1D42B2CC0000400C /* ColorWidget.cpp */,
				2CB3327B1D42B2CC0000400C /* ColorWidget.hpp */,
				2CB3327C1D42B2CC0000400C /* core */,
				2CB332971D42B2CC0000400C /* DropDownSelector.cpp */,
				2CB332981D42B2CC0000400C /* DropDownSelector.hpp */,
				2CB332991D42B2CC0000400C /* label */,
				2CB332A41D42B2CC0000400C /* List.cpp */,
				2CB332A51D42B2CC0000400C /* List.hpp */,
				2CB332A61D42B2CC0000400C /* NinePatch.cpp */,
				2CB332A71D42B2CC0000400C /* NinePatch.hpp */,
				2CB332A81D42B2CC0000400C /* slider */,
				2CB332AB1D42B2CC0000400C /* TextField.cpp */,
				2CB332AC1D42B2CC0000400C /* TextField.hpp */,
				2CB332AD1D42B2CC0000400C /* TextInput.cpp */,
				2CB332AE1D42B2CC0000400C /* TextInput.hpp */,
				2CB332AF1D42B2CC0000400C /* TextWidget.cpp */,
				2CB332B01D42B2CC0000400C /* TextWidget.hpp */,
				2CB332B11D42B2CC0000400C /* TreeView.cpp */,
				2CB332B21D42B2CC0000400C /* TreeView.hpp */,
				2CB332B31D42B2CC0000400C /* Window.cpp */,
				2CB332B41D42B2CC0000400C /* Window.hpp */,
			);
			path = widgets;
			sourceTree = "<group>";
		};
		2CB3326D1D42B2CC0000400C /* button */ = {
			isa = PBXGroup;
			children = (
				2CB3326E1D42B2CC0000400C /* Button.cpp */,
				2CB3326F1D42B2CC0000400C /* Button.hpp */,
				2CB332701D42B2CC0000400C /* CheckBox.cpp */,
				2CB332711D42B2CC0000400C /* CheckBox.hpp */,
				2CB332721D42B2CC0000400C /* ChoiceButton.cpp */,
				2CB332731D42B2CC0000400C /* ChoiceButton.hpp */,
				2CB332741D42B2CC0000400C /* ChoiceGroup.cpp */,
				2CB332751D42B2CC0000400C /* ChoiceGroup.hpp */,
				2CB332761D42B2CC0000400C /* RadioButton.cpp */,
				2CB332771D42B2CC0000400C /* RadioButton.hpp */,
				2CB332781D42B2CC0000400C /* SimpleButton.cpp */,
				2CB332791D42B2CC0000400C /* SimpleButton.hpp */,
			);
			path = button;
			sourceTree = "<group>";
		};
		2CB3327C1D42B2CC0000400C /* core */ = {
			isa = PBXGroup;
			children = (
				2CB3327D1D42B2CC0000400C /* CharInputWidget.hpp */,
				2CB3327E1D42B2CC0000400C /* container */,
				2CB3328F1D42B2CC0000400C /* proxy */,
				2CB332951D42B2CC0000400C /* Widget.cpp */,
				2CB332961D42B2CC0000400C /* Widget.hpp */,
			);
			path = core;
			sourceTree = "<group>";
		};
		2CB3327E1D42B2CC0000400C /* container */ = {
			isa = PBXGroup;
			children = (
				2CB3327F1D42B2CC0000400C /* Container.cpp */,
				2CB332801D42B2CC0000400C /* Container.hpp */,
				2CB332811D42B2CC0000400C /* Frame.cpp */,
				2CB332821D42B2CC0000400C /* Frame.hpp */,
				2CB332831D42B2CC0000400C /* LinearArea.cpp */,
				2CB332841D42B2CC0000400C /* LinearArea.hpp */,
				2CB332851D42B2CC0000400C /* Margins.cpp */,
				2CB332861D42B2CC0000400C /* Margins.hpp */,
				2CB332871D42B2CC0000400C /* Overlay.cpp */,
				2CB332881D42B2CC0000400C /* Overlay.hpp */,
				2CB332891D42B2CC0000400C /* ScrollArea.cpp */,
				2CB3328A1D42B2CC0000400C /* ScrollArea.hpp */,
				2CB3328B1D42B2CC0000400C /* Table.cpp */,
				2CB3328C1D42B2CC0000400C /* Table.hpp */,
				2CB3328D1D42B2CC0000400C /* TableRow.cpp */,
				2CB3328E1D42B2CC0000400C /* TableRow.hpp */,
			);
			path = container;
			sourceTree = "<group>";
		};
		2CB3328F1D42B2CC0000400C /* proxy */ = {
			isa = PBXGroup;
			children = (
				2CB332901D42B2CC0000400C /* KeyProxy.hpp */,
				2CB332911D42B2CC0000400C /* MouseProxy.cpp */,
				2CB332921D42B2CC0000400C /* MouseProxy.hpp */,
				2CB332931D42B2CC0000400C /* ResizeProxy.cpp */,
				2CB332941D42B2CC0000400C /* ResizeProxy.hpp */,
			);
			path = proxy;
			sourceTree = "<group>";
		};
		2CB332991D42B2CC0000400C /* label */ = {
			isa = PBXGroup;
			children = (
				2CB3329A1D42B2CC0000400C /* BlurGlass.cpp */,
				2CB3329B1D42B2CC0000400C /* BlurGlass.hpp */,
				2CB3329C1D42B2CC0000400C /* ColorLabel.cpp */,
				2CB3329D1D42B2CC0000400C /* ColorLabel.hpp */,
				2CB3329E1D42B2CC0000400C /* GreyscaleGlass.cpp */,
				2CB3329F1D42B2CC0000400C /* GreyscaleGlass.hpp */,
				2CB332A01D42B2CC0000400C /* ImageLabel.cpp */,
				2CB332A11D42B2CC0000400C /* ImageLabel.hpp */,
				2CB332A21D42B2CC0000400C /* TextLabel.cpp */,
				2CB332A31D42B2CC0000400C /* TextLabel.hpp */,
			);
			path = label;
			sourceTree = "<group>";
		};
		2CB332A81D42B2CC0000400C /* slider */ = {
			isa = PBXGroup;
			children = (
				2CB332A91D42B2CC0000400C /* Slider.cpp */,
				2CB332AA1D42B2CC0000400C /* Slider.hpp */,
			);
			path = slider;
			sourceTree = "<group>";
		};
		9159E506000EE6739E81F6BD /* Pods */ = {
			isa = PBXGroup;
			children = (
				957ADA57ADC66A3BC19FCC35 /* Pods.debug.xcconfig */,
				092CF4F2F5A713FD722963EA /* Pods.release.xcconfig */,
				BD9938C87FEF8F2061DB3891 /* Pods-morda_test.debug.xcconfig */,
				0874090BE77D2F5551D0E2EB /* Pods-morda_test.release.xcconfig */,
			);
			name = Pods;
			sourceTree = "<group>";
		};
/* End PBXGroup section */

/* Begin PBXNativeTarget section */
		2C6512931C0A60F700D295F5 /* morda_test */ = {
			isa = PBXNativeTarget;
			buildConfigurationList = 2C6512D11C0A60F800D295F5 /* Build configuration list for PBXNativeTarget "morda_test" */;
			buildPhases = (
				F22B00F0D8B8746D93E68AAA /* [CP] Check Pods Manifest.lock */,
				2C6512901C0A60F700D295F5 /* Sources */,
				2C6512911C0A60F700D295F5 /* Frameworks */,
				2C6512921C0A60F700D295F5 /* Resources */,
				DBDA6EA64039FDBD09841E4A /* [CP] Embed Pods Frameworks */,
				3B945CDFD6CDB84BFD634679 /* [CP] Copy Pods Resources */,
			);
			buildRules = (
			);
			dependencies = (
			);
			name = morda_test;
			productName = morda_test;
			productReference = 2C6512941C0A60F700D295F5 /* morda_test.app */;
			productType = "com.apple.product-type.application";
		};
		2C6512BF1C0A60F800D295F5 /* morda_testTests */ = {
			isa = PBXNativeTarget;
			buildConfigurationList = 2C6512D41C0A60F800D295F5 /* Build configuration list for PBXNativeTarget "morda_testTests" */;
			buildPhases = (
				2C6512BC1C0A60F800D295F5 /* Sources */,
				2C6512BD1C0A60F800D295F5 /* Frameworks */,
				2C6512BE1C0A60F800D295F5 /* Resources */,
			);
			buildRules = (
			);
			dependencies = (
				2C6512C61C0A60F800D295F5 /* PBXTargetDependency */,
			);
			name = morda_testTests;
			productName = morda_testTests;
			productReference = 2C6512C01C0A60F800D295F5 /* morda_testTests.xctest */;
			productType = "com.apple.product-type.bundle.unit-test";
		};
/* End PBXNativeTarget section */

/* Begin PBXProject section */
		2C65128C1C0A60F700D295F5 /* Project object */ = {
			isa = PBXProject;
			attributes = {
				LastUpgradeCheck = 0710;
				ORGANIZATIONNAME = org.igagis;
				TargetAttributes = {
					2C6512BF1C0A60F800D295F5 = {
						TestTargetID = 2C6512931C0A60F700D295F5;
					};
				};
			};
			buildConfigurationList = 2C65128F1C0A60F700D295F5 /* Build configuration list for PBXProject "morda_test" */;
			compatibilityVersion = "Xcode 3.2";
			developmentRegion = English;
			hasScannedForEncodings = 0;
			knownRegions = (
				en,
				Base,
			);
			mainGroup = 2C65128B1C0A60F700D295F5;
			productRefGroup = 2C6512951C0A60F700D295F5 /* Products */;
			projectDirPath = "";
			projectRoot = "";
			targets = (
				2C6512931C0A60F700D295F5 /* morda_test */,
				2C6512BF1C0A60F800D295F5 /* morda_testTests */,
			);
		};
/* End PBXProject section */

/* Begin PBXResourcesBuildPhase section */
		2C6512921C0A60F700D295F5 /* Resources */ = {
			isa = PBXResourcesBuildPhase;
			buildActionMask = 2147483647;
			files = (
				2C6512B41C0A60F800D295F5 /* Shader.fsh in Resources */,
				2C6512BB1C0A60F800D295F5 /* Images.xcassets in Resources */,
				2C6512A61C0A60F700D295F5 /* InfoPlist.strings in Resources */,
				2C547A841C2F4E930079154C /* res in Resources */,
				2C6512B61C0A60F800D295F5 /* Shader.vsh in Resources */,
				2CC8807C1D3AE2BB00CFCA50 /* morda_res in Resources */,
			);
			runOnlyForDeploymentPostprocessing = 0;
		};
		2C6512BE1C0A60F800D295F5 /* Resources */ = {
			isa = PBXResourcesBuildPhase;
			buildActionMask = 2147483647;
			files = (
			);
			runOnlyForDeploymentPostprocessing = 0;
		};
/* End PBXResourcesBuildPhase section */

/* Begin PBXShellScriptBuildPhase section */
		3B945CDFD6CDB84BFD634679 /* [CP] Copy Pods Resources */ = {
			isa = PBXShellScriptBuildPhase;
			buildActionMask = 2147483647;
			files = (
			);
			inputPaths = (
			);
			name = "[CP] Copy Pods Resources";
			outputPaths = (
			);
			runOnlyForDeploymentPostprocessing = 0;
			shellPath = /bin/sh;
			shellScript = "\"${SRCROOT}/Pods/Target Support Files/Pods-morda_test/Pods-morda_test-resources.sh\"\n";
			showEnvVarsInLog = 0;
		};
		DBDA6EA64039FDBD09841E4A /* [CP] Embed Pods Frameworks */ = {
			isa = PBXShellScriptBuildPhase;
			buildActionMask = 2147483647;
			files = (
			);
			inputPaths = (
			);
			name = "[CP] Embed Pods Frameworks";
			outputPaths = (
			);
			runOnlyForDeploymentPostprocessing = 0;
			shellPath = /bin/sh;
			shellScript = "\"${SRCROOT}/Pods/Target Support Files/Pods-morda_test/Pods-morda_test-frameworks.sh\"\n";
			showEnvVarsInLog = 0;
		};
		F22B00F0D8B8746D93E68AAA /* [CP] Check Pods Manifest.lock */ = {
			isa = PBXShellScriptBuildPhase;
			buildActionMask = 2147483647;
			files = (
			);
			inputPaths = (
			);
			name = "[CP] Check Pods Manifest.lock";
			outputPaths = (
			);
			runOnlyForDeploymentPostprocessing = 0;
			shellPath = /bin/sh;
			shellScript = "diff \"${PODS_ROOT}/../Podfile.lock\" \"${PODS_ROOT}/Manifest.lock\" > /dev/null\nif [[ $? != 0 ]] ; then\n    cat << EOM\nerror: The sandbox is not in sync with the Podfile.lock. Run 'pod install' or update your CocoaPods installation.\nEOM\n    exit 1\nfi\n";
			showEnvVarsInLog = 0;
		};
/* End PBXShellScriptBuildPhase section */

/* Begin PBXSourcesBuildPhase section */
		2C6512901C0A60F700D295F5 /* Sources */ = {
			isa = PBXSourcesBuildPhase;
			buildActionMask = 2147483647;
			files = (
				2CB332E21D42B2CC0000400C /* Container.cpp in Sources */,
				2CB332EA1D42B2CC0000400C /* MouseProxy.cpp in Sources */,
				2CB332BF1D42B2CC0000400C /* Inflater.cpp in Sources */,
				2CB332ED1D42B2CC0000400C /* DropDownSelector.cpp in Sources */,
				2CB332CE1D42B2CC0000400C /* ColorPosShader.cpp in Sources */,
				2CB332F81D42B2CC0000400C /* TextWidget.cpp in Sources */,
				2CB332B61D42B2CC0000400C /* TexFont.cpp in Sources */,
				2CB332D21D42B2CC0000400C /* SimpleBlurPosTexShader.cpp in Sources */,
				2CB332CD1D42B2CC0000400C /* ClrPosShader.cpp in Sources */,
				2CB332EB1D42B2CC0000400C /* ResizeProxy.cpp in Sources */,
				2CB332C71D42B2CC0000400C /* ResFont.cpp in Sources */,
				2CB332D41D42B2CC0000400C /* Updateable.cpp in Sources */,
				2CB332E91D42B2CC0000400C /* TableRow.cpp in Sources */,
				2CB332DD1D42B2CC0000400C /* ChoiceButton.cpp in Sources */,
				2CB332FC1D42B39A0000400C /* main.mm in Sources */,
				2CB332F11D42B2CC0000400C /* ImageLabel.cpp in Sources */,
				2CB332F91D42B2CC0000400C /* TreeView.cpp in Sources */,
				2CB332C41D42B2CC0000400C /* Shader.cpp in Sources */,
				2CB332CC1D42B2CC0000400C /* ResTexture.cpp in Sources */,
				2CB332E51D42B2CC0000400C /* Margins.cpp in Sources */,
				2CB332EF1D42B2CC0000400C /* ColorLabel.cpp in Sources */,
				2CB332CB1D42B2CC0000400C /* ResSTOB.cpp in Sources */,
				2CB332CA1D42B2CC0000400C /* ResNinePatch.cpp in Sources */,
				2CB332CF1D42B2CC0000400C /* ColorPosTexShader.cpp in Sources */,
				2CB332C91D42B2CC0000400C /* ResImage.cpp in Sources */,
				2CB332C51D42B2CC0000400C /* Texture2D.cpp in Sources */,
				2CB332F71D42B2CC0000400C /* TextInput.cpp in Sources */,
				2CB332C01D42B2CC0000400C /* FrameBuffer.cpp in Sources */,
				2CB332D11D42B2CC0000400C /* PosTexShader.cpp in Sources */,
				2CB332DF1D42B2CC0000400C /* RadioButton.cpp in Sources */,
				2CB332F21D42B2CC0000400C /* TextLabel.cpp in Sources */,
				2CB332F51D42B2CC0000400C /* Slider.cpp in Sources */,
				2CB332D61D42B2CC0000400C /* ioapi.cpp in Sources */,
				2CB332C81D42B2CC0000400C /* ResGradient.cpp in Sources */,
				2C547A781C2F2C1E0079154C /* main.cpp in Sources */,
				2CB332DC1D42B2CC0000400C /* CheckBox.cpp in Sources */,
				2CB332D91D42B2CC0000400C /* ZipFile.cpp in Sources */,
				2CB332D81D42B2CC0000400C /* util.cpp in Sources */,
				2CB332F31D42B2CC0000400C /* List.cpp in Sources */,
				2CB332DE1D42B2CC0000400C /* ChoiceGroup.cpp in Sources */,
				2CB332C11D42B2CC0000400C /* Render.cpp in Sources */,
				2CB332B51D42B2CC0000400C /* App.cpp in Sources */,
				2CB332F01D42B2CC0000400C /* GreyscaleGlass.cpp in Sources */,
				2CB332E61D42B2CC0000400C /* Overlay.cpp in Sources */,
				2CB332D31D42B2CC0000400C /* SimpleGrayscalePosTexShader.cpp in Sources */,
				2CB332C61D42B2CC0000400C /* ResourceManager.cpp in Sources */,
				2CB332BD1D42B2CC0000400C /* main.cpp in Sources */,
				2CB332D71D42B2CC0000400C /* unzip.cpp in Sources */,
				2CB332F41D42B2CC0000400C /* NinePatch.cpp in Sources */,
				2CB332EE1D42B2CC0000400C /* BlurGlass.cpp in Sources */,
				2CB332E41D42B2CC0000400C /* LinearArea.cpp in Sources */,
				2CB332E81D42B2CC0000400C /* Table.cpp in Sources */,
				2CB332F61D42B2CC0000400C /* TextField.cpp in Sources */,
				2CB332E11D42B2CC0000400C /* ColorWidget.cpp in Sources */,
				2CB332FA1D42B2CC0000400C /* Window.cpp in Sources */,
				2CB332EC1D42B2CC0000400C /* Widget.cpp in Sources */,
				2CB332D51D42B2CC0000400C /* Image.cpp in Sources */,
				2CB332DB1D42B2CC0000400C /* Button.cpp in Sources */,
				2CB332D01D42B2CC0000400C /* PosShader.cpp in Sources */,
				2CB332DA1D42B2CC0000400C /* BlendWidget.cpp in Sources */,
				2CB332E01D42B2CC0000400C /* SimpleButton.cpp in Sources */,
				2CB332E31D42B2CC0000400C /* Frame.cpp in Sources */,
				2CB332E71D42B2CC0000400C /* ScrollArea.cpp in Sources */,
			);
			runOnlyForDeploymentPostprocessing = 0;
		};
		2C6512BC1C0A60F800D295F5 /* Sources */ = {
			isa = PBXSourcesBuildPhase;
			buildActionMask = 2147483647;
			files = (
			);
			runOnlyForDeploymentPostprocessing = 0;
		};
/* End PBXSourcesBuildPhase section */

/* Begin PBXTargetDependency section */
		2C6512C61C0A60F800D295F5 /* PBXTargetDependency */ = {
			isa = PBXTargetDependency;
			target = 2C6512931C0A60F700D295F5 /* morda_test */;
			targetProxy = 2C6512C51C0A60F800D295F5 /* PBXContainerItemProxy */;
		};
/* End PBXTargetDependency section */

/* Begin PBXVariantGroup section */
		2C6512A41C0A60F700D295F5 /* InfoPlist.strings */ = {
			isa = PBXVariantGroup;
			children = (
				2C6512A51C0A60F700D295F5 /* en */,
			);
			name = InfoPlist.strings;
			sourceTree = "<group>";
		};
/* End PBXVariantGroup section */

/* Begin XCBuildConfiguration section */
		2C6512CF1C0A60F800D295F5 /* Debug */ = {
			isa = XCBuildConfiguration;
			buildSettings = {
				ALWAYS_SEARCH_USER_PATHS = NO;
				CLANG_CXX_LANGUAGE_STANDARD = "gnu++0x";
				CLANG_CXX_LIBRARY = "libc++";
				CLANG_ENABLE_MODULES = YES;
				CLANG_ENABLE_OBJC_ARC = NO;
				CLANG_WARN_BOOL_CONVERSION = YES;
				CLANG_WARN_CONSTANT_CONVERSION = YES;
				CLANG_WARN_DIRECT_OBJC_ISA_USAGE = YES_ERROR;
				CLANG_WARN_EMPTY_BODY = YES;
				CLANG_WARN_ENUM_CONVERSION = YES;
				CLANG_WARN_INT_CONVERSION = YES;
				CLANG_WARN_OBJC_ROOT_CLASS = YES_ERROR;
				CLANG_WARN__DUPLICATE_METHOD_MATCH = YES;
				"CODE_SIGN_IDENTITY[sdk=iphoneos*]" = "iPhone Developer";
				COPY_PHASE_STRIP = NO;
				ENABLE_TESTABILITY = YES;
				GCC_C_LANGUAGE_STANDARD = gnu99;
				GCC_DYNAMIC_NO_PIC = NO;
				GCC_OPTIMIZATION_LEVEL = 0;
				GCC_PREPROCESSOR_DEFINITIONS = (
					"DEBUG=1",
					"$(inherited)",
				);
				GCC_SYMBOLS_PRIVATE_EXTERN = NO;
				GCC_WARN_64_TO_32_BIT_CONVERSION = YES;
				GCC_WARN_ABOUT_RETURN_TYPE = YES_ERROR;
				GCC_WARN_UNDECLARED_SELECTOR = YES;
				GCC_WARN_UNINITIALIZED_AUTOS = YES_AGGRESSIVE;
				GCC_WARN_UNUSED_FUNCTION = YES;
				GCC_WARN_UNUSED_VARIABLE = YES;
				IPHONEOS_DEPLOYMENT_TARGET = 7.1;
				ONLY_ACTIVE_ARCH = YES;
				SDKROOT = iphoneos;
				TARGETED_DEVICE_FAMILY = "1,2";
			};
			name = Debug;
		};
		2C6512D01C0A60F800D295F5 /* Release */ = {
			isa = XCBuildConfiguration;
			buildSettings = {
				ALWAYS_SEARCH_USER_PATHS = NO;
				CLANG_CXX_LANGUAGE_STANDARD = "gnu++0x";
				CLANG_CXX_LIBRARY = "libc++";
				CLANG_ENABLE_MODULES = YES;
				CLANG_ENABLE_OBJC_ARC = NO;
				CLANG_WARN_BOOL_CONVERSION = YES;
				CLANG_WARN_CONSTANT_CONVERSION = YES;
				CLANG_WARN_DIRECT_OBJC_ISA_USAGE = YES_ERROR;
				CLANG_WARN_EMPTY_BODY = YES;
				CLANG_WARN_ENUM_CONVERSION = YES;
				CLANG_WARN_INT_CONVERSION = YES;
				CLANG_WARN_OBJC_ROOT_CLASS = YES_ERROR;
				CLANG_WARN__DUPLICATE_METHOD_MATCH = YES;
				"CODE_SIGN_IDENTITY[sdk=iphoneos*]" = "iPhone Developer";
				COPY_PHASE_STRIP = YES;
				ENABLE_NS_ASSERTIONS = NO;
				GCC_C_LANGUAGE_STANDARD = gnu99;
				GCC_WARN_64_TO_32_BIT_CONVERSION = YES;
				GCC_WARN_ABOUT_RETURN_TYPE = YES_ERROR;
				GCC_WARN_UNDECLARED_SELECTOR = YES;
				GCC_WARN_UNINITIALIZED_AUTOS = YES_AGGRESSIVE;
				GCC_WARN_UNUSED_FUNCTION = YES;
				GCC_WARN_UNUSED_VARIABLE = YES;
				IPHONEOS_DEPLOYMENT_TARGET = 7.1;
				SDKROOT = iphoneos;
				TARGETED_DEVICE_FAMILY = "1,2";
				VALIDATE_PRODUCT = YES;
			};
			name = Release;
		};
		2C6512D21C0A60F800D295F5 /* Debug */ = {
			isa = XCBuildConfiguration;
			baseConfigurationReference = BD9938C87FEF8F2061DB3891 /* Pods-morda_test.debug.xcconfig */;
			buildSettings = {
				ASSETCATALOG_COMPILER_APPICON_NAME = AppIcon;
				ASSETCATALOG_COMPILER_LAUNCHIMAGE_NAME = LaunchImage;
				CLANG_ENABLE_OBJC_ARC = NO;
				GCC_PRECOMPILE_PREFIX_HEADER = YES;
				GCC_PREFIX_HEADER = "morda_test/morda_test-Prefix.pch";
				INFOPLIST_FILE = "morda_test/morda_test-Info.plist";
				PRODUCT_BUNDLE_IDENTIFIER = "org.igagis.${PRODUCT_NAME:rfc1034identifier}";
				PRODUCT_NAME = "$(TARGET_NAME)";
				WRAPPER_EXTENSION = app;
			};
			name = Debug;
		};
		2C6512D31C0A60F800D295F5 /* Release */ = {
			isa = XCBuildConfiguration;
			baseConfigurationReference = 0874090BE77D2F5551D0E2EB /* Pods-morda_test.release.xcconfig */;
			buildSettings = {
				ASSETCATALOG_COMPILER_APPICON_NAME = AppIcon;
				ASSETCATALOG_COMPILER_LAUNCHIMAGE_NAME = LaunchImage;
				CLANG_ENABLE_OBJC_ARC = NO;
				GCC_PRECOMPILE_PREFIX_HEADER = YES;
				GCC_PREFIX_HEADER = "morda_test/morda_test-Prefix.pch";
				INFOPLIST_FILE = "morda_test/morda_test-Info.plist";
				PRODUCT_BUNDLE_IDENTIFIER = "org.igagis.${PRODUCT_NAME:rfc1034identifier}";
				PRODUCT_NAME = "$(TARGET_NAME)";
				WRAPPER_EXTENSION = app;
			};
			name = Release;
		};
		2C6512D51C0A60F800D295F5 /* Debug */ = {
			isa = XCBuildConfiguration;
			buildSettings = {
				BUNDLE_LOADER = "$(BUILT_PRODUCTS_DIR)/morda_test.app/morda_test";
				FRAMEWORK_SEARCH_PATHS = (
					"$(SDKROOT)/Developer/Library/Frameworks",
					"$(inherited)",
					"$(DEVELOPER_FRAMEWORKS_DIR)",
				);
				GCC_PRECOMPILE_PREFIX_HEADER = YES;
				GCC_PREFIX_HEADER = "morda_test/morda_test-Prefix.pch";
				GCC_PREPROCESSOR_DEFINITIONS = (
					"DEBUG=1",
					"$(inherited)",
				);
				INFOPLIST_FILE = "morda_testTests/morda_testTests-Info.plist";
				PRODUCT_NAME = "$(TARGET_NAME)";
				TEST_HOST = "$(BUNDLE_LOADER)";
				WRAPPER_EXTENSION = xctest;
			};
			name = Debug;
		};
		2C6512D61C0A60F800D295F5 /* Release */ = {
			isa = XCBuildConfiguration;
			buildSettings = {
				BUNDLE_LOADER = "$(BUILT_PRODUCTS_DIR)/morda_test.app/morda_test";
				FRAMEWORK_SEARCH_PATHS = (
					"$(SDKROOT)/Developer/Library/Frameworks",
					"$(inherited)",
					"$(DEVELOPER_FRAMEWORKS_DIR)",
				);
				GCC_PRECOMPILE_PREFIX_HEADER = YES;
				GCC_PREFIX_HEADER = "morda_test/morda_test-Prefix.pch";
				INFOPLIST_FILE = "morda_testTests/morda_testTests-Info.plist";
				PRODUCT_NAME = "$(TARGET_NAME)";
				TEST_HOST = "$(BUNDLE_LOADER)";
				WRAPPER_EXTENSION = xctest;
			};
			name = Release;
		};
/* End XCBuildConfiguration section */

/* Begin XCConfigurationList section */
		2C65128F1C0A60F700D295F5 /* Build configuration list for PBXProject "morda_test" */ = {
			isa = XCConfigurationList;
			buildConfigurations = (
				2C6512CF1C0A60F800D295F5 /* Debug */,
				2C6512D01C0A60F800D295F5 /* Release */,
			);
			defaultConfigurationIsVisible = 0;
			defaultConfigurationName = Release;
		};
		2C6512D11C0A60F800D295F5 /* Build configuration list for PBXNativeTarget "morda_test" */ = {
			isa = XCConfigurationList;
			buildConfigurations = (
				2C6512D21C0A60F800D295F5 /* Debug */,
				2C6512D31C0A60F800D295F5 /* Release */,
			);
			defaultConfigurationIsVisible = 0;
			defaultConfigurationName = Release;
		};
		2C6512D41C0A60F800D295F5 /* Build configuration list for PBXNativeTarget "morda_testTests" */ = {
			isa = XCConfigurationList;
			buildConfigurations = (
				2C6512D51C0A60F800D295F5 /* Debug */,
				2C6512D61C0A60F800D295F5 /* Release */,
			);
			defaultConfigurationIsVisible = 0;
			defaultConfigurationName = Release;
		};
/* End XCConfigurationList section */
	};
	rootObject = 2C65128C1C0A60F700D295F5 /* Project object */;
}
